
Microsoft Visual Studio Solution File, Format Version 12.00
# Visual Studio 2012
Project("{262852C6-CD72-467D-83FE-5EEB1973A190}") = "GettingStarted", "GettingStarted\GettingStarted.jsproj", "{490E9C80-7A49-48CC-BF4F-E52FA8725CF1}"
EndProject
Project("{262852C6-CD72-467D-83FE-5EEB1973A190}") = "CategoricalCharts", "CategoricalCharts\CategoricalCharts.jsproj", "{E8B7AFF7-2D26-4D7E-A0C4-DD0AB9701F39}"
EndProject
Project("{262852C6-CD72-467D-83FE-5EEB1973A190}") = "RadialCharts", "RadialCharts\RadialCharts.jsproj", "{4B799059-7D5D-4B15-B1FF-58813C6089CE}"
EndProject
Project("{262852C6-CD72-467D-83FE-5EEB1973A190}") = "XyCharts", "XyCharts\XyCharts.jsproj", "{7B0FA377-9E1E-4AB4-8190-8A18202D3B6E}"
EndProject
Project("{262852C6-CD72-467D-83FE-5EEB1973A190}") = "FinancialCharts", "FinancialCharts\FinancialCharts.jsproj", "{CC88E0E4-C0BB-4ED5-A23F-42F107CEFF2E}"
EndProject
Project("{262852C6-CD72-467D-83FE-5EEB1973A190}") = "MultipleAxes", "MultipleAxes\MultipleAxes.jsproj", "{51950BF9-11A1-46B4-B8BF-135CF6500355}"
EndProject
Project("{262852C6-CD72-467D-83FE-5EEB1973A190}") = "PlotBands", "PlotBands\PlotBands.jsproj", "{AE7FF863-1C42-4A9F-B0CC-405429A8F55F}"
EndProject
Project("{262852C6-CD72-467D-83FE-5EEB1973A190}") = "ChartLegend", "ChartLegend\ChartLegend.jsproj", "{AFEC8058-E312-433A-B0D9-314EAD697BBA}"
EndProject
Project("{262852C6-CD72-467D-83FE-5EEB1973A190}") = "ChartTooltips", "ChartTooltips\ChartTooltips.jsproj", "{74B4CD96-E86A-4A48-9E7D-6147F56BFBCB}"
EndProject
Project("{262852C6-CD72-467D-83FE-5EEB1973A190}") = "StackingSeries", "StackingSeries\StackingSeries.jsproj", "{FF7C6615-EA4A-489D-87D2-56E2C2DFFE86}"
EndProject
Project("{262852C6-CD72-467D-83FE-5EEB1973A190}") = "DrilldownChart", "DrilldownChart\DrilldownChart.jsproj", "{7F6DFBB3-05C3-4C62-B33B-C6CA1D2FFF00}"
EndProject
Project("{262852C6-CD72-467D-83FE-5EEB1973A190}") = "ChangingSeriesTypeDynamically", "ChangingSeriesTypeDynamically\ChangingSeriesTypeDynamically.jsproj", "{D7B0C306-3937-474D-A6D7-F5505BE3A2A2}"
EndProject
Project("{262852C6-CD72-467D-83FE-5EEB1973A190}") = "DisplayingTotalSumOfSeriesInAStack", "DisplayingTotalSumOfSeriesInAStack\DisplayingTotalSumOfSeriesInAStack.jsproj", "{9468C9A8-9D2F-43D6-9702-3CCCD1E55932}"
EndProject
Project("{262852C6-CD72-467D-83FE-5EEB1973A190}") = "ExplodingPieChartOnSeriesClick", "ExplodingPieChartOnSeriesClick\ExplodingPieChartOnSeriesClick.jsproj", "{A4422B1B-0053-43B9-B4D0-41B8E5EB6032}"
EndProject
Project("{262852C6-CD72-467D-83FE-5EEB1973A190}") = "ChartBulletSeries", "ChartBulletSeries\ChartBulletSeries.jsproj", "{BB0ED4A5-9B9B-4FA3-B08B-8AE83B2666BB}"
EndProject
Project("{262852C6-CD72-467D-83FE-5EEB1973A190}") = "CreateBulletGraph", "CreateBulletGraph\CreateBulletGraph.jsproj", "{AD312573-E97B-405E-8D73-EA448EAB81A7}"
EndProject
Project("{262852C6-CD72-467D-83FE-5EEB1973A190}") = "PopulateGridOnBarSelect", "PopulateGridOnBarSelect\PopulateGridOnBarSelect.jsproj", "{AC094750-8E00-4765-A322-CAE98928CE49}"
EndProject
Project("{262852C6-CD72-467D-83FE-5EEB1973A190}") = "ChartCrosshair", "ChartCrosshair\ChartCrosshair.jsproj", "{DD722FE1-9BE3-4E39-9FC6-9812284B2ED6}"
EndProject
Project("{262852C6-CD72-467D-83FE-5EEB1973A190}") = "CustomizingChartAppearance", "CustomizingChartAppearance\CustomizingChartAppearance.jsproj", "{1C0127C7-0C25-49F6-9B45-FFB060DD1ACB}"
EndProject
Global
	GlobalSection(SolutionConfigurationPlatforms) = preSolution
		Debug|Any CPU = Debug|Any CPU
		Debug|ARM = Debug|ARM
		Debug|x64 = Debug|x64
		Debug|x86 = Debug|x86
		Release|Any CPU = Release|Any CPU
		Release|ARM = Release|ARM
		Release|x64 = Release|x64
		Release|x86 = Release|x86
	EndGlobalSection
	GlobalSection(ProjectConfigurationPlatforms) = postSolution
		{490E9C80-7A49-48CC-BF4F-E52FA8725CF1}.Debug|Any CPU.ActiveCfg = Debug|Any CPU
		{490E9C80-7A49-48CC-BF4F-E52FA8725CF1}.Debug|Any CPU.Build.0 = Debug|Any CPU
		{490E9C80-7A49-48CC-BF4F-E52FA8725CF1}.Debug|Any CPU.Deploy.0 = Debug|Any CPU
		{490E9C80-7A49-48CC-BF4F-E52FA8725CF1}.Debug|ARM.ActiveCfg = Debug|ARM
		{490E9C80-7A49-48CC-BF4F-E52FA8725CF1}.Debug|ARM.Build.0 = Debug|ARM
		{490E9C80-7A49-48CC-BF4F-E52FA8725CF1}.Debug|ARM.Deploy.0 = Debug|ARM
		{490E9C80-7A49-48CC-BF4F-E52FA8725CF1}.Debug|x64.ActiveCfg = Debug|x64
		{490E9C80-7A49-48CC-BF4F-E52FA8725CF1}.Debug|x64.Build.0 = Debug|x64
		{490E9C80-7A49-48CC-BF4F-E52FA8725CF1}.Debug|x64.Deploy.0 = Debug|x64
		{490E9C80-7A49-48CC-BF4F-E52FA8725CF1}.Debug|x86.ActiveCfg = Debug|x86
		{490E9C80-7A49-48CC-BF4F-E52FA8725CF1}.Debug|x86.Build.0 = Debug|x86
		{490E9C80-7A49-48CC-BF4F-E52FA8725CF1}.Debug|x86.Deploy.0 = Debug|x86
		{490E9C80-7A49-48CC-BF4F-E52FA8725CF1}.Release|Any CPU.ActiveCfg = Release|Any CPU
		{490E9C80-7A49-48CC-BF4F-E52FA8725CF1}.Release|Any CPU.Build.0 = Release|Any CPU
		{490E9C80-7A49-48CC-BF4F-E52FA8725CF1}.Release|Any CPU.Deploy.0 = Release|Any CPU
		{490E9C80-7A49-48CC-BF4F-E52FA8725CF1}.Release|ARM.ActiveCfg = Release|ARM
		{490E9C80-7A49-48CC-BF4F-E52FA8725CF1}.Release|ARM.Build.0 = Release|ARM
		{490E9C80-7A49-48CC-BF4F-E52FA8725CF1}.Release|ARM.Deploy.0 = Release|ARM
		{490E9C80-7A49-48CC-BF4F-E52FA8725CF1}.Release|x64.ActiveCfg = Release|x64
		{490E9C80-7A49-48CC-BF4F-E52FA8725CF1}.Release|x64.Build.0 = Release|x64
		{490E9C80-7A49-48CC-BF4F-E52FA8725CF1}.Release|x64.Deploy.0 = Release|x64
		{490E9C80-7A49-48CC-BF4F-E52FA8725CF1}.Release|x86.ActiveCfg = Release|x86
		{490E9C80-7A49-48CC-BF4F-E52FA8725CF1}.Release|x86.Build.0 = Release|x86
		{490E9C80-7A49-48CC-BF4F-E52FA8725CF1}.Release|x86.Deploy.0 = Release|x86
		{E8B7AFF7-2D26-4D7E-A0C4-DD0AB9701F39}.Debug|Any CPU.ActiveCfg = Debug|Any CPU
		{E8B7AFF7-2D26-4D7E-A0C4-DD0AB9701F39}.Debug|Any CPU.Build.0 = Debug|Any CPU
		{E8B7AFF7-2D26-4D7E-A0C4-DD0AB9701F39}.Debug|Any CPU.Deploy.0 = Debug|Any CPU
		{E8B7AFF7-2D26-4D7E-A0C4-DD0AB9701F39}.Debug|ARM.ActiveCfg = Debug|ARM
		{E8B7AFF7-2D26-4D7E-A0C4-DD0AB9701F39}.Debug|ARM.Build.0 = Debug|ARM
		{E8B7AFF7-2D26-4D7E-A0C4-DD0AB9701F39}.Debug|ARM.Deploy.0 = Debug|ARM
		{E8B7AFF7-2D26-4D7E-A0C4-DD0AB9701F39}.Debug|x64.ActiveCfg = Debug|x64
		{E8B7AFF7-2D26-4D7E-A0C4-DD0AB9701F39}.Debug|x64.Build.0 = Debug|x64
		{E8B7AFF7-2D26-4D7E-A0C4-DD0AB9701F39}.Debug|x64.Deploy.0 = Debug|x64
		{E8B7AFF7-2D26-4D7E-A0C4-DD0AB9701F39}.Debug|x86.ActiveCfg = Debug|x86
		{E8B7AFF7-2D26-4D7E-A0C4-DD0AB9701F39}.Debug|x86.Build.0 = Debug|x86
		{E8B7AFF7-2D26-4D7E-A0C4-DD0AB9701F39}.Debug|x86.Deploy.0 = Debug|x86
		{E8B7AFF7-2D26-4D7E-A0C4-DD0AB9701F39}.Release|Any CPU.ActiveCfg = Release|Any CPU
		{E8B7AFF7-2D26-4D7E-A0C4-DD0AB9701F39}.Release|Any CPU.Build.0 = Release|Any CPU
		{E8B7AFF7-2D26-4D7E-A0C4-DD0AB9701F39}.Release|Any CPU.Deploy.0 = Release|Any CPU
		{E8B7AFF7-2D26-4D7E-A0C4-DD0AB9701F39}.Release|ARM.ActiveCfg = Release|ARM
		{E8B7AFF7-2D26-4D7E-A0C4-DD0AB9701F39}.Release|ARM.Build.0 = Release|ARM
		{E8B7AFF7-2D26-4D7E-A0C4-DD0AB9701F39}.Release|ARM.Deploy.0 = Release|ARM
		{E8B7AFF7-2D26-4D7E-A0C4-DD0AB9701F39}.Release|x64.ActiveCfg = Release|x64
		{E8B7AFF7-2D26-4D7E-A0C4-DD0AB9701F39}.Release|x64.Build.0 = Release|x64
		{E8B7AFF7-2D26-4D7E-A0C4-DD0AB9701F39}.Release|x64.Deploy.0 = Release|x64
		{E8B7AFF7-2D26-4D7E-A0C4-DD0AB9701F39}.Release|x86.ActiveCfg = Release|x86
		{E8B7AFF7-2D26-4D7E-A0C4-DD0AB9701F39}.Release|x86.Build.0 = Release|x86
		{E8B7AFF7-2D26-4D7E-A0C4-DD0AB9701F39}.Release|x86.Deploy.0 = Release|x86
		{4B799059-7D5D-4B15-B1FF-58813C6089CE}.Debug|Any CPU.ActiveCfg = Debug|Any CPU
		{4B799059-7D5D-4B15-B1FF-58813C6089CE}.Debug|Any CPU.Build.0 = Debug|Any CPU
		{4B799059-7D5D-4B15-B1FF-58813C6089CE}.Debug|Any CPU.Deploy.0 = Debug|Any CPU
		{4B799059-7D5D-4B15-B1FF-58813C6089CE}.Debug|ARM.ActiveCfg = Debug|ARM
		{4B799059-7D5D-4B15-B1FF-58813C6089CE}.Debug|ARM.Build.0 = Debug|ARM
		{4B799059-7D5D-4B15-B1FF-58813C6089CE}.Debug|ARM.Deploy.0 = Debug|ARM
		{4B799059-7D5D-4B15-B1FF-58813C6089CE}.Debug|x64.ActiveCfg = Debug|x64
		{4B799059-7D5D-4B15-B1FF-58813C6089CE}.Debug|x64.Build.0 = Debug|x64
		{4B799059-7D5D-4B15-B1FF-58813C6089CE}.Debug|x64.Deploy.0 = Debug|x64
		{4B799059-7D5D-4B15-B1FF-58813C6089CE}.Debug|x86.ActiveCfg = Debug|x86
		{4B799059-7D5D-4B15-B1FF-58813C6089CE}.Debug|x86.Build.0 = Debug|x86
		{4B799059-7D5D-4B15-B1FF-58813C6089CE}.Debug|x86.Deploy.0 = Debug|x86
		{4B799059-7D5D-4B15-B1FF-58813C6089CE}.Release|Any CPU.ActiveCfg = Release|Any CPU
		{4B799059-7D5D-4B15-B1FF-58813C6089CE}.Release|Any CPU.Build.0 = Release|Any CPU
		{4B799059-7D5D-4B15-B1FF-58813C6089CE}.Release|Any CPU.Deploy.0 = Release|Any CPU
		{4B799059-7D5D-4B15-B1FF-58813C6089CE}.Release|ARM.ActiveCfg = Release|ARM
		{4B799059-7D5D-4B15-B1FF-58813C6089CE}.Release|ARM.Build.0 = Release|ARM
		{4B799059-7D5D-4B15-B1FF-58813C6089CE}.Release|ARM.Deploy.0 = Release|ARM
		{4B799059-7D5D-4B15-B1FF-58813C6089CE}.Release|x64.ActiveCfg = Release|x64
		{4B799059-7D5D-4B15-B1FF-58813C6089CE}.Release|x64.Build.0 = Release|x64
		{4B799059-7D5D-4B15-B1FF-58813C6089CE}.Release|x64.Deploy.0 = Release|x64
		{4B799059-7D5D-4B15-B1FF-58813C6089CE}.Release|x86.ActiveCfg = Release|x86
		{4B799059-7D5D-4B15-B1FF-58813C6089CE}.Release|x86.Build.0 = Release|x86
		{4B799059-7D5D-4B15-B1FF-58813C6089CE}.Release|x86.Deploy.0 = Release|x86
		{7B0FA377-9E1E-4AB4-8190-8A18202D3B6E}.Debug|Any CPU.ActiveCfg = Debug|Any CPU
		{7B0FA377-9E1E-4AB4-8190-8A18202D3B6E}.Debug|Any CPU.Build.0 = Debug|Any CPU
		{7B0FA377-9E1E-4AB4-8190-8A18202D3B6E}.Debug|Any CPU.Deploy.0 = Debug|Any CPU
		{7B0FA377-9E1E-4AB4-8190-8A18202D3B6E}.Debug|ARM.ActiveCfg = Debug|ARM
		{7B0FA377-9E1E-4AB4-8190-8A18202D3B6E}.Debug|ARM.Build.0 = Debug|ARM
		{7B0FA377-9E1E-4AB4-8190-8A18202D3B6E}.Debug|ARM.Deploy.0 = Debug|ARM
		{7B0FA377-9E1E-4AB4-8190-8A18202D3B6E}.Debug|x64.ActiveCfg = Debug|x64
		{7B0FA377-9E1E-4AB4-8190-8A18202D3B6E}.Debug|x64.Build.0 = Debug|x64
		{7B0FA377-9E1E-4AB4-8190-8A18202D3B6E}.Debug|x64.Deploy.0 = Debug|x64
		{7B0FA377-9E1E-4AB4-8190-8A18202D3B6E}.Debug|x86.ActiveCfg = Debug|x86
		{7B0FA377-9E1E-4AB4-8190-8A18202D3B6E}.Debug|x86.Build.0 = Debug|x86
		{7B0FA377-9E1E-4AB4-8190-8A18202D3B6E}.Debug|x86.Deploy.0 = Debug|x86
		{7B0FA377-9E1E-4AB4-8190-8A18202D3B6E}.Release|Any CPU.ActiveCfg = Release|Any CPU
		{7B0FA377-9E1E-4AB4-8190-8A18202D3B6E}.Release|Any CPU.Build.0 = Release|Any CPU
		{7B0FA377-9E1E-4AB4-8190-8A18202D3B6E}.Release|Any CPU.Deploy.0 = Release|Any CPU
		{7B0FA377-9E1E-4AB4-8190-8A18202D3B6E}.Release|ARM.ActiveCfg = Release|ARM
		{7B0FA377-9E1E-4AB4-8190-8A18202D3B6E}.Release|ARM.Build.0 = Release|ARM
		{7B0FA377-9E1E-4AB4-8190-8A18202D3B6E}.Release|ARM.Deploy.0 = Release|ARM
		{7B0FA377-9E1E-4AB4-8190-8A18202D3B6E}.Release|x64.ActiveCfg = Release|x64
		{7B0FA377-9E1E-4AB4-8190-8A18202D3B6E}.Release|x64.Build.0 = Release|x64
		{7B0FA377-9E1E-4AB4-8190-8A18202D3B6E}.Release|x64.Deploy.0 = Release|x64
		{7B0FA377-9E1E-4AB4-8190-8A18202D3B6E}.Release|x86.ActiveCfg = Release|x86
		{7B0FA377-9E1E-4AB4-8190-8A18202D3B6E}.Release|x86.Build.0 = Release|x86
		{7B0FA377-9E1E-4AB4-8190-8A18202D3B6E}.Release|x86.Deploy.0 = Release|x86
		{CC88E0E4-C0BB-4ED5-A23F-42F107CEFF2E}.Debug|Any CPU.ActiveCfg = Debug|Any CPU
		{CC88E0E4-C0BB-4ED5-A23F-42F107CEFF2E}.Debug|Any CPU.Build.0 = Debug|Any CPU
		{CC88E0E4-C0BB-4ED5-A23F-42F107CEFF2E}.Debug|Any CPU.Deploy.0 = Debug|Any CPU
		{CC88E0E4-C0BB-4ED5-A23F-42F107CEFF2E}.Debug|ARM.ActiveCfg = Debug|ARM
		{CC88E0E4-C0BB-4ED5-A23F-42F107CEFF2E}.Debug|ARM.Build.0 = Debug|ARM
		{CC88E0E4-C0BB-4ED5-A23F-42F107CEFF2E}.Debug|ARM.Deploy.0 = Debug|ARM
		{CC88E0E4-C0BB-4ED5-A23F-42F107CEFF2E}.Debug|x64.ActiveCfg = Debug|x64
		{CC88E0E4-C0BB-4ED5-A23F-42F107CEFF2E}.Debug|x64.Build.0 = Debug|x64
		{CC88E0E4-C0BB-4ED5-A23F-42F107CEFF2E}.Debug|x64.Deploy.0 = Debug|x64
		{CC88E0E4-C0BB-4ED5-A23F-42F107CEFF2E}.Debug|x86.ActiveCfg = Debug|x86
		{CC88E0E4-C0BB-4ED5-A23F-42F107CEFF2E}.Debug|x86.Build.0 = Debug|x86
		{CC88E0E4-C0BB-4ED5-A23F-42F107CEFF2E}.Debug|x86.Deploy.0 = Debug|x86
		{CC88E0E4-C0BB-4ED5-A23F-42F107CEFF2E}.Release|Any CPU.ActiveCfg = Release|Any CPU
		{CC88E0E4-C0BB-4ED5-A23F-42F107CEFF2E}.Release|Any CPU.Build.0 = Release|Any CPU
		{CC88E0E4-C0BB-4ED5-A23F-42F107CEFF2E}.Release|Any CPU.Deploy.0 = Release|Any CPU
		{CC88E0E4-C0BB-4ED5-A23F-42F107CEFF2E}.Release|ARM.ActiveCfg = Release|ARM
		{CC88E0E4-C0BB-4ED5-A23F-42F107CEFF2E}.Release|ARM.Build.0 = Release|ARM
		{CC88E0E4-C0BB-4ED5-A23F-42F107CEFF2E}.Release|ARM.Deploy.0 = Release|ARM
		{CC88E0E4-C0BB-4ED5-A23F-42F107CEFF2E}.Release|x64.ActiveCfg = Release|x64
		{CC88E0E4-C0BB-4ED5-A23F-42F107CEFF2E}.Release|x64.Build.0 = Release|x64
		{CC88E0E4-C0BB-4ED5-A23F-42F107CEFF2E}.Release|x64.Deploy.0 = Release|x64
		{CC88E0E4-C0BB-4ED5-A23F-42F107CEFF2E}.Release|x86.ActiveCfg = Release|x86
		{CC88E0E4-C0BB-4ED5-A23F-42F107CEFF2E}.Release|x86.Build.0 = Release|x86
		{CC88E0E4-C0BB-4ED5-A23F-42F107CEFF2E}.Release|x86.Deploy.0 = Release|x86
		{51950BF9-11A1-46B4-B8BF-135CF6500355}.Debug|Any CPU.ActiveCfg = Debug|Any CPU
		{51950BF9-11A1-46B4-B8BF-135CF6500355}.Debug|Any CPU.Build.0 = Debug|Any CPU
		{51950BF9-11A1-46B4-B8BF-135CF6500355}.Debug|Any CPU.Deploy.0 = Debug|Any CPU
		{51950BF9-11A1-46B4-B8BF-135CF6500355}.Debug|ARM.ActiveCfg = Debug|ARM
		{51950BF9-11A1-46B4-B8BF-135CF6500355}.Debug|ARM.Build.0 = Debug|ARM
		{51950BF9-11A1-46B4-B8BF-135CF6500355}.Debug|ARM.Deploy.0 = Debug|ARM
		{51950BF9-11A1-46B4-B8BF-135CF6500355}.Debug|x64.ActiveCfg = Debug|x64
		{51950BF9-11A1-46B4-B8BF-135CF6500355}.Debug|x64.Build.0 = Debug|x64
		{51950BF9-11A1-46B4-B8BF-135CF6500355}.Debug|x64.Deploy.0 = Debug|x64
		{51950BF9-11A1-46B4-B8BF-135CF6500355}.Debug|x86.ActiveCfg = Debug|x86
		{51950BF9-11A1-46B4-B8BF-135CF6500355}.Debug|x86.Build.0 = Debug|x86
		{51950BF9-11A1-46B4-B8BF-135CF6500355}.Debug|x86.Deploy.0 = Debug|x86
		{51950BF9-11A1-46B4-B8BF-135CF6500355}.Release|Any CPU.ActiveCfg = Release|Any CPU
		{51950BF9-11A1-46B4-B8BF-135CF6500355}.Release|Any CPU.Build.0 = Release|Any CPU
		{51950BF9-11A1-46B4-B8BF-135CF6500355}.Release|Any CPU.Deploy.0 = Release|Any CPU
		{51950BF9-11A1-46B4-B8BF-135CF6500355}.Release|ARM.ActiveCfg = Release|ARM
		{51950BF9-11A1-46B4-B8BF-135CF6500355}.Release|ARM.Build.0 = Release|ARM
		{51950BF9-11A1-46B4-B8BF-135CF6500355}.Release|ARM.Deploy.0 = Release|ARM
		{51950BF9-11A1-46B4-B8BF-135CF6500355}.Release|x64.ActiveCfg = Release|x64
		{51950BF9-11A1-46B4-B8BF-135CF6500355}.Release|x64.Build.0 = Release|x64
		{51950BF9-11A1-46B4-B8BF-135CF6500355}.Release|x64.Deploy.0 = Release|x64
		{51950BF9-11A1-46B4-B8BF-135CF6500355}.Release|x86.ActiveCfg = Release|x86
		{51950BF9-11A1-46B4-B8BF-135CF6500355}.Release|x86.Build.0 = Release|x86
		{51950BF9-11A1-46B4-B8BF-135CF6500355}.Release|x86.Deploy.0 = Release|x86
		{AE7FF863-1C42-4A9F-B0CC-405429A8F55F}.Debug|Any CPU.ActiveCfg = Debug|Any CPU
		{AE7FF863-1C42-4A9F-B0CC-405429A8F55F}.Debug|Any CPU.Build.0 = Debug|Any CPU
		{AE7FF863-1C42-4A9F-B0CC-405429A8F55F}.Debug|Any CPU.Deploy.0 = Debug|Any CPU
		{AE7FF863-1C42-4A9F-B0CC-405429A8F55F}.Debug|ARM.ActiveCfg = Debug|ARM
		{AE7FF863-1C42-4A9F-B0CC-405429A8F55F}.Debug|ARM.Build.0 = Debug|ARM
		{AE7FF863-1C42-4A9F-B0CC-405429A8F55F}.Debug|ARM.Deploy.0 = Debug|ARM
		{AE7FF863-1C42-4A9F-B0CC-405429A8F55F}.Debug|x64.ActiveCfg = Debug|x64
		{AE7FF863-1C42-4A9F-B0CC-405429A8F55F}.Debug|x64.Build.0 = Debug|x64
		{AE7FF863-1C42-4A9F-B0CC-405429A8F55F}.Debug|x64.Deploy.0 = Debug|x64
		{AE7FF863-1C42-4A9F-B0CC-405429A8F55F}.Debug|x86.ActiveCfg = Debug|x86
		{AE7FF863-1C42-4A9F-B0CC-405429A8F55F}.Debug|x86.Build.0 = Debug|x86
		{AE7FF863-1C42-4A9F-B0CC-405429A8F55F}.Debug|x86.Deploy.0 = Debug|x86
		{AE7FF863-1C42-4A9F-B0CC-405429A8F55F}.Release|Any CPU.ActiveCfg = Release|Any CPU
		{AE7FF863-1C42-4A9F-B0CC-405429A8F55F}.Release|Any CPU.Build.0 = Release|Any CPU
		{AE7FF863-1C42-4A9F-B0CC-405429A8F55F}.Release|Any CPU.Deploy.0 = Release|Any CPU
		{AE7FF863-1C42-4A9F-B0CC-405429A8F55F}.Release|ARM.ActiveCfg = Release|ARM
		{AE7FF863-1C42-4A9F-B0CC-405429A8F55F}.Release|ARM.Build.0 = Release|ARM
		{AE7FF863-1C42-4A9F-B0CC-405429A8F55F}.Release|ARM.Deploy.0 = Release|ARM
		{AE7FF863-1C42-4A9F-B0CC-405429A8F55F}.Release|x64.ActiveCfg = Release|x64
		{AE7FF863-1C42-4A9F-B0CC-405429A8F55F}.Release|x64.Build.0 = Release|x64
		{AE7FF863-1C42-4A9F-B0CC-405429A8F55F}.Release|x64.Deploy.0 = Release|x64
		{AE7FF863-1C42-4A9F-B0CC-405429A8F55F}.Release|x86.ActiveCfg = Release|x86
		{AE7FF863-1C42-4A9F-B0CC-405429A8F55F}.Release|x86.Build.0 = Release|x86
		{AE7FF863-1C42-4A9F-B0CC-405429A8F55F}.Release|x86.Deploy.0 = Release|x86
		{AFEC8058-E312-433A-B0D9-314EAD697BBA}.Debug|Any CPU.ActiveCfg = Debug|Any CPU
		{AFEC8058-E312-433A-B0D9-314EAD697BBA}.Debug|Any CPU.Build.0 = Debug|Any CPU
		{AFEC8058-E312-433A-B0D9-314EAD697BBA}.Debug|Any CPU.Deploy.0 = Debug|Any CPU
		{AFEC8058-E312-433A-B0D9-314EAD697BBA}.Debug|ARM.ActiveCfg = Debug|ARM
		{AFEC8058-E312-433A-B0D9-314EAD697BBA}.Debug|ARM.Build.0 = Debug|ARM
		{AFEC8058-E312-433A-B0D9-314EAD697BBA}.Debug|ARM.Deploy.0 = Debug|ARM
		{AFEC8058-E312-433A-B0D9-314EAD697BBA}.Debug|x64.ActiveCfg = Debug|x64
		{AFEC8058-E312-433A-B0D9-314EAD697BBA}.Debug|x64.Build.0 = Debug|x64
		{AFEC8058-E312-433A-B0D9-314EAD697BBA}.Debug|x64.Deploy.0 = Debug|x64
		{AFEC8058-E312-433A-B0D9-314EAD697BBA}.Debug|x86.ActiveCfg = Debug|x86
		{AFEC8058-E312-433A-B0D9-314EAD697BBA}.Debug|x86.Build.0 = Debug|x86
		{AFEC8058-E312-433A-B0D9-314EAD697BBA}.Debug|x86.Deploy.0 = Debug|x86
		{AFEC8058-E312-433A-B0D9-314EAD697BBA}.Release|Any CPU.ActiveCfg = Release|Any CPU
		{AFEC8058-E312-433A-B0D9-314EAD697BBA}.Release|Any CPU.Build.0 = Release|Any CPU
		{AFEC8058-E312-433A-B0D9-314EAD697BBA}.Release|Any CPU.Deploy.0 = Release|Any CPU
		{AFEC8058-E312-433A-B0D9-314EAD697BBA}.Release|ARM.ActiveCfg = Release|ARM
		{AFEC8058-E312-433A-B0D9-314EAD697BBA}.Release|ARM.Build.0 = Release|ARM
		{AFEC8058-E312-433A-B0D9-314EAD697BBA}.Release|ARM.Deploy.0 = Release|ARM
		{AFEC8058-E312-433A-B0D9-314EAD697BBA}.Release|x64.ActiveCfg = Release|x64
		{AFEC8058-E312-433A-B0D9-314EAD697BBA}.Release|x64.Build.0 = Release|x64
		{AFEC8058-E312-433A-B0D9-314EAD697BBA}.Release|x64.Deploy.0 = Release|x64
		{AFEC8058-E312-433A-B0D9-314EAD697BBA}.Release|x86.ActiveCfg = Release|x86
		{AFEC8058-E312-433A-B0D9-314EAD697BBA}.Release|x86.Build.0 = Release|x86
		{AFEC8058-E312-433A-B0D9-314EAD697BBA}.Release|x86.Deploy.0 = Release|x86
		{74B4CD96-E86A-4A48-9E7D-6147F56BFBCB}.Debug|Any CPU.ActiveCfg = Debug|Any CPU
		{74B4CD96-E86A-4A48-9E7D-6147F56BFBCB}.Debug|Any CPU.Build.0 = Debug|Any CPU
		{74B4CD96-E86A-4A48-9E7D-6147F56BFBCB}.Debug|Any CPU.Deploy.0 = Debug|Any CPU
		{74B4CD96-E86A-4A48-9E7D-6147F56BFBCB}.Debug|ARM.ActiveCfg = Debug|ARM
		{74B4CD96-E86A-4A48-9E7D-6147F56BFBCB}.Debug|ARM.Build.0 = Debug|ARM
		{74B4CD96-E86A-4A48-9E7D-6147F56BFBCB}.Debug|ARM.Deploy.0 = Debug|ARM
		{74B4CD96-E86A-4A48-9E7D-6147F56BFBCB}.Debug|x64.ActiveCfg = Debug|x64
		{74B4CD96-E86A-4A48-9E7D-6147F56BFBCB}.Debug|x64.Build.0 = Debug|x64
		{74B4CD96-E86A-4A48-9E7D-6147F56BFBCB}.Debug|x64.Deploy.0 = Debug|x64
		{74B4CD96-E86A-4A48-9E7D-6147F56BFBCB}.Debug|x86.ActiveCfg = Debug|x86
		{74B4CD96-E86A-4A48-9E7D-6147F56BFBCB}.Debug|x86.Build.0 = Debug|x86
		{74B4CD96-E86A-4A48-9E7D-6147F56BFBCB}.Debug|x86.Deploy.0 = Debug|x86
		{74B4CD96-E86A-4A48-9E7D-6147F56BFBCB}.Release|Any CPU.ActiveCfg = Release|Any CPU
		{74B4CD96-E86A-4A48-9E7D-6147F56BFBCB}.Release|Any CPU.Build.0 = Release|Any CPU
		{74B4CD96-E86A-4A48-9E7D-6147F56BFBCB}.Release|Any CPU.Deploy.0 = Release|Any CPU
		{74B4CD96-E86A-4A48-9E7D-6147F56BFBCB}.Release|ARM.ActiveCfg = Release|ARM
		{74B4CD96-E86A-4A48-9E7D-6147F56BFBCB}.Release|ARM.Build.0 = Release|ARM
		{74B4CD96-E86A-4A48-9E7D-6147F56BFBCB}.Release|ARM.Deploy.0 = Release|ARM
		{74B4CD96-E86A-4A48-9E7D-6147F56BFBCB}.Release|x64.ActiveCfg = Release|x64
		{74B4CD96-E86A-4A48-9E7D-6147F56BFBCB}.Release|x64.Build.0 = Release|x64
		{74B4CD96-E86A-4A48-9E7D-6147F56BFBCB}.Release|x64.Deploy.0 = Release|x64
		{74B4CD96-E86A-4A48-9E7D-6147F56BFBCB}.Release|x86.ActiveCfg = Release|x86
		{74B4CD96-E86A-4A48-9E7D-6147F56BFBCB}.Release|x86.Build.0 = Release|x86
		{74B4CD96-E86A-4A48-9E7D-6147F56BFBCB}.Release|x86.Deploy.0 = Release|x86
		{FF7C6615-EA4A-489D-87D2-56E2C2DFFE86}.Debug|Any CPU.ActiveCfg = Debug|Any CPU
		{FF7C6615-EA4A-489D-87D2-56E2C2DFFE86}.Debug|Any CPU.Build.0 = Debug|Any CPU
		{FF7C6615-EA4A-489D-87D2-56E2C2DFFE86}.Debug|Any CPU.Deploy.0 = Debug|Any CPU
		{FF7C6615-EA4A-489D-87D2-56E2C2DFFE86}.Debug|ARM.ActiveCfg = Debug|ARM
		{FF7C6615-EA4A-489D-87D2-56E2C2DFFE86}.Debug|ARM.Build.0 = Debug|ARM
		{FF7C6615-EA4A-489D-87D2-56E2C2DFFE86}.Debug|ARM.Deploy.0 = Debug|ARM
		{FF7C6615-EA4A-489D-87D2-56E2C2DFFE86}.Debug|x64.ActiveCfg = Debug|x64
		{FF7C6615-EA4A-489D-87D2-56E2C2DFFE86}.Debug|x64.Build.0 = Debug|x64
		{FF7C6615-EA4A-489D-87D2-56E2C2DFFE86}.Debug|x64.Deploy.0 = Debug|x64
		{FF7C6615-EA4A-489D-87D2-56E2C2DFFE86}.Debug|x86.ActiveCfg = Debug|x86
		{FF7C6615-EA4A-489D-87D2-56E2C2DFFE86}.Debug|x86.Build.0 = Debug|x86
		{FF7C6615-EA4A-489D-87D2-56E2C2DFFE86}.Debug|x86.Deploy.0 = Debug|x86
		{FF7C6615-EA4A-489D-87D2-56E2C2DFFE86}.Release|Any CPU.ActiveCfg = Release|Any CPU
		{FF7C6615-EA4A-489D-87D2-56E2C2DFFE86}.Release|Any CPU.Build.0 = Release|Any CPU
		{FF7C6615-EA4A-489D-87D2-56E2C2DFFE86}.Release|Any CPU.Deploy.0 = Release|Any CPU
		{FF7C6615-EA4A-489D-87D2-56E2C2DFFE86}.Release|ARM.ActiveCfg = Release|ARM
		{FF7C6615-EA4A-489D-87D2-56E2C2DFFE86}.Release|ARM.Build.0 = Release|ARM
		{FF7C6615-EA4A-489D-87D2-56E2C2DFFE86}.Release|ARM.Deploy.0 = Release|ARM
		{FF7C6615-EA4A-489D-87D2-56E2C2DFFE86}.Release|x64.ActiveCfg = Release|x64
		{FF7C6615-EA4A-489D-87D2-56E2C2DFFE86}.Release|x64.Build.0 = Release|x64
		{FF7C6615-EA4A-489D-87D2-56E2C2DFFE86}.Release|x64.Deploy.0 = Release|x64
		{FF7C6615-EA4A-489D-87D2-56E2C2DFFE86}.Release|x86.ActiveCfg = Release|x86
		{FF7C6615-EA4A-489D-87D2-56E2C2DFFE86}.Release|x86.Build.0 = Release|x86
		{FF7C6615-EA4A-489D-87D2-56E2C2DFFE86}.Release|x86.Deploy.0 = Release|x86
		{7F6DFBB3-05C3-4C62-B33B-C6CA1D2FFF00}.Debug|Any CPU.ActiveCfg = Debug|Any CPU
		{7F6DFBB3-05C3-4C62-B33B-C6CA1D2FFF00}.Debug|Any CPU.Build.0 = Debug|Any CPU
		{7F6DFBB3-05C3-4C62-B33B-C6CA1D2FFF00}.Debug|Any CPU.Deploy.0 = Debug|Any CPU
		{7F6DFBB3-05C3-4C62-B33B-C6CA1D2FFF00}.Debug|ARM.ActiveCfg = Debug|ARM
		{7F6DFBB3-05C3-4C62-B33B-C6CA1D2FFF00}.Debug|ARM.Build.0 = Debug|ARM
		{7F6DFBB3-05C3-4C62-B33B-C6CA1D2FFF00}.Debug|ARM.Deploy.0 = Debug|ARM
		{7F6DFBB3-05C3-4C62-B33B-C6CA1D2FFF00}.Debug|x64.ActiveCfg = Debug|x64
		{7F6DFBB3-05C3-4C62-B33B-C6CA1D2FFF00}.Debug|x64.Build.0 = Debug|x64
		{7F6DFBB3-05C3-4C62-B33B-C6CA1D2FFF00}.Debug|x64.Deploy.0 = Debug|x64
		{7F6DFBB3-05C3-4C62-B33B-C6CA1D2FFF00}.Debug|x86.ActiveCfg = Debug|x86
		{7F6DFBB3-05C3-4C62-B33B-C6CA1D2FFF00}.Debug|x86.Build.0 = Debug|x86
		{7F6DFBB3-05C3-4C62-B33B-C6CA1D2FFF00}.Debug|x86.Deploy.0 = Debug|x86
		{7F6DFBB3-05C3-4C62-B33B-C6CA1D2FFF00}.Release|Any CPU.ActiveCfg = Release|Any CPU
		{7F6DFBB3-05C3-4C62-B33B-C6CA1D2FFF00}.Release|Any CPU.Build.0 = Release|Any CPU
		{7F6DFBB3-05C3-4C62-B33B-C6CA1D2FFF00}.Release|Any CPU.Deploy.0 = Release|Any CPU
		{7F6DFBB3-05C3-4C62-B33B-C6CA1D2FFF00}.Release|ARM.ActiveCfg = Release|ARM
		{7F6DFBB3-05C3-4C62-B33B-C6CA1D2FFF00}.Release|ARM.Build.0 = Release|ARM
		{7F6DFBB3-05C3-4C62-B33B-C6CA1D2FFF00}.Release|ARM.Deploy.0 = Release|ARM
		{7F6DFBB3-05C3-4C62-B33B-C6CA1D2FFF00}.Release|x64.ActiveCfg = Release|x64
		{7F6DFBB3-05C3-4C62-B33B-C6CA1D2FFF00}.Release|x64.Build.0 = Release|x64
		{7F6DFBB3-05C3-4C62-B33B-C6CA1D2FFF00}.Release|x64.Deploy.0 = Release|x64
		{7F6DFBB3-05C3-4C62-B33B-C6CA1D2FFF00}.Release|x86.ActiveCfg = Release|x86
		{7F6DFBB3-05C3-4C62-B33B-C6CA1D2FFF00}.Release|x86.Build.0 = Release|x86
		{7F6DFBB3-05C3-4C62-B33B-C6CA1D2FFF00}.Release|x86.Deploy.0 = Release|x86
		{D7B0C306-3937-474D-A6D7-F5505BE3A2A2}.Debug|Any CPU.ActiveCfg = Debug|Any CPU
		{D7B0C306-3937-474D-A6D7-F5505BE3A2A2}.Debug|Any CPU.Build.0 = Debug|Any CPU
		{D7B0C306-3937-474D-A6D7-F5505BE3A2A2}.Debug|Any CPU.Deploy.0 = Debug|Any CPU
		{D7B0C306-3937-474D-A6D7-F5505BE3A2A2}.Debug|ARM.ActiveCfg = Debug|ARM
		{D7B0C306-3937-474D-A6D7-F5505BE3A2A2}.Debug|ARM.Build.0 = Debug|ARM
		{D7B0C306-3937-474D-A6D7-F5505BE3A2A2}.Debug|ARM.Deploy.0 = Debug|ARM
		{D7B0C306-3937-474D-A6D7-F5505BE3A2A2}.Debug|x64.ActiveCfg = Debug|x64
		{D7B0C306-3937-474D-A6D7-F5505BE3A2A2}.Debug|x64.Build.0 = Debug|x64
		{D7B0C306-3937-474D-A6D7-F5505BE3A2A2}.Debug|x64.Deploy.0 = Debug|x64
		{D7B0C306-3937-474D-A6D7-F5505BE3A2A2}.Debug|x86.ActiveCfg = Debug|x86
		{D7B0C306-3937-474D-A6D7-F5505BE3A2A2}.Debug|x86.Build.0 = Debug|x86
		{D7B0C306-3937-474D-A6D7-F5505BE3A2A2}.Debug|x86.Deploy.0 = Debug|x86
		{D7B0C306-3937-474D-A6D7-F5505BE3A2A2}.Release|Any CPU.ActiveCfg = Release|Any CPU
		{D7B0C306-3937-474D-A6D7-F5505BE3A2A2}.Release|Any CPU.Build.0 = Release|Any CPU
		{D7B0C306-3937-474D-A6D7-F5505BE3A2A2}.Release|Any CPU.Deploy.0 = Release|Any CPU
		{D7B0C306-3937-474D-A6D7-F5505BE3A2A2}.Release|ARM.ActiveCfg = Release|ARM
		{D7B0C306-3937-474D-A6D7-F5505BE3A2A2}.Release|ARM.Build.0 = Release|ARM
		{D7B0C306-3937-474D-A6D7-F5505BE3A2A2}.Release|ARM.Deploy.0 = Release|ARM
		{D7B0C306-3937-474D-A6D7-F5505BE3A2A2}.Release|x64.ActiveCfg = Release|x64
		{D7B0C306-3937-474D-A6D7-F5505BE3A2A2}.Release|x64.Build.0 = Release|x64
		{D7B0C306-3937-474D-A6D7-F5505BE3A2A2}.Release|x64.Deploy.0 = Release|x64
		{D7B0C306-3937-474D-A6D7-F5505BE3A2A2}.Release|x86.ActiveCfg = Release|x86
		{D7B0C306-3937-474D-A6D7-F5505BE3A2A2}.Release|x86.Build.0 = Release|x86
		{D7B0C306-3937-474D-A6D7-F5505BE3A2A2}.Release|x86.Deploy.0 = Release|x86
		{9468C9A8-9D2F-43D6-9702-3CCCD1E55932}.Debug|Any CPU.ActiveCfg = Debug|Any CPU
		{9468C9A8-9D2F-43D6-9702-3CCCD1E55932}.Debug|Any CPU.Build.0 = Debug|Any CPU
		{9468C9A8-9D2F-43D6-9702-3CCCD1E55932}.Debug|Any CPU.Deploy.0 = Debug|Any CPU
		{9468C9A8-9D2F-43D6-9702-3CCCD1E55932}.Debug|ARM.ActiveCfg = Debug|ARM
		{9468C9A8-9D2F-43D6-9702-3CCCD1E55932}.Debug|ARM.Build.0 = Debug|ARM
		{9468C9A8-9D2F-43D6-9702-3CCCD1E55932}.Debug|ARM.Deploy.0 = Debug|ARM
		{9468C9A8-9D2F-43D6-9702-3CCCD1E55932}.Debug|x64.ActiveCfg = Debug|x64
		{9468C9A8-9D2F-43D6-9702-3CCCD1E55932}.Debug|x64.Build.0 = Debug|x64
		{9468C9A8-9D2F-43D6-9702-3CCCD1E55932}.Debug|x64.Deploy.0 = Debug|x64
		{9468C9A8-9D2F-43D6-9702-3CCCD1E55932}.Debug|x86.ActiveCfg = Debug|x86
		{9468C9A8-9D2F-43D6-9702-3CCCD1E55932}.Debug|x86.Build.0 = Debug|x86
		{9468C9A8-9D2F-43D6-9702-3CCCD1E55932}.Debug|x86.Deploy.0 = Debug|x86
		{9468C9A8-9D2F-43D6-9702-3CCCD1E55932}.Release|Any CPU.ActiveCfg = Release|Any CPU
		{9468C9A8-9D2F-43D6-9702-3CCCD1E55932}.Release|Any CPU.Build.0 = Release|Any CPU
		{9468C9A8-9D2F-43D6-9702-3CCCD1E55932}.Release|Any CPU.Deploy.0 = Release|Any CPU
		{9468C9A8-9D2F-43D6-9702-3CCCD1E55932}.Release|ARM.ActiveCfg = Release|ARM
		{9468C9A8-9D2F-43D6-9702-3CCCD1E55932}.Release|ARM.Build.0 = Release|ARM
		{9468C9A8-9D2F-43D6-9702-3CCCD1E55932}.Release|ARM.Deploy.0 = Release|ARM
		{9468C9A8-9D2F-43D6-9702-3CCCD1E55932}.Release|x64.ActiveCfg = Release|x64
		{9468C9A8-9D2F-43D6-9702-3CCCD1E55932}.Release|x64.Build.0 = Release|x64
		{9468C9A8-9D2F-43D6-9702-3CCCD1E55932}.Release|x64.Deploy.0 = Release|x64
		{9468C9A8-9D2F-43D6-9702-3CCCD1E55932}.Release|x86.ActiveCfg = Release|x86
		{9468C9A8-9D2F-43D6-9702-3CCCD1E55932}.Release|x86.Build.0 = Release|x86
		{9468C9A8-9D2F-43D6-9702-3CCCD1E55932}.Release|x86.Deploy.0 = Release|x86
		{A4422B1B-0053-43B9-B4D0-41B8E5EB6032}.Debug|Any CPU.ActiveCfg = Debug|Any CPU
		{A4422B1B-0053-43B9-B4D0-41B8E5EB6032}.Debug|Any CPU.Build.0 = Debug|Any CPU
		{A4422B1B-0053-43B9-B4D0-41B8E5EB6032}.Debug|Any CPU.Deploy.0 = Debug|Any CPU
		{A4422B1B-0053-43B9-B4D0-41B8E5EB6032}.Debug|ARM.ActiveCfg = Debug|ARM
		{A4422B1B-0053-43B9-B4D0-41B8E5EB6032}.Debug|ARM.Build.0 = Debug|ARM
		{A4422B1B-0053-43B9-B4D0-41B8E5EB6032}.Debug|ARM.Deploy.0 = Debug|ARM
		{A4422B1B-0053-43B9-B4D0-41B8E5EB6032}.Debug|x64.ActiveCfg = Debug|x64
		{A4422B1B-0053-43B9-B4D0-41B8E5EB6032}.Debug|x64.Build.0 = Debug|x64
		{A4422B1B-0053-43B9-B4D0-41B8E5EB6032}.Debug|x64.Deploy.0 = Debug|x64
		{A4422B1B-0053-43B9-B4D0-41B8E5EB6032}.Debug|x86.ActiveCfg = Debug|x86
		{A4422B1B-0053-43B9-B4D0-41B8E5EB6032}.Debug|x86.Build.0 = Debug|x86
		{A4422B1B-0053-43B9-B4D0-41B8E5EB6032}.Debug|x86.Deploy.0 = Debug|x86
		{A4422B1B-0053-43B9-B4D0-41B8E5EB6032}.Release|Any CPU.ActiveCfg = Release|Any CPU
		{A4422B1B-0053-43B9-B4D0-41B8E5EB6032}.Release|Any CPU.Build.0 = Release|Any CPU
		{A4422B1B-0053-43B9-B4D0-41B8E5EB6032}.Release|Any CPU.Deploy.0 = Release|Any CPU
		{A4422B1B-0053-43B9-B4D0-41B8E5EB6032}.Release|ARM.ActiveCfg = Release|ARM
		{A4422B1B-0053-43B9-B4D0-41B8E5EB6032}.Release|ARM.Build.0 = Release|ARM
		{A4422B1B-0053-43B9-B4D0-41B8E5EB6032}.Release|ARM.Deploy.0 = Release|ARM
		{A4422B1B-0053-43B9-B4D0-41B8E5EB6032}.Release|x64.ActiveCfg = Release|x64
		{A4422B1B-0053-43B9-B4D0-41B8E5EB6032}.Release|x64.Build.0 = Release|x64
		{A4422B1B-0053-43B9-B4D0-41B8E5EB6032}.Release|x64.Deploy.0 = Release|x64
		{A4422B1B-0053-43B9-B4D0-41B8E5EB6032}.Release|x86.ActiveCfg = Release|x86
		{A4422B1B-0053-43B9-B4D0-41B8E5EB6032}.Release|x86.Build.0 = Release|x86
		{A4422B1B-0053-43B9-B4D0-41B8E5EB6032}.Release|x86.Deploy.0 = Release|x86
		{BB0ED4A5-9B9B-4FA3-B08B-8AE83B2666BB}.Debug|Any CPU.ActiveCfg = Debug|Any CPU
		{BB0ED4A5-9B9B-4FA3-B08B-8AE83B2666BB}.Debug|Any CPU.Build.0 = Debug|Any CPU
		{BB0ED4A5-9B9B-4FA3-B08B-8AE83B2666BB}.Debug|Any CPU.Deploy.0 = Debug|Any CPU
		{BB0ED4A5-9B9B-4FA3-B08B-8AE83B2666BB}.Debug|ARM.ActiveCfg = Debug|ARM
		{BB0ED4A5-9B9B-4FA3-B08B-8AE83B2666BB}.Debug|ARM.Build.0 = Debug|ARM
		{BB0ED4A5-9B9B-4FA3-B08B-8AE83B2666BB}.Debug|ARM.Deploy.0 = Debug|ARM
		{BB0ED4A5-9B9B-4FA3-B08B-8AE83B2666BB}.Debug|x64.ActiveCfg = Debug|x64
		{BB0ED4A5-9B9B-4FA3-B08B-8AE83B2666BB}.Debug|x64.Build.0 = Debug|x64
		{BB0ED4A5-9B9B-4FA3-B08B-8AE83B2666BB}.Debug|x64.Deploy.0 = Debug|x64
		{BB0ED4A5-9B9B-4FA3-B08B-8AE83B2666BB}.Debug|x86.ActiveCfg = Debug|x86
		{BB0ED4A5-9B9B-4FA3-B08B-8AE83B2666BB}.Debug|x86.Build.0 = Debug|x86
		{BB0ED4A5-9B9B-4FA3-B08B-8AE83B2666BB}.Debug|x86.Deploy.0 = Debug|x86
		{BB0ED4A5-9B9B-4FA3-B08B-8AE83B2666BB}.Release|Any CPU.ActiveCfg = Release|Any CPU
		{BB0ED4A5-9B9B-4FA3-B08B-8AE83B2666BB}.Release|Any CPU.Build.0 = Release|Any CPU
		{BB0ED4A5-9B9B-4FA3-B08B-8AE83B2666BB}.Release|Any CPU.Deploy.0 = Release|Any CPU
		{BB0ED4A5-9B9B-4FA3-B08B-8AE83B2666BB}.Release|ARM.ActiveCfg = Release|ARM
		{BB0ED4A5-9B9B-4FA3-B08B-8AE83B2666BB}.Release|ARM.Build.0 = Release|ARM
		{BB0ED4A5-9B9B-4FA3-B08B-8AE83B2666BB}.Release|ARM.Deploy.0 = Release|ARM
		{BB0ED4A5-9B9B-4FA3-B08B-8AE83B2666BB}.Release|x64.ActiveCfg = Release|x64
		{BB0ED4A5-9B9B-4FA3-B08B-8AE83B2666BB}.Release|x64.Build.0 = Release|x64
		{BB0ED4A5-9B9B-4FA3-B08B-8AE83B2666BB}.Release|x64.Deploy.0 = Release|x64
		{BB0ED4A5-9B9B-4FA3-B08B-8AE83B2666BB}.Release|x86.ActiveCfg = Release|x86
		{BB0ED4A5-9B9B-4FA3-B08B-8AE83B2666BB}.Release|x86.Build.0 = Release|x86
		{BB0ED4A5-9B9B-4FA3-B08B-8AE83B2666BB}.Release|x86.Deploy.0 = Release|x86
		{AD312573-E97B-405E-8D73-EA448EAB81A7}.Debug|Any CPU.ActiveCfg = Debug|Any CPU
		{AD312573-E97B-405E-8D73-EA448EAB81A7}.Debug|Any CPU.Build.0 = Debug|Any CPU
		{AD312573-E97B-405E-8D73-EA448EAB81A7}.Debug|Any CPU.Deploy.0 = Debug|Any CPU
		{AD312573-E97B-405E-8D73-EA448EAB81A7}.Debug|ARM.ActiveCfg = Debug|ARM
		{AD312573-E97B-405E-8D73-EA448EAB81A7}.Debug|ARM.Build.0 = Debug|ARM
		{AD312573-E97B-405E-8D73-EA448EAB81A7}.Debug|ARM.Deploy.0 = Debug|ARM
		{AD312573-E97B-405E-8D73-EA448EAB81A7}.Debug|x64.ActiveCfg = Debug|x64
		{AD312573-E97B-405E-8D73-EA448EAB81A7}.Debug|x64.Build.0 = Debug|x64
		{AD312573-E97B-405E-8D73-EA448EAB81A7}.Debug|x64.Deploy.0 = Debug|x64
		{AD312573-E97B-405E-8D73-EA448EAB81A7}.Debug|x86.ActiveCfg = Debug|x86
		{AD312573-E97B-405E-8D73-EA448EAB81A7}.Debug|x86.Build.0 = Debug|x86
		{AD312573-E97B-405E-8D73-EA448EAB81A7}.Debug|x86.Deploy.0 = Debug|x86
		{AD312573-E97B-405E-8D73-EA448EAB81A7}.Release|Any CPU.ActiveCfg = Release|Any CPU
		{AD312573-E97B-405E-8D73-EA448EAB81A7}.Release|Any CPU.Build.0 = Release|Any CPU
		{AD312573-E97B-405E-8D73-EA448EAB81A7}.Release|Any CPU.Deploy.0 = Release|Any CPU
		{AD312573-E97B-405E-8D73-EA448EAB81A7}.Release|ARM.ActiveCfg = Release|ARM
		{AD312573-E97B-405E-8D73-EA448EAB81A7}.Release|ARM.Build.0 = Release|ARM
		{AD312573-E97B-405E-8D73-EA448EAB81A7}.Release|ARM.Deploy.0 = Release|ARM
		{AD312573-E97B-405E-8D73-EA448EAB81A7}.Release|x64.ActiveCfg = Release|x64
		{AD312573-E97B-405E-8D73-EA448EAB81A7}.Release|x64.Build.0 = Release|x64
		{AD312573-E97B-405E-8D73-EA448EAB81A7}.Release|x64.Deploy.0 = Release|x64
		{AD312573-E97B-405E-8D73-EA448EAB81A7}.Release|x86.ActiveCfg = Release|x86
		{AD312573-E97B-405E-8D73-EA448EAB81A7}.Release|x86.Build.0 = Release|x86
		{AD312573-E97B-405E-8D73-EA448EAB81A7}.Release|x86.Deploy.0 = Release|x86
		{AC094750-8E00-4765-A322-CAE98928CE49}.Debug|Any CPU.ActiveCfg = Debug|Any CPU
		{AC094750-8E00-4765-A322-CAE98928CE49}.Debug|Any CPU.Build.0 = Debug|Any CPU
		{AC094750-8E00-4765-A322-CAE98928CE49}.Debug|Any CPU.Deploy.0 = Debug|Any CPU
		{AC094750-8E00-4765-A322-CAE98928CE49}.Debug|ARM.ActiveCfg = Debug|ARM
		{AC094750-8E00-4765-A322-CAE98928CE49}.Debug|ARM.Build.0 = Debug|ARM
		{AC094750-8E00-4765-A322-CAE98928CE49}.Debug|ARM.Deploy.0 = Debug|ARM
		{AC094750-8E00-4765-A322-CAE98928CE49}.Debug|x64.ActiveCfg = Debug|x64
		{AC094750-8E00-4765-A322-CAE98928CE49}.Debug|x64.Build.0 = Debug|x64
		{AC094750-8E00-4765-A322-CAE98928CE49}.Debug|x64.Deploy.0 = Debug|x64
		{AC094750-8E00-4765-A322-CAE98928CE49}.Debug|x86.ActiveCfg = Debug|x86
		{AC094750-8E00-4765-A322-CAE98928CE49}.Debug|x86.Build.0 = Debug|x86
		{AC094750-8E00-4765-A322-CAE98928CE49}.Debug|x86.Deploy.0 = Debug|x86
		{AC094750-8E00-4765-A322-CAE98928CE49}.Release|Any CPU.ActiveCfg = Release|Any CPU
		{AC094750-8E00-4765-A322-CAE98928CE49}.Release|Any CPU.Build.0 = Release|Any CPU
		{AC094750-8E00-4765-A322-CAE98928CE49}.Release|Any CPU.Deploy.0 = Release|Any CPU
		{AC094750-8E00-4765-A322-CAE98928CE49}.Release|ARM.ActiveCfg = Release|ARM
		{AC094750-8E00-4765-A322-CAE98928CE49}.Release|ARM.Build.0 = Release|ARM
		{AC094750-8E00-4765-A322-CAE98928CE49}.Release|ARM.Deploy.0 = Release|ARM
		{AC094750-8E00-4765-A322-CAE98928CE49}.Release|x64.ActiveCfg = Release|x64
		{AC094750-8E00-4765-A322-CAE98928CE49}.Release|x64.Build.0 = Release|x64
		{AC094750-8E00-4765-A322-CAE98928CE49}.Release|x64.Deploy.0 = Release|x64
		{AC094750-8E00-4765-A322-CAE98928CE49}.Release|x86.ActiveCfg = Release|x86
		{AC094750-8E00-4765-A322-CAE98928CE49}.Release|x86.Build.0 = Release|x86
		{AC094750-8E00-4765-A322-CAE98928CE49}.Release|x86.Deploy.0 = Release|x86
		{DD722FE1-9BE3-4E39-9FC6-9812284B2ED6}.Debug|Any CPU.ActiveCfg = Debug|Any CPU
		{DD722FE1-9BE3-4E39-9FC6-9812284B2ED6}.Debug|Any CPU.Build.0 = Debug|Any CPU
		{DD722FE1-9BE3-4E39-9FC6-9812284B2ED6}.Debug|Any CPU.Deploy.0 = Debug|Any CPU
		{DD722FE1-9BE3-4E39-9FC6-9812284B2ED6}.Debug|ARM.ActiveCfg = Debug|ARM
		{DD722FE1-9BE3-4E39-9FC6-9812284B2ED6}.Debug|ARM.Build.0 = Debug|ARM
		{DD722FE1-9BE3-4E39-9FC6-9812284B2ED6}.Debug|ARM.Deploy.0 = Debug|ARM
		{DD722FE1-9BE3-4E39-9FC6-9812284B2ED6}.Debug|x64.ActiveCfg = Debug|x64
		{DD722FE1-9BE3-4E39-9FC6-9812284B2ED6}.Debug|x64.Build.0 = Debug|x64
		{DD722FE1-9BE3-4E39-9FC6-9812284B2ED6}.Debug|x64.Deploy.0 = Debug|x64
		{DD722FE1-9BE3-4E39-9FC6-9812284B2ED6}.Debug|x86.ActiveCfg = Debug|x86
		{DD722FE1-9BE3-4E39-9FC6-9812284B2ED6}.Debug|x86.Build.0 = Debug|x86
		{DD722FE1-9BE3-4E39-9FC6-9812284B2ED6}.Debug|x86.Deploy.0 = Debug|x86
		{DD722FE1-9BE3-4E39-9FC6-9812284B2ED6}.Release|Any CPU.ActiveCfg = Release|Any CPU
		{DD722FE1-9BE3-4E39-9FC6-9812284B2ED6}.Release|Any CPU.Build.0 = Release|Any CPU
		{DD722FE1-9BE3-4E39-9FC6-9812284B2ED6}.Release|Any CPU.Deploy.0 = Release|Any CPU
		{DD722FE1-9BE3-4E39-9FC6-9812284B2ED6}.Release|ARM.ActiveCfg = Release|ARM
		{DD722FE1-9BE3-4E39-9FC6-9812284B2ED6}.Release|ARM.Build.0 = Release|ARM
		{DD722FE1-9BE3-4E39-9FC6-9812284B2ED6}.Release|ARM.Deploy.0 = Release|ARM
		{DD722FE1-9BE3-4E39-9FC6-9812284B2ED6}.Release|x64.ActiveCfg = Release|x64
		{DD722FE1-9BE3-4E39-9FC6-9812284B2ED6}.Release|x64.Build.0 = Release|x64
		{DD722FE1-9BE3-4E39-9FC6-9812284B2ED6}.Release|x64.Deploy.0 = Release|x64
		{DD722FE1-9BE3-4E39-9FC6-9812284B2ED6}.Release|x86.ActiveCfg = Release|x86
		{DD722FE1-9BE3-4E39-9FC6-9812284B2ED6}.Release|x86.Build.0 = Release|x86
		{DD722FE1-9BE3-4E39-9FC6-9812284B2ED6}.Release|x86.Deploy.0 = Release|x86
		{1C0127C7-0C25-49F6-9B45-FFB060DD1ACB}.Debug|Any CPU.ActiveCfg = Debug|Any CPU
		{1C0127C7-0C25-49F6-9B45-FFB060DD1ACB}.Debug|Any CPU.Build.0 = Debug|Any CPU
		{1C0127C7-0C25-49F6-9B45-FFB060DD1ACB}.Debug|Any CPU.Deploy.0 = Debug|Any CPU
		{1C0127C7-0C25-49F6-9B45-FFB060DD1ACB}.Debug|ARM.ActiveCfg = Debug|ARM
		{1C0127C7-0C25-49F6-9B45-FFB060DD1ACB}.Debug|ARM.Build.0 = Debug|ARM
		{1C0127C7-0C25-49F6-9B45-FFB060DD1ACB}.Debug|ARM.Deploy.0 = Debug|ARM
		{1C0127C7-0C25-49F6-9B45-FFB060DD1ACB}.Debug|x64.ActiveCfg = Debug|x64
		{1C0127C7-0C25-49F6-9B45-FFB060DD1ACB}.Debug|x64.Build.0 = Debug|x64
		{1C0127C7-0C25-49F6-9B45-FFB060DD1ACB}.Debug|x64.Deploy.0 = Debug|x64
		{1C0127C7-0C25-49F6-9B45-FFB060DD1ACB}.Debug|x86.ActiveCfg = Debug|x86
		{1C0127C7-0C25-49F6-9B45-FFB060DD1ACB}.Debug|x86.Build.0 = Debug|x86
		{1C0127C7-0C25-49F6-9B45-FFB060DD1ACB}.Debug|x86.Deploy.0 = Debug|x86
		{1C0127C7-0C25-49F6-9B45-FFB060DD1ACB}.Release|Any CPU.ActiveCfg = Release|Any CPU
		{1C0127C7-0C25-49F6-9B45-FFB060DD1ACB}.Release|Any CPU.Build.0 = Release|Any CPU
		{1C0127C7-0C25-49F6-9B45-FFB060DD1ACB}.Release|Any CPU.Deploy.0 = Release|Any CPU
		{1C0127C7-0C25-49F6-9B45-FFB060DD1ACB}.Release|ARM.ActiveCfg = Release|ARM
		{1C0127C7-0C25-49F6-9B45-FFB060DD1ACB}.Release|ARM.Build.0 = Release|ARM
		{1C0127C7-0C25-49F6-9B45-FFB060DD1ACB}.Release|ARM.Deploy.0 = Release|ARM
		{1C0127C7-0C25-49F6-9B45-FFB060DD1ACB}.Release|x64.ActiveCfg = Release|x64
		{1C0127C7-0C25-49F6-9B45-FFB060DD1ACB}.Release|x64.Build.0 = Release|x64
		{1C0127C7-0C25-49F6-9B45-FFB060DD1ACB}.Release|x64.Deploy.0 = Release|x64
		{1C0127C7-0C25-49F6-9B45-FFB060DD1ACB}.Release|x86.ActiveCfg = Release|x86
		{1C0127C7-0C25-49F6-9B45-FFB060DD1ACB}.Release|x86.Build.0 = Release|x86
		{1C0127C7-0C25-49F6-9B45-FFB060DD1ACB}.Release|x86.Deploy.0 = Release|x86
	EndGlobalSection
	GlobalSection(SolutionProperties) = preSolution
		HideSolutionNode = FALSE
	EndGlobalSection
EndGlobal
