
Microsoft Visual Studio Solution File, Format Version 12.00
# Visual Studio 2012
Project("{262852C6-CD72-467D-83FE-5EEB1973A190}") = "GettingStarted", "GettingStarted\GettingStarted.jsproj", "{5580E1CD-858E-483E-A5B3-D5BC4B16E71D}"
EndProject
Project("{262852C6-CD72-467D-83FE-5EEB1973A190}") = "Templates", "Templates\Templates.jsproj", "{DB4DC0E4-32A4-466E-AB46-C6CB74F5694B}"
EndProject
Project("{262852C6-CD72-467D-83FE-5EEB1973A190}") = "Filtering", "Filtering\Filtering.jsproj", "{02C26364-9703-4C19-AC86-DD20B5D8CC52}"
EndProject
Project("{262852C6-CD72-467D-83FE-5EEB1973A190}") = "OnSelectEvent", "OnSelectEvent\OnSelectEvent.jsproj", "{96442E97-489A-4F76-B7ED-AB2147E95314}"
EndProject
Project("{262852C6-CD72-467D-83FE-5EEB1973A190}") = "SelectFreeTextWithTokenInput", "SelectFreeTextWithTokenInput\SelectFreeTextWithTokenInput.jsproj", "{DAE6AD74-E957-44EF-BE02-B3164D111AA2}"
EndProject
Global
	GlobalSection(SolutionConfigurationPlatforms) = preSolution
		Debug|Any CPU = Debug|Any CPU
		Debug|ARM = Debug|ARM
		Debug|x64 = Debug|x64
		Debug|x86 = Debug|x86
		Release|Any CPU = Release|Any CPU
		Release|ARM = Release|ARM
		Release|x64 = Release|x64
		Release|x86 = Release|x86
	EndGlobalSection
	GlobalSection(ProjectConfigurationPlatforms) = postSolution
		{5580E1CD-858E-483E-A5B3-D5BC4B16E71D}.Debug|Any CPU.ActiveCfg = Debug|Any CPU
		{5580E1CD-858E-483E-A5B3-D5BC4B16E71D}.Debug|Any CPU.Build.0 = Debug|Any CPU
		{5580E1CD-858E-483E-A5B3-D5BC4B16E71D}.Debug|Any CPU.Deploy.0 = Debug|Any CPU
		{5580E1CD-858E-483E-A5B3-D5BC4B16E71D}.Debug|ARM.ActiveCfg = Debug|ARM
		{5580E1CD-858E-483E-A5B3-D5BC4B16E71D}.Debug|ARM.Build.0 = Debug|ARM
		{5580E1CD-858E-483E-A5B3-D5BC4B16E71D}.Debug|ARM.Deploy.0 = Debug|ARM
		{5580E1CD-858E-483E-A5B3-D5BC4B16E71D}.Debug|x64.ActiveCfg = Debug|x64
		{5580E1CD-858E-483E-A5B3-D5BC4B16E71D}.Debug|x64.Build.0 = Debug|x64
		{5580E1CD-858E-483E-A5B3-D5BC4B16E71D}.Debug|x64.Deploy.0 = Debug|x64
		{5580E1CD-858E-483E-A5B3-D5BC4B16E71D}.Debug|x86.ActiveCfg = Debug|x86
		{5580E1CD-858E-483E-A5B3-D5BC4B16E71D}.Debug|x86.Build.0 = Debug|x86
		{5580E1CD-858E-483E-A5B3-D5BC4B16E71D}.Debug|x86.Deploy.0 = Debug|x86
		{5580E1CD-858E-483E-A5B3-D5BC4B16E71D}.Release|Any CPU.ActiveCfg = Release|Any CPU
		{5580E1CD-858E-483E-A5B3-D5BC4B16E71D}.Release|Any CPU.Build.0 = Release|Any CPU
		{5580E1CD-858E-483E-A5B3-D5BC4B16E71D}.Release|Any CPU.Deploy.0 = Release|Any CPU
		{5580E1CD-858E-483E-A5B3-D5BC4B16E71D}.Release|ARM.ActiveCfg = Release|ARM
		{5580E1CD-858E-483E-A5B3-D5BC4B16E71D}.Release|ARM.Build.0 = Release|ARM
		{5580E1CD-858E-483E-A5B3-D5BC4B16E71D}.Release|ARM.Deploy.0 = Release|ARM
		{5580E1CD-858E-483E-A5B3-D5BC4B16E71D}.Release|x64.ActiveCfg = Release|x64
		{5580E1CD-858E-483E-A5B3-D5BC4B16E71D}.Release|x64.Build.0 = Release|x64
		{5580E1CD-858E-483E-A5B3-D5BC4B16E71D}.Release|x64.Deploy.0 = Release|x64
		{5580E1CD-858E-483E-A5B3-D5BC4B16E71D}.Release|x86.ActiveCfg = Release|x86
		{5580E1CD-858E-483E-A5B3-D5BC4B16E71D}.Release|x86.Build.0 = Release|x86
		{5580E1CD-858E-483E-A5B3-D5BC4B16E71D}.Release|x86.Deploy.0 = Release|x86
		{DB4DC0E4-32A4-466E-AB46-C6CB74F5694B}.Debug|Any CPU.ActiveCfg = Debug|Any CPU
		{DB4DC0E4-32A4-466E-AB46-C6CB74F5694B}.Debug|Any CPU.Build.0 = Debug|Any CPU
		{DB4DC0E4-32A4-466E-AB46-C6CB74F5694B}.Debug|Any CPU.Deploy.0 = Debug|Any CPU
		{DB4DC0E4-32A4-466E-AB46-C6CB74F5694B}.Debug|ARM.ActiveCfg = Debug|ARM
		{DB4DC0E4-32A4-466E-AB46-C6CB74F5694B}.Debug|ARM.Build.0 = Debug|ARM
		{DB4DC0E4-32A4-466E-AB46-C6CB74F5694B}.Debug|ARM.Deploy.0 = Debug|ARM
		{DB4DC0E4-32A4-466E-AB46-C6CB74F5694B}.Debug|x64.ActiveCfg = Debug|x64
		{DB4DC0E4-32A4-466E-AB46-C6CB74F5694B}.Debug|x64.Build.0 = Debug|x64
		{DB4DC0E4-32A4-466E-AB46-C6CB74F5694B}.Debug|x64.Deploy.0 = Debug|x64
		{DB4DC0E4-32A4-466E-AB46-C6CB74F5694B}.Debug|x86.ActiveCfg = Debug|x86
		{DB4DC0E4-32A4-466E-AB46-C6CB74F5694B}.Debug|x86.Build.0 = Debug|x86
		{DB4DC0E4-32A4-466E-AB46-C6CB74F5694B}.Debug|x86.Deploy.0 = Debug|x86
		{DB4DC0E4-32A4-466E-AB46-C6CB74F5694B}.Release|Any CPU.ActiveCfg = Release|Any CPU
		{DB4DC0E4-32A4-466E-AB46-C6CB74F5694B}.Release|Any CPU.Build.0 = Release|Any CPU
		{DB4DC0E4-32A4-466E-AB46-C6CB74F5694B}.Release|Any CPU.Deploy.0 = Release|Any CPU
		{DB4DC0E4-32A4-466E-AB46-C6CB74F5694B}.Release|ARM.ActiveCfg = Release|ARM
		{DB4DC0E4-32A4-466E-AB46-C6CB74F5694B}.Release|ARM.Build.0 = Release|ARM
		{DB4DC0E4-32A4-466E-AB46-C6CB74F5694B}.Release|ARM.Deploy.0 = Release|ARM
		{DB4DC0E4-32A4-466E-AB46-C6CB74F5694B}.Release|x64.ActiveCfg = Release|x64
		{DB4DC0E4-32A4-466E-AB46-C6CB74F5694B}.Release|x64.Build.0 = Release|x64
		{DB4DC0E4-32A4-466E-AB46-C6CB74F5694B}.Release|x64.Deploy.0 = Release|x64
		{DB4DC0E4-32A4-466E-AB46-C6CB74F5694B}.Release|x86.ActiveCfg = Release|x86
		{DB4DC0E4-32A4-466E-AB46-C6CB74F5694B}.Release|x86.Build.0 = Release|x86
		{DB4DC0E4-32A4-466E-AB46-C6CB74F5694B}.Release|x86.Deploy.0 = Release|x86
		{02C26364-9703-4C19-AC86-DD20B5D8CC52}.Debug|Any CPU.ActiveCfg = Debug|Any CPU
		{02C26364-9703-4C19-AC86-DD20B5D8CC52}.Debug|Any CPU.Build.0 = Debug|Any CPU
		{02C26364-9703-4C19-AC86-DD20B5D8CC52}.Debug|Any CPU.Deploy.0 = Debug|Any CPU
		{02C26364-9703-4C19-AC86-DD20B5D8CC52}.Debug|ARM.ActiveCfg = Debug|ARM
		{02C26364-9703-4C19-AC86-DD20B5D8CC52}.Debug|ARM.Build.0 = Debug|ARM
		{02C26364-9703-4C19-AC86-DD20B5D8CC52}.Debug|ARM.Deploy.0 = Debug|ARM
		{02C26364-9703-4C19-AC86-DD20B5D8CC52}.Debug|x64.ActiveCfg = Debug|x64
		{02C26364-9703-4C19-AC86-DD20B5D8CC52}.Debug|x64.Build.0 = Debug|x64
		{02C26364-9703-4C19-AC86-DD20B5D8CC52}.Debug|x64.Deploy.0 = Debug|x64
		{02C26364-9703-4C19-AC86-DD20B5D8CC52}.Debug|x86.ActiveCfg = Debug|x86
		{02C26364-9703-4C19-AC86-DD20B5D8CC52}.Debug|x86.Build.0 = Debug|x86
		{02C26364-9703-4C19-AC86-DD20B5D8CC52}.Debug|x86.Deploy.0 = Debug|x86
		{02C26364-9703-4C19-AC86-DD20B5D8CC52}.Release|Any CPU.ActiveCfg = Release|Any CPU
		{02C26364-9703-4C19-AC86-DD20B5D8CC52}.Release|Any CPU.Build.0 = Release|Any CPU
		{02C26364-9703-4C19-AC86-DD20B5D8CC52}.Release|Any CPU.Deploy.0 = Release|Any CPU
		{02C26364-9703-4C19-AC86-DD20B5D8CC52}.Release|ARM.ActiveCfg = Release|ARM
		{02C26364-9703-4C19-AC86-DD20B5D8CC52}.Release|ARM.Build.0 = Release|ARM
		{02C26364-9703-4C19-AC86-DD20B5D8CC52}.Release|ARM.Deploy.0 = Release|ARM
		{02C26364-9703-4C19-AC86-DD20B5D8CC52}.Release|x64.ActiveCfg = Release|x64
		{02C26364-9703-4C19-AC86-DD20B5D8CC52}.Release|x64.Build.0 = Release|x64
		{02C26364-9703-4C19-AC86-DD20B5D8CC52}.Release|x64.Deploy.0 = Release|x64
		{02C26364-9703-4C19-AC86-DD20B5D8CC52}.Release|x86.ActiveCfg = Release|x86
		{02C26364-9703-4C19-AC86-DD20B5D8CC52}.Release|x86.Build.0 = Release|x86
		{02C26364-9703-4C19-AC86-DD20B5D8CC52}.Release|x86.Deploy.0 = Release|x86
		{96442E97-489A-4F76-B7ED-AB2147E95314}.Debug|Any CPU.ActiveCfg = Debug|Any CPU
		{96442E97-489A-4F76-B7ED-AB2147E95314}.Debug|Any CPU.Build.0 = Debug|Any CPU
		{96442E97-489A-4F76-B7ED-AB2147E95314}.Debug|Any CPU.Deploy.0 = Debug|Any CPU
		{96442E97-489A-4F76-B7ED-AB2147E95314}.Debug|ARM.ActiveCfg = Debug|ARM
		{96442E97-489A-4F76-B7ED-AB2147E95314}.Debug|ARM.Build.0 = Debug|ARM
		{96442E97-489A-4F76-B7ED-AB2147E95314}.Debug|ARM.Deploy.0 = Debug|ARM
		{96442E97-489A-4F76-B7ED-AB2147E95314}.Debug|x64.ActiveCfg = Debug|x64
		{96442E97-489A-4F76-B7ED-AB2147E95314}.Debug|x64.Build.0 = Debug|x64
		{96442E97-489A-4F76-B7ED-AB2147E95314}.Debug|x64.Deploy.0 = Debug|x64
		{96442E97-489A-4F76-B7ED-AB2147E95314}.Debug|x86.ActiveCfg = Debug|x86
		{96442E97-489A-4F76-B7ED-AB2147E95314}.Debug|x86.Build.0 = Debug|x86
		{96442E97-489A-4F76-B7ED-AB2147E95314}.Debug|x86.Deploy.0 = Debug|x86
		{96442E97-489A-4F76-B7ED-AB2147E95314}.Release|Any CPU.ActiveCfg = Release|Any CPU
		{96442E97-489A-4F76-B7ED-AB2147E95314}.Release|Any CPU.Build.0 = Release|Any CPU
		{96442E97-489A-4F76-B7ED-AB2147E95314}.Release|Any CPU.Deploy.0 = Release|Any CPU
		{96442E97-489A-4F76-B7ED-AB2147E95314}.Release|ARM.ActiveCfg = Release|ARM
		{96442E97-489A-4F76-B7ED-AB2147E95314}.Release|ARM.Build.0 = Release|ARM
		{96442E97-489A-4F76-B7ED-AB2147E95314}.Release|ARM.Deploy.0 = Release|ARM
		{96442E97-489A-4F76-B7ED-AB2147E95314}.Release|x64.ActiveCfg = Release|x64
		{96442E97-489A-4F76-B7ED-AB2147E95314}.Release|x64.Build.0 = Release|x64
		{96442E97-489A-4F76-B7ED-AB2147E95314}.Release|x64.Deploy.0 = Release|x64
		{96442E97-489A-4F76-B7ED-AB2147E95314}.Release|x86.ActiveCfg = Release|x86
		{96442E97-489A-4F76-B7ED-AB2147E95314}.Release|x86.Build.0 = Release|x86
		{96442E97-489A-4F76-B7ED-AB2147E95314}.Release|x86.Deploy.0 = Release|x86
		{DAE6AD74-E957-44EF-BE02-B3164D111AA2}.Debug|Any CPU.ActiveCfg = Debug|Any CPU
		{DAE6AD74-E957-44EF-BE02-B3164D111AA2}.Debug|Any CPU.Build.0 = Debug|Any CPU
		{DAE6AD74-E957-44EF-BE02-B3164D111AA2}.Debug|Any CPU.Deploy.0 = Debug|Any CPU
		{DAE6AD74-E957-44EF-BE02-B3164D111AA2}.Debug|ARM.ActiveCfg = Debug|ARM
		{DAE6AD74-E957-44EF-BE02-B3164D111AA2}.Debug|ARM.Build.0 = Debug|ARM
		{DAE6AD74-E957-44EF-BE02-B3164D111AA2}.Debug|ARM.Deploy.0 = Debug|ARM
		{DAE6AD74-E957-44EF-BE02-B3164D111AA2}.Debug|x64.ActiveCfg = Debug|x64
		{DAE6AD74-E957-44EF-BE02-B3164D111AA2}.Debug|x64.Build.0 = Debug|x64
		{DAE6AD74-E957-44EF-BE02-B3164D111AA2}.Debug|x64.Deploy.0 = Debug|x64
		{DAE6AD74-E957-44EF-BE02-B3164D111AA2}.Debug|x86.ActiveCfg = Debug|x86
		{DAE6AD74-E957-44EF-BE02-B3164D111AA2}.Debug|x86.Build.0 = Debug|x86
		{DAE6AD74-E957-44EF-BE02-B3164D111AA2}.Debug|x86.Deploy.0 = Debug|x86
		{DAE6AD74-E957-44EF-BE02-B3164D111AA2}.Release|Any CPU.ActiveCfg = Release|Any CPU
		{DAE6AD74-E957-44EF-BE02-B3164D111AA2}.Release|Any CPU.Build.0 = Release|Any CPU
		{DAE6AD74-E957-44EF-BE02-B3164D111AA2}.Release|Any CPU.Deploy.0 = Release|Any CPU
		{DAE6AD74-E957-44EF-BE02-B3164D111AA2}.Release|ARM.ActiveCfg = Release|ARM
		{DAE6AD74-E957-44EF-BE02-B3164D111AA2}.Release|ARM.Build.0 = Release|ARM
		{DAE6AD74-E957-44EF-BE02-B3164D111AA2}.Release|ARM.Deploy.0 = Release|ARM
		{DAE6AD74-E957-44EF-BE02-B3164D111AA2}.Release|x64.ActiveCfg = Release|x64
		{DAE6AD74-E957-44EF-BE02-B3164D111AA2}.Release|x64.Build.0 = Release|x64
		{DAE6AD74-E957-44EF-BE02-B3164D111AA2}.Release|x64.Deploy.0 = Release|x64
		{DAE6AD74-E957-44EF-BE02-B3164D111AA2}.Release|x86.ActiveCfg = Release|x86
		{DAE6AD74-E957-44EF-BE02-B3164D111AA2}.Release|x86.Build.0 = Release|x86
		{DAE6AD74-E957-44EF-BE02-B3164D111AA2}.Release|x86.Deploy.0 = Release|x86
	EndGlobalSection
	GlobalSection(SolutionProperties) = preSolution
		HideSolutionNode = FALSE
	EndGlobalSection
EndGlobal
