
Microsoft Visual Studio Solution File, Format Version 12.00
# Visual Studio 2012
Project("{262852C6-CD72-467D-83FE-5EEB1973A190}") = "GettingStarted", "GettingStarted\GettingStarted.jsproj", "{3F78FC3F-C18B-4A2C-87AE-B85C0663B4DF}"
EndProject
Project("{262852C6-CD72-467D-83FE-5EEB1973A190}") = "HighlightDates", "HighlightDates\HighlightDates.jsproj", "{F60B2D35-FB7D-4949-8427-7E31E0F608D2}"
EndProject
Project("{262852C6-CD72-467D-83FE-5EEB1973A190}") = "CustomDayTemplates", "CustomDayTemplates\CustomDayTemplates.jsproj", "{087D4311-C4C6-4088-8BDF-BEECBBEF9C74}"
EndProject
Project("{262852C6-CD72-467D-83FE-5EEB1973A190}") = "CustomizeBorders", "CustomizeBorders\CustomizeBorders.jsproj", "{6FD07207-1F07-41E8-B96C-5E309BF6A933}"
EndProject
Project("{262852C6-CD72-467D-83FE-5EEB1973A190}") = "NavigateProgrammatically", "NavigateProgrammaticaly\NavigateProgrammatically.jsproj", "{B5F1E953-6129-47A6-A494-517D88143B03}"
EndProject
Project("{262852C6-CD72-467D-83FE-5EEB1973A190}") = "DatePickerUsingRadCalendar", "DatePickerUsingRadCalendar\DatePickerUsingRadCalendar.jsproj", "{E4239A0C-35B9-452F-B55B-5651935C9928}"
EndProject
Global
	GlobalSection(SolutionConfigurationPlatforms) = preSolution
		Debug|Any CPU = Debug|Any CPU
		Debug|ARM = Debug|ARM
		Debug|x64 = Debug|x64
		Debug|x86 = Debug|x86
		Release|Any CPU = Release|Any CPU
		Release|ARM = Release|ARM
		Release|x64 = Release|x64
		Release|x86 = Release|x86
	EndGlobalSection
	GlobalSection(ProjectConfigurationPlatforms) = postSolution
		{3F78FC3F-C18B-4A2C-87AE-B85C0663B4DF}.Debug|Any CPU.ActiveCfg = Debug|Any CPU
		{3F78FC3F-C18B-4A2C-87AE-B85C0663B4DF}.Debug|Any CPU.Build.0 = Debug|Any CPU
		{3F78FC3F-C18B-4A2C-87AE-B85C0663B4DF}.Debug|Any CPU.Deploy.0 = Debug|Any CPU
		{3F78FC3F-C18B-4A2C-87AE-B85C0663B4DF}.Debug|ARM.ActiveCfg = Debug|ARM
		{3F78FC3F-C18B-4A2C-87AE-B85C0663B4DF}.Debug|ARM.Build.0 = Debug|ARM
		{3F78FC3F-C18B-4A2C-87AE-B85C0663B4DF}.Debug|ARM.Deploy.0 = Debug|ARM
		{3F78FC3F-C18B-4A2C-87AE-B85C0663B4DF}.Debug|x64.ActiveCfg = Debug|x64
		{3F78FC3F-C18B-4A2C-87AE-B85C0663B4DF}.Debug|x64.Build.0 = Debug|x64
		{3F78FC3F-C18B-4A2C-87AE-B85C0663B4DF}.Debug|x64.Deploy.0 = Debug|x64
		{3F78FC3F-C18B-4A2C-87AE-B85C0663B4DF}.Debug|x86.ActiveCfg = Debug|x86
		{3F78FC3F-C18B-4A2C-87AE-B85C0663B4DF}.Debug|x86.Build.0 = Debug|x86
		{3F78FC3F-C18B-4A2C-87AE-B85C0663B4DF}.Debug|x86.Deploy.0 = Debug|x86
		{3F78FC3F-C18B-4A2C-87AE-B85C0663B4DF}.Release|Any CPU.ActiveCfg = Release|Any CPU
		{3F78FC3F-C18B-4A2C-87AE-B85C0663B4DF}.Release|Any CPU.Build.0 = Release|Any CPU
		{3F78FC3F-C18B-4A2C-87AE-B85C0663B4DF}.Release|Any CPU.Deploy.0 = Release|Any CPU
		{3F78FC3F-C18B-4A2C-87AE-B85C0663B4DF}.Release|ARM.ActiveCfg = Release|ARM
		{3F78FC3F-C18B-4A2C-87AE-B85C0663B4DF}.Release|ARM.Build.0 = Release|ARM
		{3F78FC3F-C18B-4A2C-87AE-B85C0663B4DF}.Release|ARM.Deploy.0 = Release|ARM
		{3F78FC3F-C18B-4A2C-87AE-B85C0663B4DF}.Release|x64.ActiveCfg = Release|x64
		{3F78FC3F-C18B-4A2C-87AE-B85C0663B4DF}.Release|x64.Build.0 = Release|x64
		{3F78FC3F-C18B-4A2C-87AE-B85C0663B4DF}.Release|x64.Deploy.0 = Release|x64
		{3F78FC3F-C18B-4A2C-87AE-B85C0663B4DF}.Release|x86.ActiveCfg = Release|x86
		{3F78FC3F-C18B-4A2C-87AE-B85C0663B4DF}.Release|x86.Build.0 = Release|x86
		{3F78FC3F-C18B-4A2C-87AE-B85C0663B4DF}.Release|x86.Deploy.0 = Release|x86
		{F60B2D35-FB7D-4949-8427-7E31E0F608D2}.Debug|Any CPU.ActiveCfg = Debug|Any CPU
		{F60B2D35-FB7D-4949-8427-7E31E0F608D2}.Debug|Any CPU.Build.0 = Debug|Any CPU
		{F60B2D35-FB7D-4949-8427-7E31E0F608D2}.Debug|Any CPU.Deploy.0 = Debug|Any CPU
		{F60B2D35-FB7D-4949-8427-7E31E0F608D2}.Debug|ARM.ActiveCfg = Debug|ARM
		{F60B2D35-FB7D-4949-8427-7E31E0F608D2}.Debug|ARM.Build.0 = Debug|ARM
		{F60B2D35-FB7D-4949-8427-7E31E0F608D2}.Debug|ARM.Deploy.0 = Debug|ARM
		{F60B2D35-FB7D-4949-8427-7E31E0F608D2}.Debug|x64.ActiveCfg = Debug|x64
		{F60B2D35-FB7D-4949-8427-7E31E0F608D2}.Debug|x64.Build.0 = Debug|x64
		{F60B2D35-FB7D-4949-8427-7E31E0F608D2}.Debug|x64.Deploy.0 = Debug|x64
		{F60B2D35-FB7D-4949-8427-7E31E0F608D2}.Debug|x86.ActiveCfg = Debug|x86
		{F60B2D35-FB7D-4949-8427-7E31E0F608D2}.Debug|x86.Build.0 = Debug|x86
		{F60B2D35-FB7D-4949-8427-7E31E0F608D2}.Debug|x86.Deploy.0 = Debug|x86
		{F60B2D35-FB7D-4949-8427-7E31E0F608D2}.Release|Any CPU.ActiveCfg = Release|Any CPU
		{F60B2D35-FB7D-4949-8427-7E31E0F608D2}.Release|Any CPU.Build.0 = Release|Any CPU
		{F60B2D35-FB7D-4949-8427-7E31E0F608D2}.Release|Any CPU.Deploy.0 = Release|Any CPU
		{F60B2D35-FB7D-4949-8427-7E31E0F608D2}.Release|ARM.ActiveCfg = Release|ARM
		{F60B2D35-FB7D-4949-8427-7E31E0F608D2}.Release|ARM.Build.0 = Release|ARM
		{F60B2D35-FB7D-4949-8427-7E31E0F608D2}.Release|ARM.Deploy.0 = Release|ARM
		{F60B2D35-FB7D-4949-8427-7E31E0F608D2}.Release|x64.ActiveCfg = Release|x64
		{F60B2D35-FB7D-4949-8427-7E31E0F608D2}.Release|x64.Build.0 = Release|x64
		{F60B2D35-FB7D-4949-8427-7E31E0F608D2}.Release|x64.Deploy.0 = Release|x64
		{F60B2D35-FB7D-4949-8427-7E31E0F608D2}.Release|x86.ActiveCfg = Release|x86
		{F60B2D35-FB7D-4949-8427-7E31E0F608D2}.Release|x86.Build.0 = Release|x86
		{F60B2D35-FB7D-4949-8427-7E31E0F608D2}.Release|x86.Deploy.0 = Release|x86
		{087D4311-C4C6-4088-8BDF-BEECBBEF9C74}.Debug|Any CPU.ActiveCfg = Debug|Any CPU
		{087D4311-C4C6-4088-8BDF-BEECBBEF9C74}.Debug|Any CPU.Build.0 = Debug|Any CPU
		{087D4311-C4C6-4088-8BDF-BEECBBEF9C74}.Debug|Any CPU.Deploy.0 = Debug|Any CPU
		{087D4311-C4C6-4088-8BDF-BEECBBEF9C74}.Debug|ARM.ActiveCfg = Debug|ARM
		{087D4311-C4C6-4088-8BDF-BEECBBEF9C74}.Debug|ARM.Build.0 = Debug|ARM
		{087D4311-C4C6-4088-8BDF-BEECBBEF9C74}.Debug|ARM.Deploy.0 = Debug|ARM
		{087D4311-C4C6-4088-8BDF-BEECBBEF9C74}.Debug|x64.ActiveCfg = Debug|x64
		{087D4311-C4C6-4088-8BDF-BEECBBEF9C74}.Debug|x64.Build.0 = Debug|x64
		{087D4311-C4C6-4088-8BDF-BEECBBEF9C74}.Debug|x64.Deploy.0 = Debug|x64
		{087D4311-C4C6-4088-8BDF-BEECBBEF9C74}.Debug|x86.ActiveCfg = Debug|x86
		{087D4311-C4C6-4088-8BDF-BEECBBEF9C74}.Debug|x86.Build.0 = Debug|x86
		{087D4311-C4C6-4088-8BDF-BEECBBEF9C74}.Debug|x86.Deploy.0 = Debug|x86
		{087D4311-C4C6-4088-8BDF-BEECBBEF9C74}.Release|Any CPU.ActiveCfg = Release|Any CPU
		{087D4311-C4C6-4088-8BDF-BEECBBEF9C74}.Release|Any CPU.Build.0 = Release|Any CPU
		{087D4311-C4C6-4088-8BDF-BEECBBEF9C74}.Release|Any CPU.Deploy.0 = Release|Any CPU
		{087D4311-C4C6-4088-8BDF-BEECBBEF9C74}.Release|ARM.ActiveCfg = Release|ARM
		{087D4311-C4C6-4088-8BDF-BEECBBEF9C74}.Release|ARM.Build.0 = Release|ARM
		{087D4311-C4C6-4088-8BDF-BEECBBEF9C74}.Release|ARM.Deploy.0 = Release|ARM
		{087D4311-C4C6-4088-8BDF-BEECBBEF9C74}.Release|x64.ActiveCfg = Release|x64
		{087D4311-C4C6-4088-8BDF-BEECBBEF9C74}.Release|x64.Build.0 = Release|x64
		{087D4311-C4C6-4088-8BDF-BEECBBEF9C74}.Release|x64.Deploy.0 = Release|x64
		{087D4311-C4C6-4088-8BDF-BEECBBEF9C74}.Release|x86.ActiveCfg = Release|x86
		{087D4311-C4C6-4088-8BDF-BEECBBEF9C74}.Release|x86.Build.0 = Release|x86
		{087D4311-C4C6-4088-8BDF-BEECBBEF9C74}.Release|x86.Deploy.0 = Release|x86
		{6FD07207-1F07-41E8-B96C-5E309BF6A933}.Debug|Any CPU.ActiveCfg = Debug|Any CPU
		{6FD07207-1F07-41E8-B96C-5E309BF6A933}.Debug|Any CPU.Build.0 = Debug|Any CPU
		{6FD07207-1F07-41E8-B96C-5E309BF6A933}.Debug|Any CPU.Deploy.0 = Debug|Any CPU
		{6FD07207-1F07-41E8-B96C-5E309BF6A933}.Debug|ARM.ActiveCfg = Debug|ARM
		{6FD07207-1F07-41E8-B96C-5E309BF6A933}.Debug|ARM.Build.0 = Debug|ARM
		{6FD07207-1F07-41E8-B96C-5E309BF6A933}.Debug|ARM.Deploy.0 = Debug|ARM
		{6FD07207-1F07-41E8-B96C-5E309BF6A933}.Debug|x64.ActiveCfg = Debug|x64
		{6FD07207-1F07-41E8-B96C-5E309BF6A933}.Debug|x64.Build.0 = Debug|x64
		{6FD07207-1F07-41E8-B96C-5E309BF6A933}.Debug|x64.Deploy.0 = Debug|x64
		{6FD07207-1F07-41E8-B96C-5E309BF6A933}.Debug|x86.ActiveCfg = Debug|x86
		{6FD07207-1F07-41E8-B96C-5E309BF6A933}.Debug|x86.Build.0 = Debug|x86
		{6FD07207-1F07-41E8-B96C-5E309BF6A933}.Debug|x86.Deploy.0 = Debug|x86
		{6FD07207-1F07-41E8-B96C-5E309BF6A933}.Release|Any CPU.ActiveCfg = Release|Any CPU
		{6FD07207-1F07-41E8-B96C-5E309BF6A933}.Release|Any CPU.Build.0 = Release|Any CPU
		{6FD07207-1F07-41E8-B96C-5E309BF6A933}.Release|Any CPU.Deploy.0 = Release|Any CPU
		{6FD07207-1F07-41E8-B96C-5E309BF6A933}.Release|ARM.ActiveCfg = Release|ARM
		{6FD07207-1F07-41E8-B96C-5E309BF6A933}.Release|ARM.Build.0 = Release|ARM
		{6FD07207-1F07-41E8-B96C-5E309BF6A933}.Release|ARM.Deploy.0 = Release|ARM
		{6FD07207-1F07-41E8-B96C-5E309BF6A933}.Release|x64.ActiveCfg = Release|x64
		{6FD07207-1F07-41E8-B96C-5E309BF6A933}.Release|x64.Build.0 = Release|x64
		{6FD07207-1F07-41E8-B96C-5E309BF6A933}.Release|x64.Deploy.0 = Release|x64
		{6FD07207-1F07-41E8-B96C-5E309BF6A933}.Release|x86.ActiveCfg = Release|x86
		{6FD07207-1F07-41E8-B96C-5E309BF6A933}.Release|x86.Build.0 = Release|x86
		{6FD07207-1F07-41E8-B96C-5E309BF6A933}.Release|x86.Deploy.0 = Release|x86
		{B5F1E953-6129-47A6-A494-517D88143B03}.Debug|Any CPU.ActiveCfg = Debug|Any CPU
		{B5F1E953-6129-47A6-A494-517D88143B03}.Debug|Any CPU.Build.0 = Debug|Any CPU
		{B5F1E953-6129-47A6-A494-517D88143B03}.Debug|Any CPU.Deploy.0 = Debug|Any CPU
		{B5F1E953-6129-47A6-A494-517D88143B03}.Debug|ARM.ActiveCfg = Debug|ARM
		{B5F1E953-6129-47A6-A494-517D88143B03}.Debug|ARM.Build.0 = Debug|ARM
		{B5F1E953-6129-47A6-A494-517D88143B03}.Debug|ARM.Deploy.0 = Debug|ARM
		{B5F1E953-6129-47A6-A494-517D88143B03}.Debug|x64.ActiveCfg = Debug|x64
		{B5F1E953-6129-47A6-A494-517D88143B03}.Debug|x64.Build.0 = Debug|x64
		{B5F1E953-6129-47A6-A494-517D88143B03}.Debug|x64.Deploy.0 = Debug|x64
		{B5F1E953-6129-47A6-A494-517D88143B03}.Debug|x86.ActiveCfg = Debug|x86
		{B5F1E953-6129-47A6-A494-517D88143B03}.Debug|x86.Build.0 = Debug|x86
		{B5F1E953-6129-47A6-A494-517D88143B03}.Debug|x86.Deploy.0 = Debug|x86
		{B5F1E953-6129-47A6-A494-517D88143B03}.Release|Any CPU.ActiveCfg = Release|Any CPU
		{B5F1E953-6129-47A6-A494-517D88143B03}.Release|Any CPU.Build.0 = Release|Any CPU
		{B5F1E953-6129-47A6-A494-517D88143B03}.Release|Any CPU.Deploy.0 = Release|Any CPU
		{B5F1E953-6129-47A6-A494-517D88143B03}.Release|ARM.ActiveCfg = Release|ARM
		{B5F1E953-6129-47A6-A494-517D88143B03}.Release|ARM.Build.0 = Release|ARM
		{B5F1E953-6129-47A6-A494-517D88143B03}.Release|ARM.Deploy.0 = Release|ARM
		{B5F1E953-6129-47A6-A494-517D88143B03}.Release|x64.ActiveCfg = Release|x64
		{B5F1E953-6129-47A6-A494-517D88143B03}.Release|x64.Build.0 = Release|x64
		{B5F1E953-6129-47A6-A494-517D88143B03}.Release|x64.Deploy.0 = Release|x64
		{B5F1E953-6129-47A6-A494-517D88143B03}.Release|x86.ActiveCfg = Release|x86
		{B5F1E953-6129-47A6-A494-517D88143B03}.Release|x86.Build.0 = Release|x86
		{B5F1E953-6129-47A6-A494-517D88143B03}.Release|x86.Deploy.0 = Release|x86
		{E4239A0C-35B9-452F-B55B-5651935C9928}.Debug|Any CPU.ActiveCfg = Debug|Any CPU
		{E4239A0C-35B9-452F-B55B-5651935C9928}.Debug|Any CPU.Build.0 = Debug|Any CPU
		{E4239A0C-35B9-452F-B55B-5651935C9928}.Debug|Any CPU.Deploy.0 = Debug|Any CPU
		{E4239A0C-35B9-452F-B55B-5651935C9928}.Debug|ARM.ActiveCfg = Debug|ARM
		{E4239A0C-35B9-452F-B55B-5651935C9928}.Debug|ARM.Build.0 = Debug|ARM
		{E4239A0C-35B9-452F-B55B-5651935C9928}.Debug|ARM.Deploy.0 = Debug|ARM
		{E4239A0C-35B9-452F-B55B-5651935C9928}.Debug|x64.ActiveCfg = Debug|x64
		{E4239A0C-35B9-452F-B55B-5651935C9928}.Debug|x64.Build.0 = Debug|x64
		{E4239A0C-35B9-452F-B55B-5651935C9928}.Debug|x64.Deploy.0 = Debug|x64
		{E4239A0C-35B9-452F-B55B-5651935C9928}.Debug|x86.ActiveCfg = Debug|x86
		{E4239A0C-35B9-452F-B55B-5651935C9928}.Debug|x86.Build.0 = Debug|x86
		{E4239A0C-35B9-452F-B55B-5651935C9928}.Debug|x86.Deploy.0 = Debug|x86
		{E4239A0C-35B9-452F-B55B-5651935C9928}.Release|Any CPU.ActiveCfg = Release|Any CPU
		{E4239A0C-35B9-452F-B55B-5651935C9928}.Release|Any CPU.Build.0 = Release|Any CPU
		{E4239A0C-35B9-452F-B55B-5651935C9928}.Release|Any CPU.Deploy.0 = Release|Any CPU
		{E4239A0C-35B9-452F-B55B-5651935C9928}.Release|ARM.ActiveCfg = Release|ARM
		{E4239A0C-35B9-452F-B55B-5651935C9928}.Release|ARM.Build.0 = Release|ARM
		{E4239A0C-35B9-452F-B55B-5651935C9928}.Release|ARM.Deploy.0 = Release|ARM
		{E4239A0C-35B9-452F-B55B-5651935C9928}.Release|x64.ActiveCfg = Release|x64
		{E4239A0C-35B9-452F-B55B-5651935C9928}.Release|x64.Build.0 = Release|x64
		{E4239A0C-35B9-452F-B55B-5651935C9928}.Release|x64.Deploy.0 = Release|x64
		{E4239A0C-35B9-452F-B55B-5651935C9928}.Release|x86.ActiveCfg = Release|x86
		{E4239A0C-35B9-452F-B55B-5651935C9928}.Release|x86.Build.0 = Release|x86
		{E4239A0C-35B9-452F-B55B-5651935C9928}.Release|x86.Deploy.0 = Release|x86
	EndGlobalSection
	GlobalSection(SolutionProperties) = preSolution
		HideSolutionNode = FALSE
	EndGlobalSection
EndGlobal
