
Microsoft Visual Studio Solution File, Format Version 12.00
# Visual Studio 2012
Project("{262852C6-CD72-467D-83FE-5EEB1973A190}") = "FilteringRadSchedulerDataSource", "FilteringRadSchedulerDataSource\FilteringRadSchedulerDataSource.jsproj", "{22D43528-7863-4F20-8712-257B8D2245CB}"
EndProject
Project("{262852C6-CD72-467D-83FE-5EEB1973A190}") = "GettingStarted", "GettingStarted\GettingStarted.jsproj", "{308ED819-29B5-45B8-989E-9FE68148E731}"
EndProject
Project("{262852C6-CD72-467D-83FE-5EEB1973A190}") = "BindingRadSchedulerToDataStorage", "BindingRadSchedulerToDataStorage\BindingRadSchedulerToDataStorage.jsproj", "{6506098A-47DF-4BB6-ABA0-18FBB7895D82}"
EndProject
Global
	GlobalSection(SolutionConfigurationPlatforms) = preSolution
		Debug|Any CPU = Debug|Any CPU
		Debug|ARM = Debug|ARM
		Debug|x64 = Debug|x64
		Debug|x86 = Debug|x86
		Release|Any CPU = Release|Any CPU
		Release|ARM = Release|ARM
		Release|x64 = Release|x64
		Release|x86 = Release|x86
	EndGlobalSection
	GlobalSection(ProjectConfigurationPlatforms) = postSolution
		{22D43528-7863-4F20-8712-257B8D2245CB}.Debug|Any CPU.ActiveCfg = Debug|Any CPU
		{22D43528-7863-4F20-8712-257B8D2245CB}.Debug|Any CPU.Build.0 = Debug|Any CPU
		{22D43528-7863-4F20-8712-257B8D2245CB}.Debug|Any CPU.Deploy.0 = Debug|Any CPU
		{22D43528-7863-4F20-8712-257B8D2245CB}.Debug|ARM.ActiveCfg = Debug|ARM
		{22D43528-7863-4F20-8712-257B8D2245CB}.Debug|ARM.Build.0 = Debug|ARM
		{22D43528-7863-4F20-8712-257B8D2245CB}.Debug|ARM.Deploy.0 = Debug|ARM
		{22D43528-7863-4F20-8712-257B8D2245CB}.Debug|x64.ActiveCfg = Debug|x64
		{22D43528-7863-4F20-8712-257B8D2245CB}.Debug|x64.Build.0 = Debug|x64
		{22D43528-7863-4F20-8712-257B8D2245CB}.Debug|x64.Deploy.0 = Debug|x64
		{22D43528-7863-4F20-8712-257B8D2245CB}.Debug|x86.ActiveCfg = Debug|x86
		{22D43528-7863-4F20-8712-257B8D2245CB}.Debug|x86.Build.0 = Debug|x86
		{22D43528-7863-4F20-8712-257B8D2245CB}.Debug|x86.Deploy.0 = Debug|x86
		{22D43528-7863-4F20-8712-257B8D2245CB}.Release|Any CPU.ActiveCfg = Release|Any CPU
		{22D43528-7863-4F20-8712-257B8D2245CB}.Release|Any CPU.Build.0 = Release|Any CPU
		{22D43528-7863-4F20-8712-257B8D2245CB}.Release|Any CPU.Deploy.0 = Release|Any CPU
		{22D43528-7863-4F20-8712-257B8D2245CB}.Release|ARM.ActiveCfg = Release|ARM
		{22D43528-7863-4F20-8712-257B8D2245CB}.Release|ARM.Build.0 = Release|ARM
		{22D43528-7863-4F20-8712-257B8D2245CB}.Release|ARM.Deploy.0 = Release|ARM
		{22D43528-7863-4F20-8712-257B8D2245CB}.Release|x64.ActiveCfg = Release|x64
		{22D43528-7863-4F20-8712-257B8D2245CB}.Release|x64.Build.0 = Release|x64
		{22D43528-7863-4F20-8712-257B8D2245CB}.Release|x64.Deploy.0 = Release|x64
		{22D43528-7863-4F20-8712-257B8D2245CB}.Release|x86.ActiveCfg = Release|x86
		{22D43528-7863-4F20-8712-257B8D2245CB}.Release|x86.Build.0 = Release|x86
		{22D43528-7863-4F20-8712-257B8D2245CB}.Release|x86.Deploy.0 = Release|x86
		{308ED819-29B5-45B8-989E-9FE68148E731}.Debug|Any CPU.ActiveCfg = Debug|Any CPU
		{308ED819-29B5-45B8-989E-9FE68148E731}.Debug|Any CPU.Build.0 = Debug|Any CPU
		{308ED819-29B5-45B8-989E-9FE68148E731}.Debug|Any CPU.Deploy.0 = Debug|Any CPU
		{308ED819-29B5-45B8-989E-9FE68148E731}.Debug|ARM.ActiveCfg = Debug|ARM
		{308ED819-29B5-45B8-989E-9FE68148E731}.Debug|ARM.Build.0 = Debug|ARM
		{308ED819-29B5-45B8-989E-9FE68148E731}.Debug|ARM.Deploy.0 = Debug|ARM
		{308ED819-29B5-45B8-989E-9FE68148E731}.Debug|x64.ActiveCfg = Debug|x64
		{308ED819-29B5-45B8-989E-9FE68148E731}.Debug|x64.Build.0 = Debug|x64
		{308ED819-29B5-45B8-989E-9FE68148E731}.Debug|x64.Deploy.0 = Debug|x64
		{308ED819-29B5-45B8-989E-9FE68148E731}.Debug|x86.ActiveCfg = Debug|x86
		{308ED819-29B5-45B8-989E-9FE68148E731}.Debug|x86.Build.0 = Debug|x86
		{308ED819-29B5-45B8-989E-9FE68148E731}.Debug|x86.Deploy.0 = Debug|x86
		{308ED819-29B5-45B8-989E-9FE68148E731}.Release|Any CPU.ActiveCfg = Release|Any CPU
		{308ED819-29B5-45B8-989E-9FE68148E731}.Release|Any CPU.Build.0 = Release|Any CPU
		{308ED819-29B5-45B8-989E-9FE68148E731}.Release|Any CPU.Deploy.0 = Release|Any CPU
		{308ED819-29B5-45B8-989E-9FE68148E731}.Release|ARM.ActiveCfg = Release|ARM
		{308ED819-29B5-45B8-989E-9FE68148E731}.Release|ARM.Build.0 = Release|ARM
		{308ED819-29B5-45B8-989E-9FE68148E731}.Release|ARM.Deploy.0 = Release|ARM
		{308ED819-29B5-45B8-989E-9FE68148E731}.Release|x64.ActiveCfg = Release|x64
		{308ED819-29B5-45B8-989E-9FE68148E731}.Release|x64.Build.0 = Release|x64
		{308ED819-29B5-45B8-989E-9FE68148E731}.Release|x64.Deploy.0 = Release|x64
		{308ED819-29B5-45B8-989E-9FE68148E731}.Release|x86.ActiveCfg = Release|x86
		{308ED819-29B5-45B8-989E-9FE68148E731}.Release|x86.Build.0 = Release|x86
		{308ED819-29B5-45B8-989E-9FE68148E731}.Release|x86.Deploy.0 = Release|x86
		{6506098A-47DF-4BB6-ABA0-18FBB7895D82}.Debug|Any CPU.ActiveCfg = Debug|Any CPU
		{6506098A-47DF-4BB6-ABA0-18FBB7895D82}.Debug|Any CPU.Build.0 = Debug|Any CPU
		{6506098A-47DF-4BB6-ABA0-18FBB7895D82}.Debug|Any CPU.Deploy.0 = Debug|Any CPU
		{6506098A-47DF-4BB6-ABA0-18FBB7895D82}.Debug|ARM.ActiveCfg = Debug|ARM
		{6506098A-47DF-4BB6-ABA0-18FBB7895D82}.Debug|ARM.Build.0 = Debug|ARM
		{6506098A-47DF-4BB6-ABA0-18FBB7895D82}.Debug|ARM.Deploy.0 = Debug|ARM
		{6506098A-47DF-4BB6-ABA0-18FBB7895D82}.Debug|x64.ActiveCfg = Debug|x64
		{6506098A-47DF-4BB6-ABA0-18FBB7895D82}.Debug|x64.Build.0 = Debug|x64
		{6506098A-47DF-4BB6-ABA0-18FBB7895D82}.Debug|x64.Deploy.0 = Debug|x64
		{6506098A-47DF-4BB6-ABA0-18FBB7895D82}.Debug|x86.ActiveCfg = Debug|x86
		{6506098A-47DF-4BB6-ABA0-18FBB7895D82}.Debug|x86.Build.0 = Debug|x86
		{6506098A-47DF-4BB6-ABA0-18FBB7895D82}.Debug|x86.Deploy.0 = Debug|x86
		{6506098A-47DF-4BB6-ABA0-18FBB7895D82}.Release|Any CPU.ActiveCfg = Release|Any CPU
		{6506098A-47DF-4BB6-ABA0-18FBB7895D82}.Release|Any CPU.Build.0 = Release|Any CPU
		{6506098A-47DF-4BB6-ABA0-18FBB7895D82}.Release|Any CPU.Deploy.0 = Release|Any CPU
		{6506098A-47DF-4BB6-ABA0-18FBB7895D82}.Release|ARM.ActiveCfg = Release|ARM
		{6506098A-47DF-4BB6-ABA0-18FBB7895D82}.Release|ARM.Build.0 = Release|ARM
		{6506098A-47DF-4BB6-ABA0-18FBB7895D82}.Release|ARM.Deploy.0 = Release|ARM
		{6506098A-47DF-4BB6-ABA0-18FBB7895D82}.Release|x64.ActiveCfg = Release|x64
		{6506098A-47DF-4BB6-ABA0-18FBB7895D82}.Release|x64.Build.0 = Release|x64
		{6506098A-47DF-4BB6-ABA0-18FBB7895D82}.Release|x64.Deploy.0 = Release|x64
		{6506098A-47DF-4BB6-ABA0-18FBB7895D82}.Release|x86.ActiveCfg = Release|x86
		{6506098A-47DF-4BB6-ABA0-18FBB7895D82}.Release|x86.Build.0 = Release|x86
		{6506098A-47DF-4BB6-ABA0-18FBB7895D82}.Release|x86.Deploy.0 = Release|x86
	EndGlobalSection
	GlobalSection(SolutionProperties) = preSolution
		HideSolutionNode = FALSE
	EndGlobalSection
EndGlobal
