
Microsoft Visual Studio Solution File, Format Version 12.00
# Visual Studio 2012
Project("{262852C6-CD72-467D-83FE-5EEB1973A190}") = "GettingStarted", "GettingStarted\GettingStarted.jsproj", "{0A89D36C-A513-47CA-A105-BD9D95A72F57}"
EndProject
Project("{262852C6-CD72-467D-83FE-5EEB1973A190}") = "WebServiceBinding", "WebServiceBinding\WebServiceBinding.jsproj", "{0E0BB33E-3793-4ED0-9F6B-0F8D6E1A6061}"
EndProject
Project("{262852C6-CD72-467D-83FE-5EEB1973A190}") = "UsingTemplateInItems", "UsingTemplateInItems\UsingTemplateInItems.jsproj", "{B1FE842B-1F9D-49DC-AD33-917CD83D357E}"
EndProject
Project("{262852C6-CD72-467D-83FE-5EEB1973A190}") = "FilteringExternalList", "FilteringExternalList\FilteringExternalList.jsproj", "{F232838C-DF2C-48DC-9288-CF0B279AD549}"
EndProject
Project("{262852C6-CD72-467D-83FE-5EEB1973A190}") = "TextMatchHighlighting", "TextMatchHighlighting\TextMatchHighlighting.jsproj", "{AF550036-5127-450B-A49E-4D1A2B6E75E5}"
EndProject
Global
	GlobalSection(SolutionConfigurationPlatforms) = preSolution
		Debug|Any CPU = Debug|Any CPU
		Debug|ARM = Debug|ARM
		Debug|x64 = Debug|x64
		Debug|x86 = Debug|x86
		Release|Any CPU = Release|Any CPU
		Release|ARM = Release|ARM
		Release|x64 = Release|x64
		Release|x86 = Release|x86
	EndGlobalSection
	GlobalSection(ProjectConfigurationPlatforms) = postSolution
		{0A89D36C-A513-47CA-A105-BD9D95A72F57}.Debug|Any CPU.ActiveCfg = Debug|Any CPU
		{0A89D36C-A513-47CA-A105-BD9D95A72F57}.Debug|Any CPU.Build.0 = Debug|Any CPU
		{0A89D36C-A513-47CA-A105-BD9D95A72F57}.Debug|Any CPU.Deploy.0 = Debug|Any CPU
		{0A89D36C-A513-47CA-A105-BD9D95A72F57}.Debug|ARM.ActiveCfg = Debug|ARM
		{0A89D36C-A513-47CA-A105-BD9D95A72F57}.Debug|ARM.Build.0 = Debug|ARM
		{0A89D36C-A513-47CA-A105-BD9D95A72F57}.Debug|ARM.Deploy.0 = Debug|ARM
		{0A89D36C-A513-47CA-A105-BD9D95A72F57}.Debug|x64.ActiveCfg = Debug|x64
		{0A89D36C-A513-47CA-A105-BD9D95A72F57}.Debug|x64.Build.0 = Debug|x64
		{0A89D36C-A513-47CA-A105-BD9D95A72F57}.Debug|x64.Deploy.0 = Debug|x64
		{0A89D36C-A513-47CA-A105-BD9D95A72F57}.Debug|x86.ActiveCfg = Debug|x86
		{0A89D36C-A513-47CA-A105-BD9D95A72F57}.Debug|x86.Build.0 = Debug|x86
		{0A89D36C-A513-47CA-A105-BD9D95A72F57}.Debug|x86.Deploy.0 = Debug|x86
		{0A89D36C-A513-47CA-A105-BD9D95A72F57}.Release|Any CPU.ActiveCfg = Release|Any CPU
		{0A89D36C-A513-47CA-A105-BD9D95A72F57}.Release|Any CPU.Build.0 = Release|Any CPU
		{0A89D36C-A513-47CA-A105-BD9D95A72F57}.Release|Any CPU.Deploy.0 = Release|Any CPU
		{0A89D36C-A513-47CA-A105-BD9D95A72F57}.Release|ARM.ActiveCfg = Release|ARM
		{0A89D36C-A513-47CA-A105-BD9D95A72F57}.Release|ARM.Build.0 = Release|ARM
		{0A89D36C-A513-47CA-A105-BD9D95A72F57}.Release|ARM.Deploy.0 = Release|ARM
		{0A89D36C-A513-47CA-A105-BD9D95A72F57}.Release|x64.ActiveCfg = Release|x64
		{0A89D36C-A513-47CA-A105-BD9D95A72F57}.Release|x64.Build.0 = Release|x64
		{0A89D36C-A513-47CA-A105-BD9D95A72F57}.Release|x64.Deploy.0 = Release|x64
		{0A89D36C-A513-47CA-A105-BD9D95A72F57}.Release|x86.ActiveCfg = Release|x86
		{0A89D36C-A513-47CA-A105-BD9D95A72F57}.Release|x86.Build.0 = Release|x86
		{0A89D36C-A513-47CA-A105-BD9D95A72F57}.Release|x86.Deploy.0 = Release|x86
		{0E0BB33E-3793-4ED0-9F6B-0F8D6E1A6061}.Debug|Any CPU.ActiveCfg = Debug|Any CPU
		{0E0BB33E-3793-4ED0-9F6B-0F8D6E1A6061}.Debug|Any CPU.Build.0 = Debug|Any CPU
		{0E0BB33E-3793-4ED0-9F6B-0F8D6E1A6061}.Debug|Any CPU.Deploy.0 = Debug|Any CPU
		{0E0BB33E-3793-4ED0-9F6B-0F8D6E1A6061}.Debug|ARM.ActiveCfg = Debug|ARM
		{0E0BB33E-3793-4ED0-9F6B-0F8D6E1A6061}.Debug|ARM.Build.0 = Debug|ARM
		{0E0BB33E-3793-4ED0-9F6B-0F8D6E1A6061}.Debug|ARM.Deploy.0 = Debug|ARM
		{0E0BB33E-3793-4ED0-9F6B-0F8D6E1A6061}.Debug|x64.ActiveCfg = Debug|x64
		{0E0BB33E-3793-4ED0-9F6B-0F8D6E1A6061}.Debug|x64.Build.0 = Debug|x64
		{0E0BB33E-3793-4ED0-9F6B-0F8D6E1A6061}.Debug|x64.Deploy.0 = Debug|x64
		{0E0BB33E-3793-4ED0-9F6B-0F8D6E1A6061}.Debug|x86.ActiveCfg = Debug|x86
		{0E0BB33E-3793-4ED0-9F6B-0F8D6E1A6061}.Debug|x86.Build.0 = Debug|x86
		{0E0BB33E-3793-4ED0-9F6B-0F8D6E1A6061}.Debug|x86.Deploy.0 = Debug|x86
		{0E0BB33E-3793-4ED0-9F6B-0F8D6E1A6061}.Release|Any CPU.ActiveCfg = Release|Any CPU
		{0E0BB33E-3793-4ED0-9F6B-0F8D6E1A6061}.Release|Any CPU.Build.0 = Release|Any CPU
		{0E0BB33E-3793-4ED0-9F6B-0F8D6E1A6061}.Release|Any CPU.Deploy.0 = Release|Any CPU
		{0E0BB33E-3793-4ED0-9F6B-0F8D6E1A6061}.Release|ARM.ActiveCfg = Release|ARM
		{0E0BB33E-3793-4ED0-9F6B-0F8D6E1A6061}.Release|ARM.Build.0 = Release|ARM
		{0E0BB33E-3793-4ED0-9F6B-0F8D6E1A6061}.Release|ARM.Deploy.0 = Release|ARM
		{0E0BB33E-3793-4ED0-9F6B-0F8D6E1A6061}.Release|x64.ActiveCfg = Release|x64
		{0E0BB33E-3793-4ED0-9F6B-0F8D6E1A6061}.Release|x64.Build.0 = Release|x64
		{0E0BB33E-3793-4ED0-9F6B-0F8D6E1A6061}.Release|x64.Deploy.0 = Release|x64
		{0E0BB33E-3793-4ED0-9F6B-0F8D6E1A6061}.Release|x86.ActiveCfg = Release|x86
		{0E0BB33E-3793-4ED0-9F6B-0F8D6E1A6061}.Release|x86.Build.0 = Release|x86
		{0E0BB33E-3793-4ED0-9F6B-0F8D6E1A6061}.Release|x86.Deploy.0 = Release|x86
		{B1FE842B-1F9D-49DC-AD33-917CD83D357E}.Debug|Any CPU.ActiveCfg = Debug|Any CPU
		{B1FE842B-1F9D-49DC-AD33-917CD83D357E}.Debug|Any CPU.Build.0 = Debug|Any CPU
		{B1FE842B-1F9D-49DC-AD33-917CD83D357E}.Debug|Any CPU.Deploy.0 = Debug|Any CPU
		{B1FE842B-1F9D-49DC-AD33-917CD83D357E}.Debug|ARM.ActiveCfg = Debug|ARM
		{B1FE842B-1F9D-49DC-AD33-917CD83D357E}.Debug|ARM.Build.0 = Debug|ARM
		{B1FE842B-1F9D-49DC-AD33-917CD83D357E}.Debug|ARM.Deploy.0 = Debug|ARM
		{B1FE842B-1F9D-49DC-AD33-917CD83D357E}.Debug|x64.ActiveCfg = Debug|x64
		{B1FE842B-1F9D-49DC-AD33-917CD83D357E}.Debug|x64.Build.0 = Debug|x64
		{B1FE842B-1F9D-49DC-AD33-917CD83D357E}.Debug|x64.Deploy.0 = Debug|x64
		{B1FE842B-1F9D-49DC-AD33-917CD83D357E}.Debug|x86.ActiveCfg = Debug|x86
		{B1FE842B-1F9D-49DC-AD33-917CD83D357E}.Debug|x86.Build.0 = Debug|x86
		{B1FE842B-1F9D-49DC-AD33-917CD83D357E}.Debug|x86.Deploy.0 = Debug|x86
		{B1FE842B-1F9D-49DC-AD33-917CD83D357E}.Release|Any CPU.ActiveCfg = Release|Any CPU
		{B1FE842B-1F9D-49DC-AD33-917CD83D357E}.Release|Any CPU.Build.0 = Release|Any CPU
		{B1FE842B-1F9D-49DC-AD33-917CD83D357E}.Release|Any CPU.Deploy.0 = Release|Any CPU
		{B1FE842B-1F9D-49DC-AD33-917CD83D357E}.Release|ARM.ActiveCfg = Release|ARM
		{B1FE842B-1F9D-49DC-AD33-917CD83D357E}.Release|ARM.Build.0 = Release|ARM
		{B1FE842B-1F9D-49DC-AD33-917CD83D357E}.Release|ARM.Deploy.0 = Release|ARM
		{B1FE842B-1F9D-49DC-AD33-917CD83D357E}.Release|x64.ActiveCfg = Release|x64
		{B1FE842B-1F9D-49DC-AD33-917CD83D357E}.Release|x64.Build.0 = Release|x64
		{B1FE842B-1F9D-49DC-AD33-917CD83D357E}.Release|x64.Deploy.0 = Release|x64
		{B1FE842B-1F9D-49DC-AD33-917CD83D357E}.Release|x86.ActiveCfg = Release|x86
		{B1FE842B-1F9D-49DC-AD33-917CD83D357E}.Release|x86.Build.0 = Release|x86
		{B1FE842B-1F9D-49DC-AD33-917CD83D357E}.Release|x86.Deploy.0 = Release|x86
		{F232838C-DF2C-48DC-9288-CF0B279AD549}.Debug|Any CPU.ActiveCfg = Debug|Any CPU
		{F232838C-DF2C-48DC-9288-CF0B279AD549}.Debug|Any CPU.Build.0 = Debug|Any CPU
		{F232838C-DF2C-48DC-9288-CF0B279AD549}.Debug|Any CPU.Deploy.0 = Debug|Any CPU
		{F232838C-DF2C-48DC-9288-CF0B279AD549}.Debug|ARM.ActiveCfg = Debug|ARM
		{F232838C-DF2C-48DC-9288-CF0B279AD549}.Debug|ARM.Build.0 = Debug|ARM
		{F232838C-DF2C-48DC-9288-CF0B279AD549}.Debug|ARM.Deploy.0 = Debug|ARM
		{F232838C-DF2C-48DC-9288-CF0B279AD549}.Debug|x64.ActiveCfg = Debug|x64
		{F232838C-DF2C-48DC-9288-CF0B279AD549}.Debug|x64.Build.0 = Debug|x64
		{F232838C-DF2C-48DC-9288-CF0B279AD549}.Debug|x64.Deploy.0 = Debug|x64
		{F232838C-DF2C-48DC-9288-CF0B279AD549}.Debug|x86.ActiveCfg = Debug|x86
		{F232838C-DF2C-48DC-9288-CF0B279AD549}.Debug|x86.Build.0 = Debug|x86
		{F232838C-DF2C-48DC-9288-CF0B279AD549}.Debug|x86.Deploy.0 = Debug|x86
		{F232838C-DF2C-48DC-9288-CF0B279AD549}.Release|Any CPU.ActiveCfg = Release|Any CPU
		{F232838C-DF2C-48DC-9288-CF0B279AD549}.Release|Any CPU.Build.0 = Release|Any CPU
		{F232838C-DF2C-48DC-9288-CF0B279AD549}.Release|Any CPU.Deploy.0 = Release|Any CPU
		{F232838C-DF2C-48DC-9288-CF0B279AD549}.Release|ARM.ActiveCfg = Release|ARM
		{F232838C-DF2C-48DC-9288-CF0B279AD549}.Release|ARM.Build.0 = Release|ARM
		{F232838C-DF2C-48DC-9288-CF0B279AD549}.Release|ARM.Deploy.0 = Release|ARM
		{F232838C-DF2C-48DC-9288-CF0B279AD549}.Release|x64.ActiveCfg = Release|x64
		{F232838C-DF2C-48DC-9288-CF0B279AD549}.Release|x64.Build.0 = Release|x64
		{F232838C-DF2C-48DC-9288-CF0B279AD549}.Release|x64.Deploy.0 = Release|x64
		{F232838C-DF2C-48DC-9288-CF0B279AD549}.Release|x86.ActiveCfg = Release|x86
		{F232838C-DF2C-48DC-9288-CF0B279AD549}.Release|x86.Build.0 = Release|x86
		{F232838C-DF2C-48DC-9288-CF0B279AD549}.Release|x86.Deploy.0 = Release|x86
		{AF550036-5127-450B-A49E-4D1A2B6E75E5}.Debug|Any CPU.ActiveCfg = Debug|Any CPU
		{AF550036-5127-450B-A49E-4D1A2B6E75E5}.Debug|Any CPU.Build.0 = Debug|Any CPU
		{AF550036-5127-450B-A49E-4D1A2B6E75E5}.Debug|Any CPU.Deploy.0 = Debug|Any CPU
		{AF550036-5127-450B-A49E-4D1A2B6E75E5}.Debug|ARM.ActiveCfg = Debug|ARM
		{AF550036-5127-450B-A49E-4D1A2B6E75E5}.Debug|ARM.Build.0 = Debug|ARM
		{AF550036-5127-450B-A49E-4D1A2B6E75E5}.Debug|ARM.Deploy.0 = Debug|ARM
		{AF550036-5127-450B-A49E-4D1A2B6E75E5}.Debug|x64.ActiveCfg = Debug|x64
		{AF550036-5127-450B-A49E-4D1A2B6E75E5}.Debug|x64.Build.0 = Debug|x64
		{AF550036-5127-450B-A49E-4D1A2B6E75E5}.Debug|x64.Deploy.0 = Debug|x64
		{AF550036-5127-450B-A49E-4D1A2B6E75E5}.Debug|x86.ActiveCfg = Debug|x86
		{AF550036-5127-450B-A49E-4D1A2B6E75E5}.Debug|x86.Build.0 = Debug|x86
		{AF550036-5127-450B-A49E-4D1A2B6E75E5}.Debug|x86.Deploy.0 = Debug|x86
		{AF550036-5127-450B-A49E-4D1A2B6E75E5}.Release|Any CPU.ActiveCfg = Release|Any CPU
		{AF550036-5127-450B-A49E-4D1A2B6E75E5}.Release|Any CPU.Build.0 = Release|Any CPU
		{AF550036-5127-450B-A49E-4D1A2B6E75E5}.Release|Any CPU.Deploy.0 = Release|Any CPU
		{AF550036-5127-450B-A49E-4D1A2B6E75E5}.Release|ARM.ActiveCfg = Release|ARM
		{AF550036-5127-450B-A49E-4D1A2B6E75E5}.Release|ARM.Build.0 = Release|ARM
		{AF550036-5127-450B-A49E-4D1A2B6E75E5}.Release|ARM.Deploy.0 = Release|ARM
		{AF550036-5127-450B-A49E-4D1A2B6E75E5}.Release|x64.ActiveCfg = Release|x64
		{AF550036-5127-450B-A49E-4D1A2B6E75E5}.Release|x64.Build.0 = Release|x64
		{AF550036-5127-450B-A49E-4D1A2B6E75E5}.Release|x64.Deploy.0 = Release|x64
		{AF550036-5127-450B-A49E-4D1A2B6E75E5}.Release|x86.ActiveCfg = Release|x86
		{AF550036-5127-450B-A49E-4D1A2B6E75E5}.Release|x86.Build.0 = Release|x86
		{AF550036-5127-450B-A49E-4D1A2B6E75E5}.Release|x86.Deploy.0 = Release|x86
	EndGlobalSection
	GlobalSection(SolutionProperties) = preSolution
		HideSolutionNode = FALSE
	EndGlobalSection
EndGlobal
