
Microsoft Visual Studio Solution File, Format Version 12.00
# Visual Studio 2012
Project("{262852C6-CD72-467D-83FE-5EEB1973A190}") = "GettingStarted", "GettingStarted\GettingStarted.jsproj", "{F8E473B4-05F2-4485-829D-6A7C81670F7B}"
EndProject
Project("{262852C6-CD72-467D-83FE-5EEB1973A190}") = "BindingToXml", "BindingToXml\BindingToXml.jsproj", "{6287A9A5-B937-4E23-8497-4E5E730C5C8B}"
EndProject
Project("{262852C6-CD72-467D-83FE-5EEB1973A190}") = "BindingToLocalJson", "BindingToLocalJson\BindingToLocalJson.jsproj", "{75823E49-985C-4FE6-9BB3-00AB7FE6D76A}"
EndProject
Project("{262852C6-CD72-467D-83FE-5EEB1973A190}") = "BindingToRemoteService", "BindingToRemoteService\BindingToRemoteService.jsproj", "{43DAEEED-AE70-4D6C-8021-4CA87354489D}"
EndProject
Project("{262852C6-CD72-467D-83FE-5EEB1973A190}") = "ColumnSettings", "ColumnSettings\ColumnSettings.jsproj", "{DF485D23-0F96-41CC-895F-423B387C2077}"
EndProject
Project("{262852C6-CD72-467D-83FE-5EEB1973A190}") = "Sorting", "Sorting\Sorting.jsproj", "{78108EFB-B7B2-48D0-8547-615526CAD24A}"
EndProject
Project("{262852C6-CD72-467D-83FE-5EEB1973A190}") = "Filtering", "Filtering\Filtering.jsproj", "{9926F15B-759C-4046-8314-325F02BA413E}"
EndProject
Project("{262852C6-CD72-467D-83FE-5EEB1973A190}") = "ProvidingDefaultSortExpression", "ProvidingDefaultSortExpression\ProvidingDefaultSortExpression.jsproj", "{958EE394-817F-48BD-BA47-BF808D490E46}"
EndProject
Project("{262852C6-CD72-467D-83FE-5EEB1973A190}") = "ProvidingDefaultFilterExpression", "ProvidingDefaultFilterExpression\ProvidingDefaultFilterExpression.jsproj", "{A20016EE-FD65-4318-99CE-FC3E912020B3}"
EndProject
Project("{262852C6-CD72-467D-83FE-5EEB1973A190}") = "Grouping", "Grouping\Grouping.jsproj", "{A9C2986F-EF7D-4BA5-922F-2AE83881E782}"
EndProject
Project("{262852C6-CD72-467D-83FE-5EEB1973A190}") = "ProvidingDefaultGrouping", "ProvidingDefaultGrouping\ProvidingDefaultGrouping.jsproj", "{52F0D27F-7868-4FB1-B5FF-E07836460A78}"
EndProject
Project("{262852C6-CD72-467D-83FE-5EEB1973A190}") = "AggregatesWithPredefinedGrouping", "AggregatesWithPredefinedGrouping\AggregatesWithPredefinedGrouping.jsproj", "{EA404BF7-BC76-4C22-9D0D-725FD9931F38}"
EndProject
Project("{262852C6-CD72-467D-83FE-5EEB1973A190}") = "AggregatesWithDragToGroup", "AggregatesWithDragToGroup\AggregatesWithDragToGroup.jsproj", "{6D5F5E5B-6CC1-4054-B61B-133C199A5480}"
EndProject
Project("{262852C6-CD72-467D-83FE-5EEB1973A190}") = "DeclarativeHierarchy", "DeclarativeHierarchy\DeclarativeHierarchy.jsproj", "{10981C8A-5B24-41F5-B689-201752D2A7F1}"
EndProject
Project("{262852C6-CD72-467D-83FE-5EEB1973A190}") = "HierarchyWithDetailTemplate", "HierarchyWithDetailTemplate\HierarchyWithDetailTemplate.jsproj", "{3D43511E-326B-4B08-8D07-BA19208EB4B4}"
EndProject
Project("{262852C6-CD72-467D-83FE-5EEB1973A190}") = "RowTemplate", "RowTemplate\RowTemplate.jsproj", "{F185947B-90A3-4A98-812D-0F2125C42F1E}"
EndProject
Project("{262852C6-CD72-467D-83FE-5EEB1973A190}") = "SelectionModes", "Selection\SelectionModes.jsproj", "{101E1800-4AC3-4E6E-9917-103F0D20BEB2}"
EndProject
Project("{262852C6-CD72-467D-83FE-5EEB1973A190}") = "ProgrammaticSelection", "ProgrammaticSelection\ProgrammaticSelection.jsproj", "{2BC8391B-9B75-44A1-84DF-E6EFA1F276BF}"
EndProject
Project("{262852C6-CD72-467D-83FE-5EEB1973A190}") = "ResizingAndReordering", "ResizingAndReordering\ResizingAndReordering.jsproj", "{52DC0BF4-81E4-4614-9673-98297BB11F3C}"
EndProject
Project("{262852C6-CD72-467D-83FE-5EEB1973A190}") = "VirtualScrolling", "VirtualScrolling\VirtualScrolling.jsproj", "{EA405DA5-21FB-46BA-848F-D3EB2787DE96}"
EndProject
Project("{262852C6-CD72-467D-83FE-5EEB1973A190}") = "ConditionalFormatting", "ConditionalFormatting\ConditionalFormatting.jsproj", "{7280D627-DA92-4A26-9D90-02B4357996B7}"
EndProject
Project("{262852C6-CD72-467D-83FE-5EEB1973A190}") = "ShowChartInGridColumn", "ShowChartInGridColumn\ShowChartInGridColumn.jsproj", "{4831733E-FBEB-48EE-9B5A-F2201F612C1B}"
EndProject
Project("{262852C6-CD72-467D-83FE-5EEB1973A190}") = "MasterDetailGrid", "MasterDetailGrid\MasterDetailGrid.jsproj", "{356BB6E8-CC65-4F58-BB39-46514A2BC958}"
EndProject
Global
	GlobalSection(SolutionConfigurationPlatforms) = preSolution
		Debug|Any CPU = Debug|Any CPU
		Debug|ARM = Debug|ARM
		Debug|x64 = Debug|x64
		Debug|x86 = Debug|x86
		Release|Any CPU = Release|Any CPU
		Release|ARM = Release|ARM
		Release|x64 = Release|x64
		Release|x86 = Release|x86
	EndGlobalSection
	GlobalSection(ProjectConfigurationPlatforms) = postSolution
		{F8E473B4-05F2-4485-829D-6A7C81670F7B}.Debug|Any CPU.ActiveCfg = Debug|Any CPU
		{F8E473B4-05F2-4485-829D-6A7C81670F7B}.Debug|Any CPU.Build.0 = Debug|Any CPU
		{F8E473B4-05F2-4485-829D-6A7C81670F7B}.Debug|Any CPU.Deploy.0 = Debug|Any CPU
		{F8E473B4-05F2-4485-829D-6A7C81670F7B}.Debug|ARM.ActiveCfg = Debug|ARM
		{F8E473B4-05F2-4485-829D-6A7C81670F7B}.Debug|ARM.Build.0 = Debug|ARM
		{F8E473B4-05F2-4485-829D-6A7C81670F7B}.Debug|ARM.Deploy.0 = Debug|ARM
		{F8E473B4-05F2-4485-829D-6A7C81670F7B}.Debug|x64.ActiveCfg = Debug|x64
		{F8E473B4-05F2-4485-829D-6A7C81670F7B}.Debug|x64.Build.0 = Debug|x64
		{F8E473B4-05F2-4485-829D-6A7C81670F7B}.Debug|x64.Deploy.0 = Debug|x64
		{F8E473B4-05F2-4485-829D-6A7C81670F7B}.Debug|x86.ActiveCfg = Debug|x86
		{F8E473B4-05F2-4485-829D-6A7C81670F7B}.Debug|x86.Build.0 = Debug|x86
		{F8E473B4-05F2-4485-829D-6A7C81670F7B}.Debug|x86.Deploy.0 = Debug|x86
		{F8E473B4-05F2-4485-829D-6A7C81670F7B}.Release|Any CPU.ActiveCfg = Release|Any CPU
		{F8E473B4-05F2-4485-829D-6A7C81670F7B}.Release|Any CPU.Build.0 = Release|Any CPU
		{F8E473B4-05F2-4485-829D-6A7C81670F7B}.Release|Any CPU.Deploy.0 = Release|Any CPU
		{F8E473B4-05F2-4485-829D-6A7C81670F7B}.Release|ARM.ActiveCfg = Release|ARM
		{F8E473B4-05F2-4485-829D-6A7C81670F7B}.Release|ARM.Build.0 = Release|ARM
		{F8E473B4-05F2-4485-829D-6A7C81670F7B}.Release|ARM.Deploy.0 = Release|ARM
		{F8E473B4-05F2-4485-829D-6A7C81670F7B}.Release|x64.ActiveCfg = Release|x64
		{F8E473B4-05F2-4485-829D-6A7C81670F7B}.Release|x64.Build.0 = Release|x64
		{F8E473B4-05F2-4485-829D-6A7C81670F7B}.Release|x64.Deploy.0 = Release|x64
		{F8E473B4-05F2-4485-829D-6A7C81670F7B}.Release|x86.ActiveCfg = Release|x86
		{F8E473B4-05F2-4485-829D-6A7C81670F7B}.Release|x86.Build.0 = Release|x86
		{F8E473B4-05F2-4485-829D-6A7C81670F7B}.Release|x86.Deploy.0 = Release|x86
		{6287A9A5-B937-4E23-8497-4E5E730C5C8B}.Debug|Any CPU.ActiveCfg = Debug|Any CPU
		{6287A9A5-B937-4E23-8497-4E5E730C5C8B}.Debug|Any CPU.Build.0 = Debug|Any CPU
		{6287A9A5-B937-4E23-8497-4E5E730C5C8B}.Debug|Any CPU.Deploy.0 = Debug|Any CPU
		{6287A9A5-B937-4E23-8497-4E5E730C5C8B}.Debug|ARM.ActiveCfg = Debug|ARM
		{6287A9A5-B937-4E23-8497-4E5E730C5C8B}.Debug|ARM.Build.0 = Debug|ARM
		{6287A9A5-B937-4E23-8497-4E5E730C5C8B}.Debug|ARM.Deploy.0 = Debug|ARM
		{6287A9A5-B937-4E23-8497-4E5E730C5C8B}.Debug|x64.ActiveCfg = Debug|x64
		{6287A9A5-B937-4E23-8497-4E5E730C5C8B}.Debug|x64.Build.0 = Debug|x64
		{6287A9A5-B937-4E23-8497-4E5E730C5C8B}.Debug|x64.Deploy.0 = Debug|x64
		{6287A9A5-B937-4E23-8497-4E5E730C5C8B}.Debug|x86.ActiveCfg = Debug|x86
		{6287A9A5-B937-4E23-8497-4E5E730C5C8B}.Debug|x86.Build.0 = Debug|x86
		{6287A9A5-B937-4E23-8497-4E5E730C5C8B}.Debug|x86.Deploy.0 = Debug|x86
		{6287A9A5-B937-4E23-8497-4E5E730C5C8B}.Release|Any CPU.ActiveCfg = Release|Any CPU
		{6287A9A5-B937-4E23-8497-4E5E730C5C8B}.Release|Any CPU.Build.0 = Release|Any CPU
		{6287A9A5-B937-4E23-8497-4E5E730C5C8B}.Release|Any CPU.Deploy.0 = Release|Any CPU
		{6287A9A5-B937-4E23-8497-4E5E730C5C8B}.Release|ARM.ActiveCfg = Release|ARM
		{6287A9A5-B937-4E23-8497-4E5E730C5C8B}.Release|ARM.Build.0 = Release|ARM
		{6287A9A5-B937-4E23-8497-4E5E730C5C8B}.Release|ARM.Deploy.0 = Release|ARM
		{6287A9A5-B937-4E23-8497-4E5E730C5C8B}.Release|x64.ActiveCfg = Release|x64
		{6287A9A5-B937-4E23-8497-4E5E730C5C8B}.Release|x64.Build.0 = Release|x64
		{6287A9A5-B937-4E23-8497-4E5E730C5C8B}.Release|x64.Deploy.0 = Release|x64
		{6287A9A5-B937-4E23-8497-4E5E730C5C8B}.Release|x86.ActiveCfg = Release|x86
		{6287A9A5-B937-4E23-8497-4E5E730C5C8B}.Release|x86.Build.0 = Release|x86
		{6287A9A5-B937-4E23-8497-4E5E730C5C8B}.Release|x86.Deploy.0 = Release|x86
		{75823E49-985C-4FE6-9BB3-00AB7FE6D76A}.Debug|Any CPU.ActiveCfg = Debug|Any CPU
		{75823E49-985C-4FE6-9BB3-00AB7FE6D76A}.Debug|Any CPU.Build.0 = Debug|Any CPU
		{75823E49-985C-4FE6-9BB3-00AB7FE6D76A}.Debug|Any CPU.Deploy.0 = Debug|Any CPU
		{75823E49-985C-4FE6-9BB3-00AB7FE6D76A}.Debug|ARM.ActiveCfg = Debug|ARM
		{75823E49-985C-4FE6-9BB3-00AB7FE6D76A}.Debug|ARM.Build.0 = Debug|ARM
		{75823E49-985C-4FE6-9BB3-00AB7FE6D76A}.Debug|ARM.Deploy.0 = Debug|ARM
		{75823E49-985C-4FE6-9BB3-00AB7FE6D76A}.Debug|x64.ActiveCfg = Debug|x64
		{75823E49-985C-4FE6-9BB3-00AB7FE6D76A}.Debug|x64.Build.0 = Debug|x64
		{75823E49-985C-4FE6-9BB3-00AB7FE6D76A}.Debug|x64.Deploy.0 = Debug|x64
		{75823E49-985C-4FE6-9BB3-00AB7FE6D76A}.Debug|x86.ActiveCfg = Debug|x86
		{75823E49-985C-4FE6-9BB3-00AB7FE6D76A}.Debug|x86.Build.0 = Debug|x86
		{75823E49-985C-4FE6-9BB3-00AB7FE6D76A}.Debug|x86.Deploy.0 = Debug|x86
		{75823E49-985C-4FE6-9BB3-00AB7FE6D76A}.Release|Any CPU.ActiveCfg = Release|Any CPU
		{75823E49-985C-4FE6-9BB3-00AB7FE6D76A}.Release|Any CPU.Build.0 = Release|Any CPU
		{75823E49-985C-4FE6-9BB3-00AB7FE6D76A}.Release|Any CPU.Deploy.0 = Release|Any CPU
		{75823E49-985C-4FE6-9BB3-00AB7FE6D76A}.Release|ARM.ActiveCfg = Release|ARM
		{75823E49-985C-4FE6-9BB3-00AB7FE6D76A}.Release|ARM.Build.0 = Release|ARM
		{75823E49-985C-4FE6-9BB3-00AB7FE6D76A}.Release|ARM.Deploy.0 = Release|ARM
		{75823E49-985C-4FE6-9BB3-00AB7FE6D76A}.Release|x64.ActiveCfg = Release|x64
		{75823E49-985C-4FE6-9BB3-00AB7FE6D76A}.Release|x64.Build.0 = Release|x64
		{75823E49-985C-4FE6-9BB3-00AB7FE6D76A}.Release|x64.Deploy.0 = Release|x64
		{75823E49-985C-4FE6-9BB3-00AB7FE6D76A}.Release|x86.ActiveCfg = Release|x86
		{75823E49-985C-4FE6-9BB3-00AB7FE6D76A}.Release|x86.Build.0 = Release|x86
		{75823E49-985C-4FE6-9BB3-00AB7FE6D76A}.Release|x86.Deploy.0 = Release|x86
		{43DAEEED-AE70-4D6C-8021-4CA87354489D}.Debug|Any CPU.ActiveCfg = Debug|Any CPU
		{43DAEEED-AE70-4D6C-8021-4CA87354489D}.Debug|Any CPU.Build.0 = Debug|Any CPU
		{43DAEEED-AE70-4D6C-8021-4CA87354489D}.Debug|Any CPU.Deploy.0 = Debug|Any CPU
		{43DAEEED-AE70-4D6C-8021-4CA87354489D}.Debug|ARM.ActiveCfg = Debug|ARM
		{43DAEEED-AE70-4D6C-8021-4CA87354489D}.Debug|ARM.Build.0 = Debug|ARM
		{43DAEEED-AE70-4D6C-8021-4CA87354489D}.Debug|ARM.Deploy.0 = Debug|ARM
		{43DAEEED-AE70-4D6C-8021-4CA87354489D}.Debug|x64.ActiveCfg = Debug|x64
		{43DAEEED-AE70-4D6C-8021-4CA87354489D}.Debug|x64.Build.0 = Debug|x64
		{43DAEEED-AE70-4D6C-8021-4CA87354489D}.Debug|x64.Deploy.0 = Debug|x64
		{43DAEEED-AE70-4D6C-8021-4CA87354489D}.Debug|x86.ActiveCfg = Debug|x86
		{43DAEEED-AE70-4D6C-8021-4CA87354489D}.Debug|x86.Build.0 = Debug|x86
		{43DAEEED-AE70-4D6C-8021-4CA87354489D}.Debug|x86.Deploy.0 = Debug|x86
		{43DAEEED-AE70-4D6C-8021-4CA87354489D}.Release|Any CPU.ActiveCfg = Release|Any CPU
		{43DAEEED-AE70-4D6C-8021-4CA87354489D}.Release|Any CPU.Build.0 = Release|Any CPU
		{43DAEEED-AE70-4D6C-8021-4CA87354489D}.Release|Any CPU.Deploy.0 = Release|Any CPU
		{43DAEEED-AE70-4D6C-8021-4CA87354489D}.Release|ARM.ActiveCfg = Release|ARM
		{43DAEEED-AE70-4D6C-8021-4CA87354489D}.Release|ARM.Build.0 = Release|ARM
		{43DAEEED-AE70-4D6C-8021-4CA87354489D}.Release|ARM.Deploy.0 = Release|ARM
		{43DAEEED-AE70-4D6C-8021-4CA87354489D}.Release|x64.ActiveCfg = Release|x64
		{43DAEEED-AE70-4D6C-8021-4CA87354489D}.Release|x64.Build.0 = Release|x64
		{43DAEEED-AE70-4D6C-8021-4CA87354489D}.Release|x64.Deploy.0 = Release|x64
		{43DAEEED-AE70-4D6C-8021-4CA87354489D}.Release|x86.ActiveCfg = Release|x86
		{43DAEEED-AE70-4D6C-8021-4CA87354489D}.Release|x86.Build.0 = Release|x86
		{43DAEEED-AE70-4D6C-8021-4CA87354489D}.Release|x86.Deploy.0 = Release|x86
		{DF485D23-0F96-41CC-895F-423B387C2077}.Debug|Any CPU.ActiveCfg = Debug|Any CPU
		{DF485D23-0F96-41CC-895F-423B387C2077}.Debug|Any CPU.Build.0 = Debug|Any CPU
		{DF485D23-0F96-41CC-895F-423B387C2077}.Debug|Any CPU.Deploy.0 = Debug|Any CPU
		{DF485D23-0F96-41CC-895F-423B387C2077}.Debug|ARM.ActiveCfg = Debug|ARM
		{DF485D23-0F96-41CC-895F-423B387C2077}.Debug|ARM.Build.0 = Debug|ARM
		{DF485D23-0F96-41CC-895F-423B387C2077}.Debug|ARM.Deploy.0 = Debug|ARM
		{DF485D23-0F96-41CC-895F-423B387C2077}.Debug|x64.ActiveCfg = Debug|x64
		{DF485D23-0F96-41CC-895F-423B387C2077}.Debug|x64.Build.0 = Debug|x64
		{DF485D23-0F96-41CC-895F-423B387C2077}.Debug|x64.Deploy.0 = Debug|x64
		{DF485D23-0F96-41CC-895F-423B387C2077}.Debug|x86.ActiveCfg = Debug|x86
		{DF485D23-0F96-41CC-895F-423B387C2077}.Debug|x86.Build.0 = Debug|x86
		{DF485D23-0F96-41CC-895F-423B387C2077}.Debug|x86.Deploy.0 = Debug|x86
		{DF485D23-0F96-41CC-895F-423B387C2077}.Release|Any CPU.ActiveCfg = Release|Any CPU
		{DF485D23-0F96-41CC-895F-423B387C2077}.Release|Any CPU.Build.0 = Release|Any CPU
		{DF485D23-0F96-41CC-895F-423B387C2077}.Release|Any CPU.Deploy.0 = Release|Any CPU
		{DF485D23-0F96-41CC-895F-423B387C2077}.Release|ARM.ActiveCfg = Release|ARM
		{DF485D23-0F96-41CC-895F-423B387C2077}.Release|ARM.Build.0 = Release|ARM
		{DF485D23-0F96-41CC-895F-423B387C2077}.Release|ARM.Deploy.0 = Release|ARM
		{DF485D23-0F96-41CC-895F-423B387C2077}.Release|x64.ActiveCfg = Release|x64
		{DF485D23-0F96-41CC-895F-423B387C2077}.Release|x64.Build.0 = Release|x64
		{DF485D23-0F96-41CC-895F-423B387C2077}.Release|x64.Deploy.0 = Release|x64
		{DF485D23-0F96-41CC-895F-423B387C2077}.Release|x86.ActiveCfg = Release|x86
		{DF485D23-0F96-41CC-895F-423B387C2077}.Release|x86.Build.0 = Release|x86
		{DF485D23-0F96-41CC-895F-423B387C2077}.Release|x86.Deploy.0 = Release|x86
		{78108EFB-B7B2-48D0-8547-615526CAD24A}.Debug|Any CPU.ActiveCfg = Debug|Any CPU
		{78108EFB-B7B2-48D0-8547-615526CAD24A}.Debug|Any CPU.Build.0 = Debug|Any CPU
		{78108EFB-B7B2-48D0-8547-615526CAD24A}.Debug|Any CPU.Deploy.0 = Debug|Any CPU
		{78108EFB-B7B2-48D0-8547-615526CAD24A}.Debug|ARM.ActiveCfg = Debug|ARM
		{78108EFB-B7B2-48D0-8547-615526CAD24A}.Debug|ARM.Build.0 = Debug|ARM
		{78108EFB-B7B2-48D0-8547-615526CAD24A}.Debug|ARM.Deploy.0 = Debug|ARM
		{78108EFB-B7B2-48D0-8547-615526CAD24A}.Debug|x64.ActiveCfg = Debug|x64
		{78108EFB-B7B2-48D0-8547-615526CAD24A}.Debug|x64.Build.0 = Debug|x64
		{78108EFB-B7B2-48D0-8547-615526CAD24A}.Debug|x64.Deploy.0 = Debug|x64
		{78108EFB-B7B2-48D0-8547-615526CAD24A}.Debug|x86.ActiveCfg = Debug|x86
		{78108EFB-B7B2-48D0-8547-615526CAD24A}.Debug|x86.Build.0 = Debug|x86
		{78108EFB-B7B2-48D0-8547-615526CAD24A}.Debug|x86.Deploy.0 = Debug|x86
		{78108EFB-B7B2-48D0-8547-615526CAD24A}.Release|Any CPU.ActiveCfg = Release|Any CPU
		{78108EFB-B7B2-48D0-8547-615526CAD24A}.Release|Any CPU.Build.0 = Release|Any CPU
		{78108EFB-B7B2-48D0-8547-615526CAD24A}.Release|Any CPU.Deploy.0 = Release|Any CPU
		{78108EFB-B7B2-48D0-8547-615526CAD24A}.Release|ARM.ActiveCfg = Release|ARM
		{78108EFB-B7B2-48D0-8547-615526CAD24A}.Release|ARM.Build.0 = Release|ARM
		{78108EFB-B7B2-48D0-8547-615526CAD24A}.Release|ARM.Deploy.0 = Release|ARM
		{78108EFB-B7B2-48D0-8547-615526CAD24A}.Release|x64.ActiveCfg = Release|x64
		{78108EFB-B7B2-48D0-8547-615526CAD24A}.Release|x64.Build.0 = Release|x64
		{78108EFB-B7B2-48D0-8547-615526CAD24A}.Release|x64.Deploy.0 = Release|x64
		{78108EFB-B7B2-48D0-8547-615526CAD24A}.Release|x86.ActiveCfg = Release|x86
		{78108EFB-B7B2-48D0-8547-615526CAD24A}.Release|x86.Build.0 = Release|x86
		{78108EFB-B7B2-48D0-8547-615526CAD24A}.Release|x86.Deploy.0 = Release|x86
		{9926F15B-759C-4046-8314-325F02BA413E}.Debug|Any CPU.ActiveCfg = Debug|Any CPU
		{9926F15B-759C-4046-8314-325F02BA413E}.Debug|Any CPU.Build.0 = Debug|Any CPU
		{9926F15B-759C-4046-8314-325F02BA413E}.Debug|Any CPU.Deploy.0 = Debug|Any CPU
		{9926F15B-759C-4046-8314-325F02BA413E}.Debug|ARM.ActiveCfg = Debug|ARM
		{9926F15B-759C-4046-8314-325F02BA413E}.Debug|ARM.Build.0 = Debug|ARM
		{9926F15B-759C-4046-8314-325F02BA413E}.Debug|ARM.Deploy.0 = Debug|ARM
		{9926F15B-759C-4046-8314-325F02BA413E}.Debug|x64.ActiveCfg = Debug|x64
		{9926F15B-759C-4046-8314-325F02BA413E}.Debug|x64.Build.0 = Debug|x64
		{9926F15B-759C-4046-8314-325F02BA413E}.Debug|x64.Deploy.0 = Debug|x64
		{9926F15B-759C-4046-8314-325F02BA413E}.Debug|x86.ActiveCfg = Debug|x86
		{9926F15B-759C-4046-8314-325F02BA413E}.Debug|x86.Build.0 = Debug|x86
		{9926F15B-759C-4046-8314-325F02BA413E}.Debug|x86.Deploy.0 = Debug|x86
		{9926F15B-759C-4046-8314-325F02BA413E}.Release|Any CPU.ActiveCfg = Release|Any CPU
		{9926F15B-759C-4046-8314-325F02BA413E}.Release|Any CPU.Build.0 = Release|Any CPU
		{9926F15B-759C-4046-8314-325F02BA413E}.Release|Any CPU.Deploy.0 = Release|Any CPU
		{9926F15B-759C-4046-8314-325F02BA413E}.Release|ARM.ActiveCfg = Release|ARM
		{9926F15B-759C-4046-8314-325F02BA413E}.Release|ARM.Build.0 = Release|ARM
		{9926F15B-759C-4046-8314-325F02BA413E}.Release|ARM.Deploy.0 = Release|ARM
		{9926F15B-759C-4046-8314-325F02BA413E}.Release|x64.ActiveCfg = Release|x64
		{9926F15B-759C-4046-8314-325F02BA413E}.Release|x64.Build.0 = Release|x64
		{9926F15B-759C-4046-8314-325F02BA413E}.Release|x64.Deploy.0 = Release|x64
		{9926F15B-759C-4046-8314-325F02BA413E}.Release|x86.ActiveCfg = Release|x86
		{9926F15B-759C-4046-8314-325F02BA413E}.Release|x86.Build.0 = Release|x86
		{9926F15B-759C-4046-8314-325F02BA413E}.Release|x86.Deploy.0 = Release|x86
		{958EE394-817F-48BD-BA47-BF808D490E46}.Debug|Any CPU.ActiveCfg = Debug|Any CPU
		{958EE394-817F-48BD-BA47-BF808D490E46}.Debug|Any CPU.Build.0 = Debug|Any CPU
		{958EE394-817F-48BD-BA47-BF808D490E46}.Debug|Any CPU.Deploy.0 = Debug|Any CPU
		{958EE394-817F-48BD-BA47-BF808D490E46}.Debug|ARM.ActiveCfg = Debug|ARM
		{958EE394-817F-48BD-BA47-BF808D490E46}.Debug|ARM.Build.0 = Debug|ARM
		{958EE394-817F-48BD-BA47-BF808D490E46}.Debug|ARM.Deploy.0 = Debug|ARM
		{958EE394-817F-48BD-BA47-BF808D490E46}.Debug|x64.ActiveCfg = Debug|x64
		{958EE394-817F-48BD-BA47-BF808D490E46}.Debug|x64.Build.0 = Debug|x64
		{958EE394-817F-48BD-BA47-BF808D490E46}.Debug|x64.Deploy.0 = Debug|x64
		{958EE394-817F-48BD-BA47-BF808D490E46}.Debug|x86.ActiveCfg = Debug|x86
		{958EE394-817F-48BD-BA47-BF808D490E46}.Debug|x86.Build.0 = Debug|x86
		{958EE394-817F-48BD-BA47-BF808D490E46}.Debug|x86.Deploy.0 = Debug|x86
		{958EE394-817F-48BD-BA47-BF808D490E46}.Release|Any CPU.ActiveCfg = Release|Any CPU
		{958EE394-817F-48BD-BA47-BF808D490E46}.Release|Any CPU.Build.0 = Release|Any CPU
		{958EE394-817F-48BD-BA47-BF808D490E46}.Release|Any CPU.Deploy.0 = Release|Any CPU
		{958EE394-817F-48BD-BA47-BF808D490E46}.Release|ARM.ActiveCfg = Release|ARM
		{958EE394-817F-48BD-BA47-BF808D490E46}.Release|ARM.Build.0 = Release|ARM
		{958EE394-817F-48BD-BA47-BF808D490E46}.Release|ARM.Deploy.0 = Release|ARM
		{958EE394-817F-48BD-BA47-BF808D490E46}.Release|x64.ActiveCfg = Release|x64
		{958EE394-817F-48BD-BA47-BF808D490E46}.Release|x64.Build.0 = Release|x64
		{958EE394-817F-48BD-BA47-BF808D490E46}.Release|x64.Deploy.0 = Release|x64
		{958EE394-817F-48BD-BA47-BF808D490E46}.Release|x86.ActiveCfg = Release|x86
		{958EE394-817F-48BD-BA47-BF808D490E46}.Release|x86.Build.0 = Release|x86
		{958EE394-817F-48BD-BA47-BF808D490E46}.Release|x86.Deploy.0 = Release|x86
		{A20016EE-FD65-4318-99CE-FC3E912020B3}.Debug|Any CPU.ActiveCfg = Debug|Any CPU
		{A20016EE-FD65-4318-99CE-FC3E912020B3}.Debug|Any CPU.Build.0 = Debug|Any CPU
		{A20016EE-FD65-4318-99CE-FC3E912020B3}.Debug|Any CPU.Deploy.0 = Debug|Any CPU
		{A20016EE-FD65-4318-99CE-FC3E912020B3}.Debug|ARM.ActiveCfg = Debug|ARM
		{A20016EE-FD65-4318-99CE-FC3E912020B3}.Debug|ARM.Build.0 = Debug|ARM
		{A20016EE-FD65-4318-99CE-FC3E912020B3}.Debug|ARM.Deploy.0 = Debug|ARM
		{A20016EE-FD65-4318-99CE-FC3E912020B3}.Debug|x64.ActiveCfg = Debug|x64
		{A20016EE-FD65-4318-99CE-FC3E912020B3}.Debug|x64.Build.0 = Debug|x64
		{A20016EE-FD65-4318-99CE-FC3E912020B3}.Debug|x64.Deploy.0 = Debug|x64
		{A20016EE-FD65-4318-99CE-FC3E912020B3}.Debug|x86.ActiveCfg = Debug|x86
		{A20016EE-FD65-4318-99CE-FC3E912020B3}.Debug|x86.Build.0 = Debug|x86
		{A20016EE-FD65-4318-99CE-FC3E912020B3}.Debug|x86.Deploy.0 = Debug|x86
		{A20016EE-FD65-4318-99CE-FC3E912020B3}.Release|Any CPU.ActiveCfg = Release|Any CPU
		{A20016EE-FD65-4318-99CE-FC3E912020B3}.Release|Any CPU.Build.0 = Release|Any CPU
		{A20016EE-FD65-4318-99CE-FC3E912020B3}.Release|Any CPU.Deploy.0 = Release|Any CPU
		{A20016EE-FD65-4318-99CE-FC3E912020B3}.Release|ARM.ActiveCfg = Release|ARM
		{A20016EE-FD65-4318-99CE-FC3E912020B3}.Release|ARM.Build.0 = Release|ARM
		{A20016EE-FD65-4318-99CE-FC3E912020B3}.Release|ARM.Deploy.0 = Release|ARM
		{A20016EE-FD65-4318-99CE-FC3E912020B3}.Release|x64.ActiveCfg = Release|x64
		{A20016EE-FD65-4318-99CE-FC3E912020B3}.Release|x64.Build.0 = Release|x64
		{A20016EE-FD65-4318-99CE-FC3E912020B3}.Release|x64.Deploy.0 = Release|x64
		{A20016EE-FD65-4318-99CE-FC3E912020B3}.Release|x86.ActiveCfg = Release|x86
		{A20016EE-FD65-4318-99CE-FC3E912020B3}.Release|x86.Build.0 = Release|x86
		{A20016EE-FD65-4318-99CE-FC3E912020B3}.Release|x86.Deploy.0 = Release|x86
		{A9C2986F-EF7D-4BA5-922F-2AE83881E782}.Debug|Any CPU.ActiveCfg = Debug|Any CPU
		{A9C2986F-EF7D-4BA5-922F-2AE83881E782}.Debug|Any CPU.Build.0 = Debug|Any CPU
		{A9C2986F-EF7D-4BA5-922F-2AE83881E782}.Debug|Any CPU.Deploy.0 = Debug|Any CPU
		{A9C2986F-EF7D-4BA5-922F-2AE83881E782}.Debug|ARM.ActiveCfg = Debug|ARM
		{A9C2986F-EF7D-4BA5-922F-2AE83881E782}.Debug|ARM.Build.0 = Debug|ARM
		{A9C2986F-EF7D-4BA5-922F-2AE83881E782}.Debug|ARM.Deploy.0 = Debug|ARM
		{A9C2986F-EF7D-4BA5-922F-2AE83881E782}.Debug|x64.ActiveCfg = Debug|x64
		{A9C2986F-EF7D-4BA5-922F-2AE83881E782}.Debug|x64.Build.0 = Debug|x64
		{A9C2986F-EF7D-4BA5-922F-2AE83881E782}.Debug|x64.Deploy.0 = Debug|x64
		{A9C2986F-EF7D-4BA5-922F-2AE83881E782}.Debug|x86.ActiveCfg = Debug|x86
		{A9C2986F-EF7D-4BA5-922F-2AE83881E782}.Debug|x86.Build.0 = Debug|x86
		{A9C2986F-EF7D-4BA5-922F-2AE83881E782}.Debug|x86.Deploy.0 = Debug|x86
		{A9C2986F-EF7D-4BA5-922F-2AE83881E782}.Release|Any CPU.ActiveCfg = Release|Any CPU
		{A9C2986F-EF7D-4BA5-922F-2AE83881E782}.Release|Any CPU.Build.0 = Release|Any CPU
		{A9C2986F-EF7D-4BA5-922F-2AE83881E782}.Release|Any CPU.Deploy.0 = Release|Any CPU
		{A9C2986F-EF7D-4BA5-922F-2AE83881E782}.Release|ARM.ActiveCfg = Release|ARM
		{A9C2986F-EF7D-4BA5-922F-2AE83881E782}.Release|ARM.Build.0 = Release|ARM
		{A9C2986F-EF7D-4BA5-922F-2AE83881E782}.Release|ARM.Deploy.0 = Release|ARM
		{A9C2986F-EF7D-4BA5-922F-2AE83881E782}.Release|x64.ActiveCfg = Release|x64
		{A9C2986F-EF7D-4BA5-922F-2AE83881E782}.Release|x64.Build.0 = Release|x64
		{A9C2986F-EF7D-4BA5-922F-2AE83881E782}.Release|x64.Deploy.0 = Release|x64
		{A9C2986F-EF7D-4BA5-922F-2AE83881E782}.Release|x86.ActiveCfg = Release|x86
		{A9C2986F-EF7D-4BA5-922F-2AE83881E782}.Release|x86.Build.0 = Release|x86
		{A9C2986F-EF7D-4BA5-922F-2AE83881E782}.Release|x86.Deploy.0 = Release|x86
		{52F0D27F-7868-4FB1-B5FF-E07836460A78}.Debug|Any CPU.ActiveCfg = Debug|Any CPU
		{52F0D27F-7868-4FB1-B5FF-E07836460A78}.Debug|Any CPU.Build.0 = Debug|Any CPU
		{52F0D27F-7868-4FB1-B5FF-E07836460A78}.Debug|Any CPU.Deploy.0 = Debug|Any CPU
		{52F0D27F-7868-4FB1-B5FF-E07836460A78}.Debug|ARM.ActiveCfg = Debug|ARM
		{52F0D27F-7868-4FB1-B5FF-E07836460A78}.Debug|ARM.Build.0 = Debug|ARM
		{52F0D27F-7868-4FB1-B5FF-E07836460A78}.Debug|ARM.Deploy.0 = Debug|ARM
		{52F0D27F-7868-4FB1-B5FF-E07836460A78}.Debug|x64.ActiveCfg = Debug|x64
		{52F0D27F-7868-4FB1-B5FF-E07836460A78}.Debug|x64.Build.0 = Debug|x64
		{52F0D27F-7868-4FB1-B5FF-E07836460A78}.Debug|x64.Deploy.0 = Debug|x64
		{52F0D27F-7868-4FB1-B5FF-E07836460A78}.Debug|x86.ActiveCfg = Debug|x86
		{52F0D27F-7868-4FB1-B5FF-E07836460A78}.Debug|x86.Build.0 = Debug|x86
		{52F0D27F-7868-4FB1-B5FF-E07836460A78}.Debug|x86.Deploy.0 = Debug|x86
		{52F0D27F-7868-4FB1-B5FF-E07836460A78}.Release|Any CPU.ActiveCfg = Release|Any CPU
		{52F0D27F-7868-4FB1-B5FF-E07836460A78}.Release|Any CPU.Build.0 = Release|Any CPU
		{52F0D27F-7868-4FB1-B5FF-E07836460A78}.Release|Any CPU.Deploy.0 = Release|Any CPU
		{52F0D27F-7868-4FB1-B5FF-E07836460A78}.Release|ARM.ActiveCfg = Release|ARM
		{52F0D27F-7868-4FB1-B5FF-E07836460A78}.Release|ARM.Build.0 = Release|ARM
		{52F0D27F-7868-4FB1-B5FF-E07836460A78}.Release|ARM.Deploy.0 = Release|ARM
		{52F0D27F-7868-4FB1-B5FF-E07836460A78}.Release|x64.ActiveCfg = Release|x64
		{52F0D27F-7868-4FB1-B5FF-E07836460A78}.Release|x64.Build.0 = Release|x64
		{52F0D27F-7868-4FB1-B5FF-E07836460A78}.Release|x64.Deploy.0 = Release|x64
		{52F0D27F-7868-4FB1-B5FF-E07836460A78}.Release|x86.ActiveCfg = Release|x86
		{52F0D27F-7868-4FB1-B5FF-E07836460A78}.Release|x86.Build.0 = Release|x86
		{52F0D27F-7868-4FB1-B5FF-E07836460A78}.Release|x86.Deploy.0 = Release|x86
		{EA404BF7-BC76-4C22-9D0D-725FD9931F38}.Debug|Any CPU.ActiveCfg = Debug|Any CPU
		{EA404BF7-BC76-4C22-9D0D-725FD9931F38}.Debug|Any CPU.Build.0 = Debug|Any CPU
		{EA404BF7-BC76-4C22-9D0D-725FD9931F38}.Debug|Any CPU.Deploy.0 = Debug|Any CPU
		{EA404BF7-BC76-4C22-9D0D-725FD9931F38}.Debug|ARM.ActiveCfg = Debug|ARM
		{EA404BF7-BC76-4C22-9D0D-725FD9931F38}.Debug|ARM.Build.0 = Debug|ARM
		{EA404BF7-BC76-4C22-9D0D-725FD9931F38}.Debug|ARM.Deploy.0 = Debug|ARM
		{EA404BF7-BC76-4C22-9D0D-725FD9931F38}.Debug|x64.ActiveCfg = Debug|x64
		{EA404BF7-BC76-4C22-9D0D-725FD9931F38}.Debug|x64.Build.0 = Debug|x64
		{EA404BF7-BC76-4C22-9D0D-725FD9931F38}.Debug|x64.Deploy.0 = Debug|x64
		{EA404BF7-BC76-4C22-9D0D-725FD9931F38}.Debug|x86.ActiveCfg = Debug|x86
		{EA404BF7-BC76-4C22-9D0D-725FD9931F38}.Debug|x86.Build.0 = Debug|x86
		{EA404BF7-BC76-4C22-9D0D-725FD9931F38}.Debug|x86.Deploy.0 = Debug|x86
		{EA404BF7-BC76-4C22-9D0D-725FD9931F38}.Release|Any CPU.ActiveCfg = Release|Any CPU
		{EA404BF7-BC76-4C22-9D0D-725FD9931F38}.Release|Any CPU.Build.0 = Release|Any CPU
		{EA404BF7-BC76-4C22-9D0D-725FD9931F38}.Release|Any CPU.Deploy.0 = Release|Any CPU
		{EA404BF7-BC76-4C22-9D0D-725FD9931F38}.Release|ARM.ActiveCfg = Release|ARM
		{EA404BF7-BC76-4C22-9D0D-725FD9931F38}.Release|ARM.Build.0 = Release|ARM
		{EA404BF7-BC76-4C22-9D0D-725FD9931F38}.Release|ARM.Deploy.0 = Release|ARM
		{EA404BF7-BC76-4C22-9D0D-725FD9931F38}.Release|x64.ActiveCfg = Release|x64
		{EA404BF7-BC76-4C22-9D0D-725FD9931F38}.Release|x64.Build.0 = Release|x64
		{EA404BF7-BC76-4C22-9D0D-725FD9931F38}.Release|x64.Deploy.0 = Release|x64
		{EA404BF7-BC76-4C22-9D0D-725FD9931F38}.Release|x86.ActiveCfg = Release|x86
		{EA404BF7-BC76-4C22-9D0D-725FD9931F38}.Release|x86.Build.0 = Release|x86
		{EA404BF7-BC76-4C22-9D0D-725FD9931F38}.Release|x86.Deploy.0 = Release|x86
		{6D5F5E5B-6CC1-4054-B61B-133C199A5480}.Debug|Any CPU.ActiveCfg = Debug|Any CPU
		{6D5F5E5B-6CC1-4054-B61B-133C199A5480}.Debug|Any CPU.Build.0 = Debug|Any CPU
		{6D5F5E5B-6CC1-4054-B61B-133C199A5480}.Debug|Any CPU.Deploy.0 = Debug|Any CPU
		{6D5F5E5B-6CC1-4054-B61B-133C199A5480}.Debug|ARM.ActiveCfg = Debug|ARM
		{6D5F5E5B-6CC1-4054-B61B-133C199A5480}.Debug|ARM.Build.0 = Debug|ARM
		{6D5F5E5B-6CC1-4054-B61B-133C199A5480}.Debug|ARM.Deploy.0 = Debug|ARM
		{6D5F5E5B-6CC1-4054-B61B-133C199A5480}.Debug|x64.ActiveCfg = Debug|x64
		{6D5F5E5B-6CC1-4054-B61B-133C199A5480}.Debug|x64.Build.0 = Debug|x64
		{6D5F5E5B-6CC1-4054-B61B-133C199A5480}.Debug|x64.Deploy.0 = Debug|x64
		{6D5F5E5B-6CC1-4054-B61B-133C199A5480}.Debug|x86.ActiveCfg = Debug|x86
		{6D5F5E5B-6CC1-4054-B61B-133C199A5480}.Debug|x86.Build.0 = Debug|x86
		{6D5F5E5B-6CC1-4054-B61B-133C199A5480}.Debug|x86.Deploy.0 = Debug|x86
		{6D5F5E5B-6CC1-4054-B61B-133C199A5480}.Release|Any CPU.ActiveCfg = Release|Any CPU
		{6D5F5E5B-6CC1-4054-B61B-133C199A5480}.Release|Any CPU.Build.0 = Release|Any CPU
		{6D5F5E5B-6CC1-4054-B61B-133C199A5480}.Release|Any CPU.Deploy.0 = Release|Any CPU
		{6D5F5E5B-6CC1-4054-B61B-133C199A5480}.Release|ARM.ActiveCfg = Release|ARM
		{6D5F5E5B-6CC1-4054-B61B-133C199A5480}.Release|ARM.Build.0 = Release|ARM
		{6D5F5E5B-6CC1-4054-B61B-133C199A5480}.Release|ARM.Deploy.0 = Release|ARM
		{6D5F5E5B-6CC1-4054-B61B-133C199A5480}.Release|x64.ActiveCfg = Release|x64
		{6D5F5E5B-6CC1-4054-B61B-133C199A5480}.Release|x64.Build.0 = Release|x64
		{6D5F5E5B-6CC1-4054-B61B-133C199A5480}.Release|x64.Deploy.0 = Release|x64
		{6D5F5E5B-6CC1-4054-B61B-133C199A5480}.Release|x86.ActiveCfg = Release|x86
		{6D5F5E5B-6CC1-4054-B61B-133C199A5480}.Release|x86.Build.0 = Release|x86
		{6D5F5E5B-6CC1-4054-B61B-133C199A5480}.Release|x86.Deploy.0 = Release|x86
		{10981C8A-5B24-41F5-B689-201752D2A7F1}.Debug|Any CPU.ActiveCfg = Debug|Any CPU
		{10981C8A-5B24-41F5-B689-201752D2A7F1}.Debug|Any CPU.Build.0 = Debug|Any CPU
		{10981C8A-5B24-41F5-B689-201752D2A7F1}.Debug|Any CPU.Deploy.0 = Debug|Any CPU
		{10981C8A-5B24-41F5-B689-201752D2A7F1}.Debug|ARM.ActiveCfg = Debug|ARM
		{10981C8A-5B24-41F5-B689-201752D2A7F1}.Debug|ARM.Build.0 = Debug|ARM
		{10981C8A-5B24-41F5-B689-201752D2A7F1}.Debug|ARM.Deploy.0 = Debug|ARM
		{10981C8A-5B24-41F5-B689-201752D2A7F1}.Debug|x64.ActiveCfg = Debug|x64
		{10981C8A-5B24-41F5-B689-201752D2A7F1}.Debug|x64.Build.0 = Debug|x64
		{10981C8A-5B24-41F5-B689-201752D2A7F1}.Debug|x64.Deploy.0 = Debug|x64
		{10981C8A-5B24-41F5-B689-201752D2A7F1}.Debug|x86.ActiveCfg = Debug|x86
		{10981C8A-5B24-41F5-B689-201752D2A7F1}.Debug|x86.Build.0 = Debug|x86
		{10981C8A-5B24-41F5-B689-201752D2A7F1}.Debug|x86.Deploy.0 = Debug|x86
		{10981C8A-5B24-41F5-B689-201752D2A7F1}.Release|Any CPU.ActiveCfg = Release|Any CPU
		{10981C8A-5B24-41F5-B689-201752D2A7F1}.Release|Any CPU.Build.0 = Release|Any CPU
		{10981C8A-5B24-41F5-B689-201752D2A7F1}.Release|Any CPU.Deploy.0 = Release|Any CPU
		{10981C8A-5B24-41F5-B689-201752D2A7F1}.Release|ARM.ActiveCfg = Release|ARM
		{10981C8A-5B24-41F5-B689-201752D2A7F1}.Release|ARM.Build.0 = Release|ARM
		{10981C8A-5B24-41F5-B689-201752D2A7F1}.Release|ARM.Deploy.0 = Release|ARM
		{10981C8A-5B24-41F5-B689-201752D2A7F1}.Release|x64.ActiveCfg = Release|x64
		{10981C8A-5B24-41F5-B689-201752D2A7F1}.Release|x64.Build.0 = Release|x64
		{10981C8A-5B24-41F5-B689-201752D2A7F1}.Release|x64.Deploy.0 = Release|x64
		{10981C8A-5B24-41F5-B689-201752D2A7F1}.Release|x86.ActiveCfg = Release|x86
		{10981C8A-5B24-41F5-B689-201752D2A7F1}.Release|x86.Build.0 = Release|x86
		{10981C8A-5B24-41F5-B689-201752D2A7F1}.Release|x86.Deploy.0 = Release|x86
		{3D43511E-326B-4B08-8D07-BA19208EB4B4}.Debug|Any CPU.ActiveCfg = Debug|Any CPU
		{3D43511E-326B-4B08-8D07-BA19208EB4B4}.Debug|Any CPU.Build.0 = Debug|Any CPU
		{3D43511E-326B-4B08-8D07-BA19208EB4B4}.Debug|Any CPU.Deploy.0 = Debug|Any CPU
		{3D43511E-326B-4B08-8D07-BA19208EB4B4}.Debug|ARM.ActiveCfg = Debug|ARM
		{3D43511E-326B-4B08-8D07-BA19208EB4B4}.Debug|ARM.Build.0 = Debug|ARM
		{3D43511E-326B-4B08-8D07-BA19208EB4B4}.Debug|ARM.Deploy.0 = Debug|ARM
		{3D43511E-326B-4B08-8D07-BA19208EB4B4}.Debug|x64.ActiveCfg = Debug|x64
		{3D43511E-326B-4B08-8D07-BA19208EB4B4}.Debug|x64.Build.0 = Debug|x64
		{3D43511E-326B-4B08-8D07-BA19208EB4B4}.Debug|x64.Deploy.0 = Debug|x64
		{3D43511E-326B-4B08-8D07-BA19208EB4B4}.Debug|x86.ActiveCfg = Debug|x86
		{3D43511E-326B-4B08-8D07-BA19208EB4B4}.Debug|x86.Build.0 = Debug|x86
		{3D43511E-326B-4B08-8D07-BA19208EB4B4}.Debug|x86.Deploy.0 = Debug|x86
		{3D43511E-326B-4B08-8D07-BA19208EB4B4}.Release|Any CPU.ActiveCfg = Release|Any CPU
		{3D43511E-326B-4B08-8D07-BA19208EB4B4}.Release|Any CPU.Build.0 = Release|Any CPU
		{3D43511E-326B-4B08-8D07-BA19208EB4B4}.Release|Any CPU.Deploy.0 = Release|Any CPU
		{3D43511E-326B-4B08-8D07-BA19208EB4B4}.Release|ARM.ActiveCfg = Release|ARM
		{3D43511E-326B-4B08-8D07-BA19208EB4B4}.Release|ARM.Build.0 = Release|ARM
		{3D43511E-326B-4B08-8D07-BA19208EB4B4}.Release|ARM.Deploy.0 = Release|ARM
		{3D43511E-326B-4B08-8D07-BA19208EB4B4}.Release|x64.ActiveCfg = Release|x64
		{3D43511E-326B-4B08-8D07-BA19208EB4B4}.Release|x64.Build.0 = Release|x64
		{3D43511E-326B-4B08-8D07-BA19208EB4B4}.Release|x64.Deploy.0 = Release|x64
		{3D43511E-326B-4B08-8D07-BA19208EB4B4}.Release|x86.ActiveCfg = Release|x86
		{3D43511E-326B-4B08-8D07-BA19208EB4B4}.Release|x86.Build.0 = Release|x86
		{3D43511E-326B-4B08-8D07-BA19208EB4B4}.Release|x86.Deploy.0 = Release|x86
		{F185947B-90A3-4A98-812D-0F2125C42F1E}.Debug|Any CPU.ActiveCfg = Debug|Any CPU
		{F185947B-90A3-4A98-812D-0F2125C42F1E}.Debug|Any CPU.Build.0 = Debug|Any CPU
		{F185947B-90A3-4A98-812D-0F2125C42F1E}.Debug|Any CPU.Deploy.0 = Debug|Any CPU
		{F185947B-90A3-4A98-812D-0F2125C42F1E}.Debug|ARM.ActiveCfg = Debug|ARM
		{F185947B-90A3-4A98-812D-0F2125C42F1E}.Debug|ARM.Build.0 = Debug|ARM
		{F185947B-90A3-4A98-812D-0F2125C42F1E}.Debug|ARM.Deploy.0 = Debug|ARM
		{F185947B-90A3-4A98-812D-0F2125C42F1E}.Debug|x64.ActiveCfg = Debug|x64
		{F185947B-90A3-4A98-812D-0F2125C42F1E}.Debug|x64.Build.0 = Debug|x64
		{F185947B-90A3-4A98-812D-0F2125C42F1E}.Debug|x64.Deploy.0 = Debug|x64
		{F185947B-90A3-4A98-812D-0F2125C42F1E}.Debug|x86.ActiveCfg = Debug|x86
		{F185947B-90A3-4A98-812D-0F2125C42F1E}.Debug|x86.Build.0 = Debug|x86
		{F185947B-90A3-4A98-812D-0F2125C42F1E}.Debug|x86.Deploy.0 = Debug|x86
		{F185947B-90A3-4A98-812D-0F2125C42F1E}.Release|Any CPU.ActiveCfg = Release|Any CPU
		{F185947B-90A3-4A98-812D-0F2125C42F1E}.Release|Any CPU.Build.0 = Release|Any CPU
		{F185947B-90A3-4A98-812D-0F2125C42F1E}.Release|Any CPU.Deploy.0 = Release|Any CPU
		{F185947B-90A3-4A98-812D-0F2125C42F1E}.Release|ARM.ActiveCfg = Release|ARM
		{F185947B-90A3-4A98-812D-0F2125C42F1E}.Release|ARM.Build.0 = Release|ARM
		{F185947B-90A3-4A98-812D-0F2125C42F1E}.Release|ARM.Deploy.0 = Release|ARM
		{F185947B-90A3-4A98-812D-0F2125C42F1E}.Release|x64.ActiveCfg = Release|x64
		{F185947B-90A3-4A98-812D-0F2125C42F1E}.Release|x64.Build.0 = Release|x64
		{F185947B-90A3-4A98-812D-0F2125C42F1E}.Release|x64.Deploy.0 = Release|x64
		{F185947B-90A3-4A98-812D-0F2125C42F1E}.Release|x86.ActiveCfg = Release|x86
		{F185947B-90A3-4A98-812D-0F2125C42F1E}.Release|x86.Build.0 = Release|x86
		{F185947B-90A3-4A98-812D-0F2125C42F1E}.Release|x86.Deploy.0 = Release|x86
		{101E1800-4AC3-4E6E-9917-103F0D20BEB2}.Debug|Any CPU.ActiveCfg = Debug|Any CPU
		{101E1800-4AC3-4E6E-9917-103F0D20BEB2}.Debug|Any CPU.Build.0 = Debug|Any CPU
		{101E1800-4AC3-4E6E-9917-103F0D20BEB2}.Debug|Any CPU.Deploy.0 = Debug|Any CPU
		{101E1800-4AC3-4E6E-9917-103F0D20BEB2}.Debug|ARM.ActiveCfg = Debug|ARM
		{101E1800-4AC3-4E6E-9917-103F0D20BEB2}.Debug|ARM.Build.0 = Debug|ARM
		{101E1800-4AC3-4E6E-9917-103F0D20BEB2}.Debug|ARM.Deploy.0 = Debug|ARM
		{101E1800-4AC3-4E6E-9917-103F0D20BEB2}.Debug|x64.ActiveCfg = Debug|x64
		{101E1800-4AC3-4E6E-9917-103F0D20BEB2}.Debug|x64.Build.0 = Debug|x64
		{101E1800-4AC3-4E6E-9917-103F0D20BEB2}.Debug|x64.Deploy.0 = Debug|x64
		{101E1800-4AC3-4E6E-9917-103F0D20BEB2}.Debug|x86.ActiveCfg = Debug|x86
		{101E1800-4AC3-4E6E-9917-103F0D20BEB2}.Debug|x86.Build.0 = Debug|x86
		{101E1800-4AC3-4E6E-9917-103F0D20BEB2}.Debug|x86.Deploy.0 = Debug|x86
		{101E1800-4AC3-4E6E-9917-103F0D20BEB2}.Release|Any CPU.ActiveCfg = Release|Any CPU
		{101E1800-4AC3-4E6E-9917-103F0D20BEB2}.Release|Any CPU.Build.0 = Release|Any CPU
		{101E1800-4AC3-4E6E-9917-103F0D20BEB2}.Release|Any CPU.Deploy.0 = Release|Any CPU
		{101E1800-4AC3-4E6E-9917-103F0D20BEB2}.Release|ARM.ActiveCfg = Release|ARM
		{101E1800-4AC3-4E6E-9917-103F0D20BEB2}.Release|ARM.Build.0 = Release|ARM
		{101E1800-4AC3-4E6E-9917-103F0D20BEB2}.Release|ARM.Deploy.0 = Release|ARM
		{101E1800-4AC3-4E6E-9917-103F0D20BEB2}.Release|x64.ActiveCfg = Release|x64
		{101E1800-4AC3-4E6E-9917-103F0D20BEB2}.Release|x64.Build.0 = Release|x64
		{101E1800-4AC3-4E6E-9917-103F0D20BEB2}.Release|x64.Deploy.0 = Release|x64
		{101E1800-4AC3-4E6E-9917-103F0D20BEB2}.Release|x86.ActiveCfg = Release|x86
		{101E1800-4AC3-4E6E-9917-103F0D20BEB2}.Release|x86.Build.0 = Release|x86
		{101E1800-4AC3-4E6E-9917-103F0D20BEB2}.Release|x86.Deploy.0 = Release|x86
		{2BC8391B-9B75-44A1-84DF-E6EFA1F276BF}.Debug|Any CPU.ActiveCfg = Debug|Any CPU
		{2BC8391B-9B75-44A1-84DF-E6EFA1F276BF}.Debug|Any CPU.Build.0 = Debug|Any CPU
		{2BC8391B-9B75-44A1-84DF-E6EFA1F276BF}.Debug|Any CPU.Deploy.0 = Debug|Any CPU
		{2BC8391B-9B75-44A1-84DF-E6EFA1F276BF}.Debug|ARM.ActiveCfg = Debug|ARM
		{2BC8391B-9B75-44A1-84DF-E6EFA1F276BF}.Debug|ARM.Build.0 = Debug|ARM
		{2BC8391B-9B75-44A1-84DF-E6EFA1F276BF}.Debug|ARM.Deploy.0 = Debug|ARM
		{2BC8391B-9B75-44A1-84DF-E6EFA1F276BF}.Debug|x64.ActiveCfg = Debug|x64
		{2BC8391B-9B75-44A1-84DF-E6EFA1F276BF}.Debug|x64.Build.0 = Debug|x64
		{2BC8391B-9B75-44A1-84DF-E6EFA1F276BF}.Debug|x64.Deploy.0 = Debug|x64
		{2BC8391B-9B75-44A1-84DF-E6EFA1F276BF}.Debug|x86.ActiveCfg = Debug|x86
		{2BC8391B-9B75-44A1-84DF-E6EFA1F276BF}.Debug|x86.Build.0 = Debug|x86
		{2BC8391B-9B75-44A1-84DF-E6EFA1F276BF}.Debug|x86.Deploy.0 = Debug|x86
		{2BC8391B-9B75-44A1-84DF-E6EFA1F276BF}.Release|Any CPU.ActiveCfg = Release|Any CPU
		{2BC8391B-9B75-44A1-84DF-E6EFA1F276BF}.Release|Any CPU.Build.0 = Release|Any CPU
		{2BC8391B-9B75-44A1-84DF-E6EFA1F276BF}.Release|Any CPU.Deploy.0 = Release|Any CPU
		{2BC8391B-9B75-44A1-84DF-E6EFA1F276BF}.Release|ARM.ActiveCfg = Release|ARM
		{2BC8391B-9B75-44A1-84DF-E6EFA1F276BF}.Release|ARM.Build.0 = Release|ARM
		{2BC8391B-9B75-44A1-84DF-E6EFA1F276BF}.Release|ARM.Deploy.0 = Release|ARM
		{2BC8391B-9B75-44A1-84DF-E6EFA1F276BF}.Release|x64.ActiveCfg = Release|x64
		{2BC8391B-9B75-44A1-84DF-E6EFA1F276BF}.Release|x64.Build.0 = Release|x64
		{2BC8391B-9B75-44A1-84DF-E6EFA1F276BF}.Release|x64.Deploy.0 = Release|x64
		{2BC8391B-9B75-44A1-84DF-E6EFA1F276BF}.Release|x86.ActiveCfg = Release|x86
		{2BC8391B-9B75-44A1-84DF-E6EFA1F276BF}.Release|x86.Build.0 = Release|x86
		{2BC8391B-9B75-44A1-84DF-E6EFA1F276BF}.Release|x86.Deploy.0 = Release|x86
		{52DC0BF4-81E4-4614-9673-98297BB11F3C}.Debug|Any CPU.ActiveCfg = Debug|Any CPU
		{52DC0BF4-81E4-4614-9673-98297BB11F3C}.Debug|Any CPU.Build.0 = Debug|Any CPU
		{52DC0BF4-81E4-4614-9673-98297BB11F3C}.Debug|Any CPU.Deploy.0 = Debug|Any CPU
		{52DC0BF4-81E4-4614-9673-98297BB11F3C}.Debug|ARM.ActiveCfg = Debug|ARM
		{52DC0BF4-81E4-4614-9673-98297BB11F3C}.Debug|ARM.Build.0 = Debug|ARM
		{52DC0BF4-81E4-4614-9673-98297BB11F3C}.Debug|ARM.Deploy.0 = Debug|ARM
		{52DC0BF4-81E4-4614-9673-98297BB11F3C}.Debug|x64.ActiveCfg = Debug|x64
		{52DC0BF4-81E4-4614-9673-98297BB11F3C}.Debug|x64.Build.0 = Debug|x64
		{52DC0BF4-81E4-4614-9673-98297BB11F3C}.Debug|x64.Deploy.0 = Debug|x64
		{52DC0BF4-81E4-4614-9673-98297BB11F3C}.Debug|x86.ActiveCfg = Debug|x86
		{52DC0BF4-81E4-4614-9673-98297BB11F3C}.Debug|x86.Build.0 = Debug|x86
		{52DC0BF4-81E4-4614-9673-98297BB11F3C}.Debug|x86.Deploy.0 = Debug|x86
		{52DC0BF4-81E4-4614-9673-98297BB11F3C}.Release|Any CPU.ActiveCfg = Release|Any CPU
		{52DC0BF4-81E4-4614-9673-98297BB11F3C}.Release|Any CPU.Build.0 = Release|Any CPU
		{52DC0BF4-81E4-4614-9673-98297BB11F3C}.Release|Any CPU.Deploy.0 = Release|Any CPU
		{52DC0BF4-81E4-4614-9673-98297BB11F3C}.Release|ARM.ActiveCfg = Release|ARM
		{52DC0BF4-81E4-4614-9673-98297BB11F3C}.Release|ARM.Build.0 = Release|ARM
		{52DC0BF4-81E4-4614-9673-98297BB11F3C}.Release|ARM.Deploy.0 = Release|ARM
		{52DC0BF4-81E4-4614-9673-98297BB11F3C}.Release|x64.ActiveCfg = Release|x64
		{52DC0BF4-81E4-4614-9673-98297BB11F3C}.Release|x64.Build.0 = Release|x64
		{52DC0BF4-81E4-4614-9673-98297BB11F3C}.Release|x64.Deploy.0 = Release|x64
		{52DC0BF4-81E4-4614-9673-98297BB11F3C}.Release|x86.ActiveCfg = Release|x86
		{52DC0BF4-81E4-4614-9673-98297BB11F3C}.Release|x86.Build.0 = Release|x86
		{52DC0BF4-81E4-4614-9673-98297BB11F3C}.Release|x86.Deploy.0 = Release|x86
		{EA405DA5-21FB-46BA-848F-D3EB2787DE96}.Debug|Any CPU.ActiveCfg = Debug|Any CPU
		{EA405DA5-21FB-46BA-848F-D3EB2787DE96}.Debug|Any CPU.Build.0 = Debug|Any CPU
		{EA405DA5-21FB-46BA-848F-D3EB2787DE96}.Debug|Any CPU.Deploy.0 = Debug|Any CPU
		{EA405DA5-21FB-46BA-848F-D3EB2787DE96}.Debug|ARM.ActiveCfg = Debug|ARM
		{EA405DA5-21FB-46BA-848F-D3EB2787DE96}.Debug|ARM.Build.0 = Debug|ARM
		{EA405DA5-21FB-46BA-848F-D3EB2787DE96}.Debug|ARM.Deploy.0 = Debug|ARM
		{EA405DA5-21FB-46BA-848F-D3EB2787DE96}.Debug|x64.ActiveCfg = Debug|x64
		{EA405DA5-21FB-46BA-848F-D3EB2787DE96}.Debug|x64.Build.0 = Debug|x64
		{EA405DA5-21FB-46BA-848F-D3EB2787DE96}.Debug|x64.Deploy.0 = Debug|x64
		{EA405DA5-21FB-46BA-848F-D3EB2787DE96}.Debug|x86.ActiveCfg = Debug|x86
		{EA405DA5-21FB-46BA-848F-D3EB2787DE96}.Debug|x86.Build.0 = Debug|x86
		{EA405DA5-21FB-46BA-848F-D3EB2787DE96}.Debug|x86.Deploy.0 = Debug|x86
		{EA405DA5-21FB-46BA-848F-D3EB2787DE96}.Release|Any CPU.ActiveCfg = Release|Any CPU
		{EA405DA5-21FB-46BA-848F-D3EB2787DE96}.Release|Any CPU.Build.0 = Release|Any CPU
		{EA405DA5-21FB-46BA-848F-D3EB2787DE96}.Release|Any CPU.Deploy.0 = Release|Any CPU
		{EA405DA5-21FB-46BA-848F-D3EB2787DE96}.Release|ARM.ActiveCfg = Release|ARM
		{EA405DA5-21FB-46BA-848F-D3EB2787DE96}.Release|ARM.Build.0 = Release|ARM
		{EA405DA5-21FB-46BA-848F-D3EB2787DE96}.Release|ARM.Deploy.0 = Release|ARM
		{EA405DA5-21FB-46BA-848F-D3EB2787DE96}.Release|x64.ActiveCfg = Release|x64
		{EA405DA5-21FB-46BA-848F-D3EB2787DE96}.Release|x64.Build.0 = Release|x64
		{EA405DA5-21FB-46BA-848F-D3EB2787DE96}.Release|x64.Deploy.0 = Release|x64
		{EA405DA5-21FB-46BA-848F-D3EB2787DE96}.Release|x86.ActiveCfg = Release|x86
		{EA405DA5-21FB-46BA-848F-D3EB2787DE96}.Release|x86.Build.0 = Release|x86
		{EA405DA5-21FB-46BA-848F-D3EB2787DE96}.Release|x86.Deploy.0 = Release|x86
		{7280D627-DA92-4A26-9D90-02B4357996B7}.Debug|Any CPU.ActiveCfg = Debug|Any CPU
		{7280D627-DA92-4A26-9D90-02B4357996B7}.Debug|Any CPU.Build.0 = Debug|Any CPU
		{7280D627-DA92-4A26-9D90-02B4357996B7}.Debug|Any CPU.Deploy.0 = Debug|Any CPU
		{7280D627-DA92-4A26-9D90-02B4357996B7}.Debug|ARM.ActiveCfg = Debug|ARM
		{7280D627-DA92-4A26-9D90-02B4357996B7}.Debug|ARM.Build.0 = Debug|ARM
		{7280D627-DA92-4A26-9D90-02B4357996B7}.Debug|ARM.Deploy.0 = Debug|ARM
		{7280D627-DA92-4A26-9D90-02B4357996B7}.Debug|x64.ActiveCfg = Debug|x64
		{7280D627-DA92-4A26-9D90-02B4357996B7}.Debug|x64.Build.0 = Debug|x64
		{7280D627-DA92-4A26-9D90-02B4357996B7}.Debug|x64.Deploy.0 = Debug|x64
		{7280D627-DA92-4A26-9D90-02B4357996B7}.Debug|x86.ActiveCfg = Debug|x86
		{7280D627-DA92-4A26-9D90-02B4357996B7}.Debug|x86.Build.0 = Debug|x86
		{7280D627-DA92-4A26-9D90-02B4357996B7}.Debug|x86.Deploy.0 = Debug|x86
		{7280D627-DA92-4A26-9D90-02B4357996B7}.Release|Any CPU.ActiveCfg = Release|Any CPU
		{7280D627-DA92-4A26-9D90-02B4357996B7}.Release|Any CPU.Build.0 = Release|Any CPU
		{7280D627-DA92-4A26-9D90-02B4357996B7}.Release|Any CPU.Deploy.0 = Release|Any CPU
		{7280D627-DA92-4A26-9D90-02B4357996B7}.Release|ARM.ActiveCfg = Release|ARM
		{7280D627-DA92-4A26-9D90-02B4357996B7}.Release|ARM.Build.0 = Release|ARM
		{7280D627-DA92-4A26-9D90-02B4357996B7}.Release|ARM.Deploy.0 = Release|ARM
		{7280D627-DA92-4A26-9D90-02B4357996B7}.Release|x64.ActiveCfg = Release|x64
		{7280D627-DA92-4A26-9D90-02B4357996B7}.Release|x64.Build.0 = Release|x64
		{7280D627-DA92-4A26-9D90-02B4357996B7}.Release|x64.Deploy.0 = Release|x64
		{7280D627-DA92-4A26-9D90-02B4357996B7}.Release|x86.ActiveCfg = Release|x86
		{7280D627-DA92-4A26-9D90-02B4357996B7}.Release|x86.Build.0 = Release|x86
		{7280D627-DA92-4A26-9D90-02B4357996B7}.Release|x86.Deploy.0 = Release|x86
		{4831733E-FBEB-48EE-9B5A-F2201F612C1B}.Debug|Any CPU.ActiveCfg = Debug|Any CPU
		{4831733E-FBEB-48EE-9B5A-F2201F612C1B}.Debug|Any CPU.Build.0 = Debug|Any CPU
		{4831733E-FBEB-48EE-9B5A-F2201F612C1B}.Debug|Any CPU.Deploy.0 = Debug|Any CPU
		{4831733E-FBEB-48EE-9B5A-F2201F612C1B}.Debug|ARM.ActiveCfg = Debug|ARM
		{4831733E-FBEB-48EE-9B5A-F2201F612C1B}.Debug|ARM.Build.0 = Debug|ARM
		{4831733E-FBEB-48EE-9B5A-F2201F612C1B}.Debug|ARM.Deploy.0 = Debug|ARM
		{4831733E-FBEB-48EE-9B5A-F2201F612C1B}.Debug|x64.ActiveCfg = Debug|x64
		{4831733E-FBEB-48EE-9B5A-F2201F612C1B}.Debug|x64.Build.0 = Debug|x64
		{4831733E-FBEB-48EE-9B5A-F2201F612C1B}.Debug|x64.Deploy.0 = Debug|x64
		{4831733E-FBEB-48EE-9B5A-F2201F612C1B}.Debug|x86.ActiveCfg = Debug|x86
		{4831733E-FBEB-48EE-9B5A-F2201F612C1B}.Debug|x86.Build.0 = Debug|x86
		{4831733E-FBEB-48EE-9B5A-F2201F612C1B}.Debug|x86.Deploy.0 = Debug|x86
		{4831733E-FBEB-48EE-9B5A-F2201F612C1B}.Release|Any CPU.ActiveCfg = Release|Any CPU
		{4831733E-FBEB-48EE-9B5A-F2201F612C1B}.Release|Any CPU.Build.0 = Release|Any CPU
		{4831733E-FBEB-48EE-9B5A-F2201F612C1B}.Release|Any CPU.Deploy.0 = Release|Any CPU
		{4831733E-FBEB-48EE-9B5A-F2201F612C1B}.Release|ARM.ActiveCfg = Release|ARM
		{4831733E-FBEB-48EE-9B5A-F2201F612C1B}.Release|ARM.Build.0 = Release|ARM
		{4831733E-FBEB-48EE-9B5A-F2201F612C1B}.Release|ARM.Deploy.0 = Release|ARM
		{4831733E-FBEB-48EE-9B5A-F2201F612C1B}.Release|x64.ActiveCfg = Release|x64
		{4831733E-FBEB-48EE-9B5A-F2201F612C1B}.Release|x64.Build.0 = Release|x64
		{4831733E-FBEB-48EE-9B5A-F2201F612C1B}.Release|x64.Deploy.0 = Release|x64
		{4831733E-FBEB-48EE-9B5A-F2201F612C1B}.Release|x86.ActiveCfg = Release|x86
		{4831733E-FBEB-48EE-9B5A-F2201F612C1B}.Release|x86.Build.0 = Release|x86
		{4831733E-FBEB-48EE-9B5A-F2201F612C1B}.Release|x86.Deploy.0 = Release|x86
		{356BB6E8-CC65-4F58-BB39-46514A2BC958}.Debug|Any CPU.ActiveCfg = Debug|Any CPU
		{356BB6E8-CC65-4F58-BB39-46514A2BC958}.Debug|Any CPU.Build.0 = Debug|Any CPU
		{356BB6E8-CC65-4F58-BB39-46514A2BC958}.Debug|Any CPU.Deploy.0 = Debug|Any CPU
		{356BB6E8-CC65-4F58-BB39-46514A2BC958}.Debug|ARM.ActiveCfg = Debug|ARM
		{356BB6E8-CC65-4F58-BB39-46514A2BC958}.Debug|ARM.Build.0 = Debug|ARM
		{356BB6E8-CC65-4F58-BB39-46514A2BC958}.Debug|ARM.Deploy.0 = Debug|ARM
		{356BB6E8-CC65-4F58-BB39-46514A2BC958}.Debug|x64.ActiveCfg = Debug|x64
		{356BB6E8-CC65-4F58-BB39-46514A2BC958}.Debug|x64.Build.0 = Debug|x64
		{356BB6E8-CC65-4F58-BB39-46514A2BC958}.Debug|x64.Deploy.0 = Debug|x64
		{356BB6E8-CC65-4F58-BB39-46514A2BC958}.Debug|x86.ActiveCfg = Debug|x86
		{356BB6E8-CC65-4F58-BB39-46514A2BC958}.Debug|x86.Build.0 = Debug|x86
		{356BB6E8-CC65-4F58-BB39-46514A2BC958}.Debug|x86.Deploy.0 = Debug|x86
		{356BB6E8-CC65-4F58-BB39-46514A2BC958}.Release|Any CPU.ActiveCfg = Release|Any CPU
		{356BB6E8-CC65-4F58-BB39-46514A2BC958}.Release|Any CPU.Build.0 = Release|Any CPU
		{356BB6E8-CC65-4F58-BB39-46514A2BC958}.Release|Any CPU.Deploy.0 = Release|Any CPU
		{356BB6E8-CC65-4F58-BB39-46514A2BC958}.Release|ARM.ActiveCfg = Release|ARM
		{356BB6E8-CC65-4F58-BB39-46514A2BC958}.Release|ARM.Build.0 = Release|ARM
		{356BB6E8-CC65-4F58-BB39-46514A2BC958}.Release|ARM.Deploy.0 = Release|ARM
		{356BB6E8-CC65-4F58-BB39-46514A2BC958}.Release|x64.ActiveCfg = Release|x64
		{356BB6E8-CC65-4F58-BB39-46514A2BC958}.Release|x64.Build.0 = Release|x64
		{356BB6E8-CC65-4F58-BB39-46514A2BC958}.Release|x64.Deploy.0 = Release|x64
		{356BB6E8-CC65-4F58-BB39-46514A2BC958}.Release|x86.ActiveCfg = Release|x86
		{356BB6E8-CC65-4F58-BB39-46514A2BC958}.Release|x86.Build.0 = Release|x86
		{356BB6E8-CC65-4F58-BB39-46514A2BC958}.Release|x86.Deploy.0 = Release|x86
	EndGlobalSection
	GlobalSection(SolutionProperties) = preSolution
		HideSolutionNode = FALSE
	EndGlobalSection
EndGlobal
