
Microsoft Visual Studio Solution File, Format Version 12.00
# Visual Studio 2012
Project("{262852C6-CD72-467D-83FE-5EEB1973A190}") = "GettingStarted", "GettingStarted\GettingStarted.jsproj", "{B0023F57-B1F8-4110-81EC-CFB3033EE8C6}"
EndProject
Project("{262852C6-CD72-467D-83FE-5EEB1973A190}") = "Types", "Types\Types.jsproj", "{FFD82353-9B76-4C38-A536-D95F1CA2302E}"
EndProject
Project("{262852C6-CD72-467D-83FE-5EEB1973A190}") = "FormattingTooltips", "FormattingTooltips\FormattingTooltips.jsproj", "{E698C629-CCF0-4ABE-BE93-7D8C0E8ECDDE}"
EndProject
Project("{262852C6-CD72-467D-83FE-5EEB1973A190}") = "TooltipTemplate", "TooltipTemplate\TooltipTemplate.jsproj", "{70E6F5E7-D397-4DA5-B04A-E3F60823C3F4}"
EndProject
Project("{262852C6-CD72-467D-83FE-5EEB1973A190}") = "PlotBands", "PlotBands\PlotBands.jsproj", "{AAAF83B5-6E92-4979-BDF3-EBA658DCD58B}"
EndProject
Project("{262852C6-CD72-467D-83FE-5EEB1973A190}") = "DataAggregation", "DataAggregation\DataAggregation.jsproj", "{82898D50-4D83-4339-806D-D2A95FDC9136}"
EndProject
Global
	GlobalSection(SolutionConfigurationPlatforms) = preSolution
		Debug|Any CPU = Debug|Any CPU
		Debug|ARM = Debug|ARM
		Debug|x64 = Debug|x64
		Debug|x86 = Debug|x86
		Release|Any CPU = Release|Any CPU
		Release|ARM = Release|ARM
		Release|x64 = Release|x64
		Release|x86 = Release|x86
	EndGlobalSection
	GlobalSection(ProjectConfigurationPlatforms) = postSolution
		{B0023F57-B1F8-4110-81EC-CFB3033EE8C6}.Debug|Any CPU.ActiveCfg = Debug|Any CPU
		{B0023F57-B1F8-4110-81EC-CFB3033EE8C6}.Debug|Any CPU.Build.0 = Debug|Any CPU
		{B0023F57-B1F8-4110-81EC-CFB3033EE8C6}.Debug|Any CPU.Deploy.0 = Debug|Any CPU
		{B0023F57-B1F8-4110-81EC-CFB3033EE8C6}.Debug|ARM.ActiveCfg = Debug|ARM
		{B0023F57-B1F8-4110-81EC-CFB3033EE8C6}.Debug|ARM.Build.0 = Debug|ARM
		{B0023F57-B1F8-4110-81EC-CFB3033EE8C6}.Debug|ARM.Deploy.0 = Debug|ARM
		{B0023F57-B1F8-4110-81EC-CFB3033EE8C6}.Debug|x64.ActiveCfg = Debug|x64
		{B0023F57-B1F8-4110-81EC-CFB3033EE8C6}.Debug|x64.Build.0 = Debug|x64
		{B0023F57-B1F8-4110-81EC-CFB3033EE8C6}.Debug|x64.Deploy.0 = Debug|x64
		{B0023F57-B1F8-4110-81EC-CFB3033EE8C6}.Debug|x86.ActiveCfg = Debug|x86
		{B0023F57-B1F8-4110-81EC-CFB3033EE8C6}.Debug|x86.Build.0 = Debug|x86
		{B0023F57-B1F8-4110-81EC-CFB3033EE8C6}.Debug|x86.Deploy.0 = Debug|x86
		{B0023F57-B1F8-4110-81EC-CFB3033EE8C6}.Release|Any CPU.ActiveCfg = Release|Any CPU
		{B0023F57-B1F8-4110-81EC-CFB3033EE8C6}.Release|Any CPU.Build.0 = Release|Any CPU
		{B0023F57-B1F8-4110-81EC-CFB3033EE8C6}.Release|Any CPU.Deploy.0 = Release|Any CPU
		{B0023F57-B1F8-4110-81EC-CFB3033EE8C6}.Release|ARM.ActiveCfg = Release|ARM
		{B0023F57-B1F8-4110-81EC-CFB3033EE8C6}.Release|ARM.Build.0 = Release|ARM
		{B0023F57-B1F8-4110-81EC-CFB3033EE8C6}.Release|ARM.Deploy.0 = Release|ARM
		{B0023F57-B1F8-4110-81EC-CFB3033EE8C6}.Release|x64.ActiveCfg = Release|x64
		{B0023F57-B1F8-4110-81EC-CFB3033EE8C6}.Release|x64.Build.0 = Release|x64
		{B0023F57-B1F8-4110-81EC-CFB3033EE8C6}.Release|x64.Deploy.0 = Release|x64
		{B0023F57-B1F8-4110-81EC-CFB3033EE8C6}.Release|x86.ActiveCfg = Release|x86
		{B0023F57-B1F8-4110-81EC-CFB3033EE8C6}.Release|x86.Build.0 = Release|x86
		{B0023F57-B1F8-4110-81EC-CFB3033EE8C6}.Release|x86.Deploy.0 = Release|x86
		{FFD82353-9B76-4C38-A536-D95F1CA2302E}.Debug|Any CPU.ActiveCfg = Debug|Any CPU
		{FFD82353-9B76-4C38-A536-D95F1CA2302E}.Debug|Any CPU.Build.0 = Debug|Any CPU
		{FFD82353-9B76-4C38-A536-D95F1CA2302E}.Debug|Any CPU.Deploy.0 = Debug|Any CPU
		{FFD82353-9B76-4C38-A536-D95F1CA2302E}.Debug|ARM.ActiveCfg = Debug|ARM
		{FFD82353-9B76-4C38-A536-D95F1CA2302E}.Debug|ARM.Build.0 = Debug|ARM
		{FFD82353-9B76-4C38-A536-D95F1CA2302E}.Debug|ARM.Deploy.0 = Debug|ARM
		{FFD82353-9B76-4C38-A536-D95F1CA2302E}.Debug|x64.ActiveCfg = Debug|x64
		{FFD82353-9B76-4C38-A536-D95F1CA2302E}.Debug|x64.Build.0 = Debug|x64
		{FFD82353-9B76-4C38-A536-D95F1CA2302E}.Debug|x64.Deploy.0 = Debug|x64
		{FFD82353-9B76-4C38-A536-D95F1CA2302E}.Debug|x86.ActiveCfg = Debug|x86
		{FFD82353-9B76-4C38-A536-D95F1CA2302E}.Debug|x86.Build.0 = Debug|x86
		{FFD82353-9B76-4C38-A536-D95F1CA2302E}.Debug|x86.Deploy.0 = Debug|x86
		{FFD82353-9B76-4C38-A536-D95F1CA2302E}.Release|Any CPU.ActiveCfg = Release|Any CPU
		{FFD82353-9B76-4C38-A536-D95F1CA2302E}.Release|Any CPU.Build.0 = Release|Any CPU
		{FFD82353-9B76-4C38-A536-D95F1CA2302E}.Release|Any CPU.Deploy.0 = Release|Any CPU
		{FFD82353-9B76-4C38-A536-D95F1CA2302E}.Release|ARM.ActiveCfg = Release|ARM
		{FFD82353-9B76-4C38-A536-D95F1CA2302E}.Release|ARM.Build.0 = Release|ARM
		{FFD82353-9B76-4C38-A536-D95F1CA2302E}.Release|ARM.Deploy.0 = Release|ARM
		{FFD82353-9B76-4C38-A536-D95F1CA2302E}.Release|x64.ActiveCfg = Release|x64
		{FFD82353-9B76-4C38-A536-D95F1CA2302E}.Release|x64.Build.0 = Release|x64
		{FFD82353-9B76-4C38-A536-D95F1CA2302E}.Release|x64.Deploy.0 = Release|x64
		{FFD82353-9B76-4C38-A536-D95F1CA2302E}.Release|x86.ActiveCfg = Release|x86
		{FFD82353-9B76-4C38-A536-D95F1CA2302E}.Release|x86.Build.0 = Release|x86
		{FFD82353-9B76-4C38-A536-D95F1CA2302E}.Release|x86.Deploy.0 = Release|x86
		{E698C629-CCF0-4ABE-BE93-7D8C0E8ECDDE}.Debug|Any CPU.ActiveCfg = Debug|Any CPU
		{E698C629-CCF0-4ABE-BE93-7D8C0E8ECDDE}.Debug|Any CPU.Build.0 = Debug|Any CPU
		{E698C629-CCF0-4ABE-BE93-7D8C0E8ECDDE}.Debug|Any CPU.Deploy.0 = Debug|Any CPU
		{E698C629-CCF0-4ABE-BE93-7D8C0E8ECDDE}.Debug|ARM.ActiveCfg = Debug|ARM
		{E698C629-CCF0-4ABE-BE93-7D8C0E8ECDDE}.Debug|ARM.Build.0 = Debug|ARM
		{E698C629-CCF0-4ABE-BE93-7D8C0E8ECDDE}.Debug|ARM.Deploy.0 = Debug|ARM
		{E698C629-CCF0-4ABE-BE93-7D8C0E8ECDDE}.Debug|x64.ActiveCfg = Debug|x64
		{E698C629-CCF0-4ABE-BE93-7D8C0E8ECDDE}.Debug|x64.Build.0 = Debug|x64
		{E698C629-CCF0-4ABE-BE93-7D8C0E8ECDDE}.Debug|x64.Deploy.0 = Debug|x64
		{E698C629-CCF0-4ABE-BE93-7D8C0E8ECDDE}.Debug|x86.ActiveCfg = Debug|x86
		{E698C629-CCF0-4ABE-BE93-7D8C0E8ECDDE}.Debug|x86.Build.0 = Debug|x86
		{E698C629-CCF0-4ABE-BE93-7D8C0E8ECDDE}.Debug|x86.Deploy.0 = Debug|x86
		{E698C629-CCF0-4ABE-BE93-7D8C0E8ECDDE}.Release|Any CPU.ActiveCfg = Release|Any CPU
		{E698C629-CCF0-4ABE-BE93-7D8C0E8ECDDE}.Release|Any CPU.Build.0 = Release|Any CPU
		{E698C629-CCF0-4ABE-BE93-7D8C0E8ECDDE}.Release|Any CPU.Deploy.0 = Release|Any CPU
		{E698C629-CCF0-4ABE-BE93-7D8C0E8ECDDE}.Release|ARM.ActiveCfg = Release|ARM
		{E698C629-CCF0-4ABE-BE93-7D8C0E8ECDDE}.Release|ARM.Build.0 = Release|ARM
		{E698C629-CCF0-4ABE-BE93-7D8C0E8ECDDE}.Release|ARM.Deploy.0 = Release|ARM
		{E698C629-CCF0-4ABE-BE93-7D8C0E8ECDDE}.Release|x64.ActiveCfg = Release|x64
		{E698C629-CCF0-4ABE-BE93-7D8C0E8ECDDE}.Release|x64.Build.0 = Release|x64
		{E698C629-CCF0-4ABE-BE93-7D8C0E8ECDDE}.Release|x64.Deploy.0 = Release|x64
		{E698C629-CCF0-4ABE-BE93-7D8C0E8ECDDE}.Release|x86.ActiveCfg = Release|x86
		{E698C629-CCF0-4ABE-BE93-7D8C0E8ECDDE}.Release|x86.Build.0 = Release|x86
		{E698C629-CCF0-4ABE-BE93-7D8C0E8ECDDE}.Release|x86.Deploy.0 = Release|x86
		{70E6F5E7-D397-4DA5-B04A-E3F60823C3F4}.Debug|Any CPU.ActiveCfg = Debug|Any CPU
		{70E6F5E7-D397-4DA5-B04A-E3F60823C3F4}.Debug|Any CPU.Build.0 = Debug|Any CPU
		{70E6F5E7-D397-4DA5-B04A-E3F60823C3F4}.Debug|Any CPU.Deploy.0 = Debug|Any CPU
		{70E6F5E7-D397-4DA5-B04A-E3F60823C3F4}.Debug|ARM.ActiveCfg = Debug|ARM
		{70E6F5E7-D397-4DA5-B04A-E3F60823C3F4}.Debug|ARM.Build.0 = Debug|ARM
		{70E6F5E7-D397-4DA5-B04A-E3F60823C3F4}.Debug|ARM.Deploy.0 = Debug|ARM
		{70E6F5E7-D397-4DA5-B04A-E3F60823C3F4}.Debug|x64.ActiveCfg = Debug|x64
		{70E6F5E7-D397-4DA5-B04A-E3F60823C3F4}.Debug|x64.Build.0 = Debug|x64
		{70E6F5E7-D397-4DA5-B04A-E3F60823C3F4}.Debug|x64.Deploy.0 = Debug|x64
		{70E6F5E7-D397-4DA5-B04A-E3F60823C3F4}.Debug|x86.ActiveCfg = Debug|x86
		{70E6F5E7-D397-4DA5-B04A-E3F60823C3F4}.Debug|x86.Build.0 = Debug|x86
		{70E6F5E7-D397-4DA5-B04A-E3F60823C3F4}.Debug|x86.Deploy.0 = Debug|x86
		{70E6F5E7-D397-4DA5-B04A-E3F60823C3F4}.Release|Any CPU.ActiveCfg = Release|Any CPU
		{70E6F5E7-D397-4DA5-B04A-E3F60823C3F4}.Release|Any CPU.Build.0 = Release|Any CPU
		{70E6F5E7-D397-4DA5-B04A-E3F60823C3F4}.Release|Any CPU.Deploy.0 = Release|Any CPU
		{70E6F5E7-D397-4DA5-B04A-E3F60823C3F4}.Release|ARM.ActiveCfg = Release|ARM
		{70E6F5E7-D397-4DA5-B04A-E3F60823C3F4}.Release|ARM.Build.0 = Release|ARM
		{70E6F5E7-D397-4DA5-B04A-E3F60823C3F4}.Release|ARM.Deploy.0 = Release|ARM
		{70E6F5E7-D397-4DA5-B04A-E3F60823C3F4}.Release|x64.ActiveCfg = Release|x64
		{70E6F5E7-D397-4DA5-B04A-E3F60823C3F4}.Release|x64.Build.0 = Release|x64
		{70E6F5E7-D397-4DA5-B04A-E3F60823C3F4}.Release|x64.Deploy.0 = Release|x64
		{70E6F5E7-D397-4DA5-B04A-E3F60823C3F4}.Release|x86.ActiveCfg = Release|x86
		{70E6F5E7-D397-4DA5-B04A-E3F60823C3F4}.Release|x86.Build.0 = Release|x86
		{70E6F5E7-D397-4DA5-B04A-E3F60823C3F4}.Release|x86.Deploy.0 = Release|x86
		{AAAF83B5-6E92-4979-BDF3-EBA658DCD58B}.Debug|Any CPU.ActiveCfg = Debug|Any CPU
		{AAAF83B5-6E92-4979-BDF3-EBA658DCD58B}.Debug|Any CPU.Build.0 = Debug|Any CPU
		{AAAF83B5-6E92-4979-BDF3-EBA658DCD58B}.Debug|Any CPU.Deploy.0 = Debug|Any CPU
		{AAAF83B5-6E92-4979-BDF3-EBA658DCD58B}.Debug|ARM.ActiveCfg = Debug|ARM
		{AAAF83B5-6E92-4979-BDF3-EBA658DCD58B}.Debug|ARM.Build.0 = Debug|ARM
		{AAAF83B5-6E92-4979-BDF3-EBA658DCD58B}.Debug|ARM.Deploy.0 = Debug|ARM
		{AAAF83B5-6E92-4979-BDF3-EBA658DCD58B}.Debug|x64.ActiveCfg = Debug|x64
		{AAAF83B5-6E92-4979-BDF3-EBA658DCD58B}.Debug|x64.Build.0 = Debug|x64
		{AAAF83B5-6E92-4979-BDF3-EBA658DCD58B}.Debug|x64.Deploy.0 = Debug|x64
		{AAAF83B5-6E92-4979-BDF3-EBA658DCD58B}.Debug|x86.ActiveCfg = Debug|x86
		{AAAF83B5-6E92-4979-BDF3-EBA658DCD58B}.Debug|x86.Build.0 = Debug|x86
		{AAAF83B5-6E92-4979-BDF3-EBA658DCD58B}.Debug|x86.Deploy.0 = Debug|x86
		{AAAF83B5-6E92-4979-BDF3-EBA658DCD58B}.Release|Any CPU.ActiveCfg = Release|Any CPU
		{AAAF83B5-6E92-4979-BDF3-EBA658DCD58B}.Release|Any CPU.Build.0 = Release|Any CPU
		{AAAF83B5-6E92-4979-BDF3-EBA658DCD58B}.Release|Any CPU.Deploy.0 = Release|Any CPU
		{AAAF83B5-6E92-4979-BDF3-EBA658DCD58B}.Release|ARM.ActiveCfg = Release|ARM
		{AAAF83B5-6E92-4979-BDF3-EBA658DCD58B}.Release|ARM.Build.0 = Release|ARM
		{AAAF83B5-6E92-4979-BDF3-EBA658DCD58B}.Release|ARM.Deploy.0 = Release|ARM
		{AAAF83B5-6E92-4979-BDF3-EBA658DCD58B}.Release|x64.ActiveCfg = Release|x64
		{AAAF83B5-6E92-4979-BDF3-EBA658DCD58B}.Release|x64.Build.0 = Release|x64
		{AAAF83B5-6E92-4979-BDF3-EBA658DCD58B}.Release|x64.Deploy.0 = Release|x64
		{AAAF83B5-6E92-4979-BDF3-EBA658DCD58B}.Release|x86.ActiveCfg = Release|x86
		{AAAF83B5-6E92-4979-BDF3-EBA658DCD58B}.Release|x86.Build.0 = Release|x86
		{AAAF83B5-6E92-4979-BDF3-EBA658DCD58B}.Release|x86.Deploy.0 = Release|x86
		{82898D50-4D83-4339-806D-D2A95FDC9136}.Debug|Any CPU.ActiveCfg = Debug|Any CPU
		{82898D50-4D83-4339-806D-D2A95FDC9136}.Debug|Any CPU.Build.0 = Debug|Any CPU
		{82898D50-4D83-4339-806D-D2A95FDC9136}.Debug|Any CPU.Deploy.0 = Debug|Any CPU
		{82898D50-4D83-4339-806D-D2A95FDC9136}.Debug|ARM.ActiveCfg = Debug|ARM
		{82898D50-4D83-4339-806D-D2A95FDC9136}.Debug|ARM.Build.0 = Debug|ARM
		{82898D50-4D83-4339-806D-D2A95FDC9136}.Debug|ARM.Deploy.0 = Debug|ARM
		{82898D50-4D83-4339-806D-D2A95FDC9136}.Debug|x64.ActiveCfg = Debug|x64
		{82898D50-4D83-4339-806D-D2A95FDC9136}.Debug|x64.Build.0 = Debug|x64
		{82898D50-4D83-4339-806D-D2A95FDC9136}.Debug|x64.Deploy.0 = Debug|x64
		{82898D50-4D83-4339-806D-D2A95FDC9136}.Debug|x86.ActiveCfg = Debug|x86
		{82898D50-4D83-4339-806D-D2A95FDC9136}.Debug|x86.Build.0 = Debug|x86
		{82898D50-4D83-4339-806D-D2A95FDC9136}.Debug|x86.Deploy.0 = Debug|x86
		{82898D50-4D83-4339-806D-D2A95FDC9136}.Release|Any CPU.ActiveCfg = Release|Any CPU
		{82898D50-4D83-4339-806D-D2A95FDC9136}.Release|Any CPU.Build.0 = Release|Any CPU
		{82898D50-4D83-4339-806D-D2A95FDC9136}.Release|Any CPU.Deploy.0 = Release|Any CPU
		{82898D50-4D83-4339-806D-D2A95FDC9136}.Release|ARM.ActiveCfg = Release|ARM
		{82898D50-4D83-4339-806D-D2A95FDC9136}.Release|ARM.Build.0 = Release|ARM
		{82898D50-4D83-4339-806D-D2A95FDC9136}.Release|ARM.Deploy.0 = Release|ARM
		{82898D50-4D83-4339-806D-D2A95FDC9136}.Release|x64.ActiveCfg = Release|x64
		{82898D50-4D83-4339-806D-D2A95FDC9136}.Release|x64.Build.0 = Release|x64
		{82898D50-4D83-4339-806D-D2A95FDC9136}.Release|x64.Deploy.0 = Release|x64
		{82898D50-4D83-4339-806D-D2A95FDC9136}.Release|x86.ActiveCfg = Release|x86
		{82898D50-4D83-4339-806D-D2A95FDC9136}.Release|x86.Build.0 = Release|x86
		{82898D50-4D83-4339-806D-D2A95FDC9136}.Release|x86.Deploy.0 = Release|x86
	EndGlobalSection
	GlobalSection(SolutionProperties) = preSolution
		HideSolutionNode = FALSE
	EndGlobalSection
EndGlobal
