
Microsoft Visual Studio Solution File, Format Version 12.00
# Visual Studio 2012
Project("{262852C6-CD72-467D-83FE-5EEB1973A190}") = "GettingStarted", "GettingStarted\GettingStarted.jsproj", "{908DE046-642F-4981-AB5E-CA07A4E85138}"
EndProject
Project("{262852C6-CD72-467D-83FE-5EEB1973A190}") = "Templates", "Templates\Templates.jsproj", "{5FCA0793-35C2-4FC2-A9A2-2CAF77B29B98}"
EndProject
Project("{262852C6-CD72-467D-83FE-5EEB1973A190}") = "WebServiceBinding", "WebServiceBinding\WebServiceBinding.jsproj", "{FDEA0D88-CF60-40BE-8AF1-FB8AD17176E4}"
EndProject
Project("{262852C6-CD72-467D-83FE-5EEB1973A190}") = "CascadingDropDowns", "CascadingDropDowns\CascadingDropDowns.jsproj", "{2D679972-D88A-43E5-A8EF-42A549263155}"
EndProject
Global
	GlobalSection(SolutionConfigurationPlatforms) = preSolution
		Debug|Any CPU = Debug|Any CPU
		Debug|ARM = Debug|ARM
		Debug|x64 = Debug|x64
		Debug|x86 = Debug|x86
		Release|Any CPU = Release|Any CPU
		Release|ARM = Release|ARM
		Release|x64 = Release|x64
		Release|x86 = Release|x86
	EndGlobalSection
	GlobalSection(ProjectConfigurationPlatforms) = postSolution
		{908DE046-642F-4981-AB5E-CA07A4E85138}.Debug|Any CPU.ActiveCfg = Debug|Any CPU
		{908DE046-642F-4981-AB5E-CA07A4E85138}.Debug|Any CPU.Build.0 = Debug|Any CPU
		{908DE046-642F-4981-AB5E-CA07A4E85138}.Debug|Any CPU.Deploy.0 = Debug|Any CPU
		{908DE046-642F-4981-AB5E-CA07A4E85138}.Debug|ARM.ActiveCfg = Debug|ARM
		{908DE046-642F-4981-AB5E-CA07A4E85138}.Debug|ARM.Build.0 = Debug|ARM
		{908DE046-642F-4981-AB5E-CA07A4E85138}.Debug|ARM.Deploy.0 = Debug|ARM
		{908DE046-642F-4981-AB5E-CA07A4E85138}.Debug|x64.ActiveCfg = Debug|x64
		{908DE046-642F-4981-AB5E-CA07A4E85138}.Debug|x64.Build.0 = Debug|x64
		{908DE046-642F-4981-AB5E-CA07A4E85138}.Debug|x64.Deploy.0 = Debug|x64
		{908DE046-642F-4981-AB5E-CA07A4E85138}.Debug|x86.ActiveCfg = Debug|x86
		{908DE046-642F-4981-AB5E-CA07A4E85138}.Debug|x86.Build.0 = Debug|x86
		{908DE046-642F-4981-AB5E-CA07A4E85138}.Debug|x86.Deploy.0 = Debug|x86
		{908DE046-642F-4981-AB5E-CA07A4E85138}.Release|Any CPU.ActiveCfg = Release|Any CPU
		{908DE046-642F-4981-AB5E-CA07A4E85138}.Release|Any CPU.Build.0 = Release|Any CPU
		{908DE046-642F-4981-AB5E-CA07A4E85138}.Release|Any CPU.Deploy.0 = Release|Any CPU
		{908DE046-642F-4981-AB5E-CA07A4E85138}.Release|ARM.ActiveCfg = Release|ARM
		{908DE046-642F-4981-AB5E-CA07A4E85138}.Release|ARM.Build.0 = Release|ARM
		{908DE046-642F-4981-AB5E-CA07A4E85138}.Release|ARM.Deploy.0 = Release|ARM
		{908DE046-642F-4981-AB5E-CA07A4E85138}.Release|x64.ActiveCfg = Release|x64
		{908DE046-642F-4981-AB5E-CA07A4E85138}.Release|x64.Build.0 = Release|x64
		{908DE046-642F-4981-AB5E-CA07A4E85138}.Release|x64.Deploy.0 = Release|x64
		{908DE046-642F-4981-AB5E-CA07A4E85138}.Release|x86.ActiveCfg = Release|x86
		{908DE046-642F-4981-AB5E-CA07A4E85138}.Release|x86.Build.0 = Release|x86
		{908DE046-642F-4981-AB5E-CA07A4E85138}.Release|x86.Deploy.0 = Release|x86
		{5FCA0793-35C2-4FC2-A9A2-2CAF77B29B98}.Debug|Any CPU.ActiveCfg = Debug|Any CPU
		{5FCA0793-35C2-4FC2-A9A2-2CAF77B29B98}.Debug|Any CPU.Build.0 = Debug|Any CPU
		{5FCA0793-35C2-4FC2-A9A2-2CAF77B29B98}.Debug|Any CPU.Deploy.0 = Debug|Any CPU
		{5FCA0793-35C2-4FC2-A9A2-2CAF77B29B98}.Debug|ARM.ActiveCfg = Debug|ARM
		{5FCA0793-35C2-4FC2-A9A2-2CAF77B29B98}.Debug|ARM.Build.0 = Debug|ARM
		{5FCA0793-35C2-4FC2-A9A2-2CAF77B29B98}.Debug|ARM.Deploy.0 = Debug|ARM
		{5FCA0793-35C2-4FC2-A9A2-2CAF77B29B98}.Debug|x64.ActiveCfg = Debug|x64
		{5FCA0793-35C2-4FC2-A9A2-2CAF77B29B98}.Debug|x64.Build.0 = Debug|x64
		{5FCA0793-35C2-4FC2-A9A2-2CAF77B29B98}.Debug|x64.Deploy.0 = Debug|x64
		{5FCA0793-35C2-4FC2-A9A2-2CAF77B29B98}.Debug|x86.ActiveCfg = Debug|x86
		{5FCA0793-35C2-4FC2-A9A2-2CAF77B29B98}.Debug|x86.Build.0 = Debug|x86
		{5FCA0793-35C2-4FC2-A9A2-2CAF77B29B98}.Debug|x86.Deploy.0 = Debug|x86
		{5FCA0793-35C2-4FC2-A9A2-2CAF77B29B98}.Release|Any CPU.ActiveCfg = Release|Any CPU
		{5FCA0793-35C2-4FC2-A9A2-2CAF77B29B98}.Release|Any CPU.Build.0 = Release|Any CPU
		{5FCA0793-35C2-4FC2-A9A2-2CAF77B29B98}.Release|Any CPU.Deploy.0 = Release|Any CPU
		{5FCA0793-35C2-4FC2-A9A2-2CAF77B29B98}.Release|ARM.ActiveCfg = Release|ARM
		{5FCA0793-35C2-4FC2-A9A2-2CAF77B29B98}.Release|ARM.Build.0 = Release|ARM
		{5FCA0793-35C2-4FC2-A9A2-2CAF77B29B98}.Release|ARM.Deploy.0 = Release|ARM
		{5FCA0793-35C2-4FC2-A9A2-2CAF77B29B98}.Release|x64.ActiveCfg = Release|x64
		{5FCA0793-35C2-4FC2-A9A2-2CAF77B29B98}.Release|x64.Build.0 = Release|x64
		{5FCA0793-35C2-4FC2-A9A2-2CAF77B29B98}.Release|x64.Deploy.0 = Release|x64
		{5FCA0793-35C2-4FC2-A9A2-2CAF77B29B98}.Release|x86.ActiveCfg = Release|x86
		{5FCA0793-35C2-4FC2-A9A2-2CAF77B29B98}.Release|x86.Build.0 = Release|x86
		{5FCA0793-35C2-4FC2-A9A2-2CAF77B29B98}.Release|x86.Deploy.0 = Release|x86
		{FDEA0D88-CF60-40BE-8AF1-FB8AD17176E4}.Debug|Any CPU.ActiveCfg = Debug|Any CPU
		{FDEA0D88-CF60-40BE-8AF1-FB8AD17176E4}.Debug|Any CPU.Build.0 = Debug|Any CPU
		{FDEA0D88-CF60-40BE-8AF1-FB8AD17176E4}.Debug|Any CPU.Deploy.0 = Debug|Any CPU
		{FDEA0D88-CF60-40BE-8AF1-FB8AD17176E4}.Debug|ARM.ActiveCfg = Debug|ARM
		{FDEA0D88-CF60-40BE-8AF1-FB8AD17176E4}.Debug|ARM.Build.0 = Debug|ARM
		{FDEA0D88-CF60-40BE-8AF1-FB8AD17176E4}.Debug|ARM.Deploy.0 = Debug|ARM
		{FDEA0D88-CF60-40BE-8AF1-FB8AD17176E4}.Debug|x64.ActiveCfg = Debug|x64
		{FDEA0D88-CF60-40BE-8AF1-FB8AD17176E4}.Debug|x64.Build.0 = Debug|x64
		{FDEA0D88-CF60-40BE-8AF1-FB8AD17176E4}.Debug|x64.Deploy.0 = Debug|x64
		{FDEA0D88-CF60-40BE-8AF1-FB8AD17176E4}.Debug|x86.ActiveCfg = Debug|x86
		{FDEA0D88-CF60-40BE-8AF1-FB8AD17176E4}.Debug|x86.Build.0 = Debug|x86
		{FDEA0D88-CF60-40BE-8AF1-FB8AD17176E4}.Debug|x86.Deploy.0 = Debug|x86
		{FDEA0D88-CF60-40BE-8AF1-FB8AD17176E4}.Release|Any CPU.ActiveCfg = Release|Any CPU
		{FDEA0D88-CF60-40BE-8AF1-FB8AD17176E4}.Release|Any CPU.Build.0 = Release|Any CPU
		{FDEA0D88-CF60-40BE-8AF1-FB8AD17176E4}.Release|Any CPU.Deploy.0 = Release|Any CPU
		{FDEA0D88-CF60-40BE-8AF1-FB8AD17176E4}.Release|ARM.ActiveCfg = Release|ARM
		{FDEA0D88-CF60-40BE-8AF1-FB8AD17176E4}.Release|ARM.Build.0 = Release|ARM
		{FDEA0D88-CF60-40BE-8AF1-FB8AD17176E4}.Release|ARM.Deploy.0 = Release|ARM
		{FDEA0D88-CF60-40BE-8AF1-FB8AD17176E4}.Release|x64.ActiveCfg = Release|x64
		{FDEA0D88-CF60-40BE-8AF1-FB8AD17176E4}.Release|x64.Build.0 = Release|x64
		{FDEA0D88-CF60-40BE-8AF1-FB8AD17176E4}.Release|x64.Deploy.0 = Release|x64
		{FDEA0D88-CF60-40BE-8AF1-FB8AD17176E4}.Release|x86.ActiveCfg = Release|x86
		{FDEA0D88-CF60-40BE-8AF1-FB8AD17176E4}.Release|x86.Build.0 = Release|x86
		{FDEA0D88-CF60-40BE-8AF1-FB8AD17176E4}.Release|x86.Deploy.0 = Release|x86
		{2D679972-D88A-43E5-A8EF-42A549263155}.Debug|Any CPU.ActiveCfg = Debug|Any CPU
		{2D679972-D88A-43E5-A8EF-42A549263155}.Debug|Any CPU.Build.0 = Debug|Any CPU
		{2D679972-D88A-43E5-A8EF-42A549263155}.Debug|Any CPU.Deploy.0 = Debug|Any CPU
		{2D679972-D88A-43E5-A8EF-42A549263155}.Debug|ARM.ActiveCfg = Debug|ARM
		{2D679972-D88A-43E5-A8EF-42A549263155}.Debug|ARM.Build.0 = Debug|ARM
		{2D679972-D88A-43E5-A8EF-42A549263155}.Debug|ARM.Deploy.0 = Debug|ARM
		{2D679972-D88A-43E5-A8EF-42A549263155}.Debug|x64.ActiveCfg = Debug|x64
		{2D679972-D88A-43E5-A8EF-42A549263155}.Debug|x64.Build.0 = Debug|x64
		{2D679972-D88A-43E5-A8EF-42A549263155}.Debug|x64.Deploy.0 = Debug|x64
		{2D679972-D88A-43E5-A8EF-42A549263155}.Debug|x86.ActiveCfg = Debug|x86
		{2D679972-D88A-43E5-A8EF-42A549263155}.Debug|x86.Build.0 = Debug|x86
		{2D679972-D88A-43E5-A8EF-42A549263155}.Debug|x86.Deploy.0 = Debug|x86
		{2D679972-D88A-43E5-A8EF-42A549263155}.Release|Any CPU.ActiveCfg = Release|Any CPU
		{2D679972-D88A-43E5-A8EF-42A549263155}.Release|Any CPU.Build.0 = Release|Any CPU
		{2D679972-D88A-43E5-A8EF-42A549263155}.Release|Any CPU.Deploy.0 = Release|Any CPU
		{2D679972-D88A-43E5-A8EF-42A549263155}.Release|ARM.ActiveCfg = Release|ARM
		{2D679972-D88A-43E5-A8EF-42A549263155}.Release|ARM.Build.0 = Release|ARM
		{2D679972-D88A-43E5-A8EF-42A549263155}.Release|ARM.Deploy.0 = Release|ARM
		{2D679972-D88A-43E5-A8EF-42A549263155}.Release|x64.ActiveCfg = Release|x64
		{2D679972-D88A-43E5-A8EF-42A549263155}.Release|x64.Build.0 = Release|x64
		{2D679972-D88A-43E5-A8EF-42A549263155}.Release|x64.Deploy.0 = Release|x64
		{2D679972-D88A-43E5-A8EF-42A549263155}.Release|x86.ActiveCfg = Release|x86
		{2D679972-D88A-43E5-A8EF-42A549263155}.Release|x86.Build.0 = Release|x86
		{2D679972-D88A-43E5-A8EF-42A549263155}.Release|x86.Deploy.0 = Release|x86
	EndGlobalSection
	GlobalSection(SolutionProperties) = preSolution
		HideSolutionNode = FALSE
	EndGlobalSection
EndGlobal
