
Microsoft Visual Studio Solution File, Format Version 12.00
# Visual Studio 2012
Project("{262852C6-CD72-467D-83FE-5EEB1973A190}") = "RadHubTile", "RadHubTile\RadHubTile.jsproj", "{13ABC024-DD80-4E98-823C-D4E41FC41302}"
EndProject
Project("{262852C6-CD72-467D-83FE-5EEB1973A190}") = "RadCustomHubTile", "RadCustomHubTile\RadCustomHubTile.jsproj", "{CA89CF74-8646-4133-8F75-C04EA2CF6D6F}"
EndProject
Project("{262852C6-CD72-467D-83FE-5EEB1973A190}") = "RadMosaicHubTile", "RadMosaicHubTile\RadMosaicHubTile.jsproj", "{F3EA4592-F475-4AAF-8AA2-F21F13452ED2}"
EndProject
Project("{262852C6-CD72-467D-83FE-5EEB1973A190}") = "RadPictureRotatorHubTile", "RadPictureRotatorHubTile\RadPictureRotatorHubTile.jsproj", "{6AECD82B-E1FC-4B01-BE00-4E6443DF5201}"
EndProject
Project("{262852C6-CD72-467D-83FE-5EEB1973A190}") = "RadSlideHubTile", "RadSlideHubTile\RadSlideHubTile.jsproj", "{A9DA906C-979F-4B4C-91D8-8D1C2F82E9F3}"
EndProject
Project("{262852C6-CD72-467D-83FE-5EEB1973A190}") = "ShowingLiveDataWithCustomHubTile", "ShowLiveDataWithCustomHubTile\ShowingLiveDataWithCustomHubTile.jsproj", "{E6F73BA8-EA09-42D8-B2BE-9D870138C8C6}"
EndProject
Global
	GlobalSection(SolutionConfigurationPlatforms) = preSolution
		Debug|Any CPU = Debug|Any CPU
		Debug|ARM = Debug|ARM
		Debug|x64 = Debug|x64
		Debug|x86 = Debug|x86
		Release|Any CPU = Release|Any CPU
		Release|ARM = Release|ARM
		Release|x64 = Release|x64
		Release|x86 = Release|x86
	EndGlobalSection
	GlobalSection(ProjectConfigurationPlatforms) = postSolution
		{13ABC024-DD80-4E98-823C-D4E41FC41302}.Debug|Any CPU.ActiveCfg = Debug|Any CPU
		{13ABC024-DD80-4E98-823C-D4E41FC41302}.Debug|Any CPU.Build.0 = Debug|Any CPU
		{13ABC024-DD80-4E98-823C-D4E41FC41302}.Debug|Any CPU.Deploy.0 = Debug|Any CPU
		{13ABC024-DD80-4E98-823C-D4E41FC41302}.Debug|ARM.ActiveCfg = Debug|ARM
		{13ABC024-DD80-4E98-823C-D4E41FC41302}.Debug|ARM.Build.0 = Debug|ARM
		{13ABC024-DD80-4E98-823C-D4E41FC41302}.Debug|ARM.Deploy.0 = Debug|ARM
		{13ABC024-DD80-4E98-823C-D4E41FC41302}.Debug|x64.ActiveCfg = Debug|x64
		{13ABC024-DD80-4E98-823C-D4E41FC41302}.Debug|x64.Build.0 = Debug|x64
		{13ABC024-DD80-4E98-823C-D4E41FC41302}.Debug|x64.Deploy.0 = Debug|x64
		{13ABC024-DD80-4E98-823C-D4E41FC41302}.Debug|x86.ActiveCfg = Debug|x86
		{13ABC024-DD80-4E98-823C-D4E41FC41302}.Debug|x86.Build.0 = Debug|x86
		{13ABC024-DD80-4E98-823C-D4E41FC41302}.Debug|x86.Deploy.0 = Debug|x86
		{13ABC024-DD80-4E98-823C-D4E41FC41302}.Release|Any CPU.ActiveCfg = Release|Any CPU
		{13ABC024-DD80-4E98-823C-D4E41FC41302}.Release|Any CPU.Build.0 = Release|Any CPU
		{13ABC024-DD80-4E98-823C-D4E41FC41302}.Release|Any CPU.Deploy.0 = Release|Any CPU
		{13ABC024-DD80-4E98-823C-D4E41FC41302}.Release|ARM.ActiveCfg = Release|ARM
		{13ABC024-DD80-4E98-823C-D4E41FC41302}.Release|ARM.Build.0 = Release|ARM
		{13ABC024-DD80-4E98-823C-D4E41FC41302}.Release|ARM.Deploy.0 = Release|ARM
		{13ABC024-DD80-4E98-823C-D4E41FC41302}.Release|x64.ActiveCfg = Release|x64
		{13ABC024-DD80-4E98-823C-D4E41FC41302}.Release|x64.Build.0 = Release|x64
		{13ABC024-DD80-4E98-823C-D4E41FC41302}.Release|x64.Deploy.0 = Release|x64
		{13ABC024-DD80-4E98-823C-D4E41FC41302}.Release|x86.ActiveCfg = Release|x86
		{13ABC024-DD80-4E98-823C-D4E41FC41302}.Release|x86.Build.0 = Release|x86
		{13ABC024-DD80-4E98-823C-D4E41FC41302}.Release|x86.Deploy.0 = Release|x86
		{CA89CF74-8646-4133-8F75-C04EA2CF6D6F}.Debug|Any CPU.ActiveCfg = Debug|Any CPU
		{CA89CF74-8646-4133-8F75-C04EA2CF6D6F}.Debug|Any CPU.Build.0 = Debug|Any CPU
		{CA89CF74-8646-4133-8F75-C04EA2CF6D6F}.Debug|Any CPU.Deploy.0 = Debug|Any CPU
		{CA89CF74-8646-4133-8F75-C04EA2CF6D6F}.Debug|ARM.ActiveCfg = Debug|ARM
		{CA89CF74-8646-4133-8F75-C04EA2CF6D6F}.Debug|ARM.Build.0 = Debug|ARM
		{CA89CF74-8646-4133-8F75-C04EA2CF6D6F}.Debug|ARM.Deploy.0 = Debug|ARM
		{CA89CF74-8646-4133-8F75-C04EA2CF6D6F}.Debug|x64.ActiveCfg = Debug|x64
		{CA89CF74-8646-4133-8F75-C04EA2CF6D6F}.Debug|x64.Build.0 = Debug|x64
		{CA89CF74-8646-4133-8F75-C04EA2CF6D6F}.Debug|x64.Deploy.0 = Debug|x64
		{CA89CF74-8646-4133-8F75-C04EA2CF6D6F}.Debug|x86.ActiveCfg = Debug|x86
		{CA89CF74-8646-4133-8F75-C04EA2CF6D6F}.Debug|x86.Build.0 = Debug|x86
		{CA89CF74-8646-4133-8F75-C04EA2CF6D6F}.Debug|x86.Deploy.0 = Debug|x86
		{CA89CF74-8646-4133-8F75-C04EA2CF6D6F}.Release|Any CPU.ActiveCfg = Release|Any CPU
		{CA89CF74-8646-4133-8F75-C04EA2CF6D6F}.Release|Any CPU.Build.0 = Release|Any CPU
		{CA89CF74-8646-4133-8F75-C04EA2CF6D6F}.Release|Any CPU.Deploy.0 = Release|Any CPU
		{CA89CF74-8646-4133-8F75-C04EA2CF6D6F}.Release|ARM.ActiveCfg = Release|ARM
		{CA89CF74-8646-4133-8F75-C04EA2CF6D6F}.Release|ARM.Build.0 = Release|ARM
		{CA89CF74-8646-4133-8F75-C04EA2CF6D6F}.Release|ARM.Deploy.0 = Release|ARM
		{CA89CF74-8646-4133-8F75-C04EA2CF6D6F}.Release|x64.ActiveCfg = Release|x64
		{CA89CF74-8646-4133-8F75-C04EA2CF6D6F}.Release|x64.Build.0 = Release|x64
		{CA89CF74-8646-4133-8F75-C04EA2CF6D6F}.Release|x64.Deploy.0 = Release|x64
		{CA89CF74-8646-4133-8F75-C04EA2CF6D6F}.Release|x86.ActiveCfg = Release|x86
		{CA89CF74-8646-4133-8F75-C04EA2CF6D6F}.Release|x86.Build.0 = Release|x86
		{CA89CF74-8646-4133-8F75-C04EA2CF6D6F}.Release|x86.Deploy.0 = Release|x86
		{F3EA4592-F475-4AAF-8AA2-F21F13452ED2}.Debug|Any CPU.ActiveCfg = Debug|Any CPU
		{F3EA4592-F475-4AAF-8AA2-F21F13452ED2}.Debug|Any CPU.Build.0 = Debug|Any CPU
		{F3EA4592-F475-4AAF-8AA2-F21F13452ED2}.Debug|Any CPU.Deploy.0 = Debug|Any CPU
		{F3EA4592-F475-4AAF-8AA2-F21F13452ED2}.Debug|ARM.ActiveCfg = Debug|ARM
		{F3EA4592-F475-4AAF-8AA2-F21F13452ED2}.Debug|ARM.Build.0 = Debug|ARM
		{F3EA4592-F475-4AAF-8AA2-F21F13452ED2}.Debug|ARM.Deploy.0 = Debug|ARM
		{F3EA4592-F475-4AAF-8AA2-F21F13452ED2}.Debug|x64.ActiveCfg = Debug|x64
		{F3EA4592-F475-4AAF-8AA2-F21F13452ED2}.Debug|x64.Build.0 = Debug|x64
		{F3EA4592-F475-4AAF-8AA2-F21F13452ED2}.Debug|x64.Deploy.0 = Debug|x64
		{F3EA4592-F475-4AAF-8AA2-F21F13452ED2}.Debug|x86.ActiveCfg = Debug|x86
		{F3EA4592-F475-4AAF-8AA2-F21F13452ED2}.Debug|x86.Build.0 = Debug|x86
		{F3EA4592-F475-4AAF-8AA2-F21F13452ED2}.Debug|x86.Deploy.0 = Debug|x86
		{F3EA4592-F475-4AAF-8AA2-F21F13452ED2}.Release|Any CPU.ActiveCfg = Release|Any CPU
		{F3EA4592-F475-4AAF-8AA2-F21F13452ED2}.Release|Any CPU.Build.0 = Release|Any CPU
		{F3EA4592-F475-4AAF-8AA2-F21F13452ED2}.Release|Any CPU.Deploy.0 = Release|Any CPU
		{F3EA4592-F475-4AAF-8AA2-F21F13452ED2}.Release|ARM.ActiveCfg = Release|ARM
		{F3EA4592-F475-4AAF-8AA2-F21F13452ED2}.Release|ARM.Build.0 = Release|ARM
		{F3EA4592-F475-4AAF-8AA2-F21F13452ED2}.Release|ARM.Deploy.0 = Release|ARM
		{F3EA4592-F475-4AAF-8AA2-F21F13452ED2}.Release|x64.ActiveCfg = Release|x64
		{F3EA4592-F475-4AAF-8AA2-F21F13452ED2}.Release|x64.Build.0 = Release|x64
		{F3EA4592-F475-4AAF-8AA2-F21F13452ED2}.Release|x64.Deploy.0 = Release|x64
		{F3EA4592-F475-4AAF-8AA2-F21F13452ED2}.Release|x86.ActiveCfg = Release|x86
		{F3EA4592-F475-4AAF-8AA2-F21F13452ED2}.Release|x86.Build.0 = Release|x86
		{F3EA4592-F475-4AAF-8AA2-F21F13452ED2}.Release|x86.Deploy.0 = Release|x86
		{6AECD82B-E1FC-4B01-BE00-4E6443DF5201}.Debug|Any CPU.ActiveCfg = Debug|Any CPU
		{6AECD82B-E1FC-4B01-BE00-4E6443DF5201}.Debug|Any CPU.Build.0 = Debug|Any CPU
		{6AECD82B-E1FC-4B01-BE00-4E6443DF5201}.Debug|Any CPU.Deploy.0 = Debug|Any CPU
		{6AECD82B-E1FC-4B01-BE00-4E6443DF5201}.Debug|ARM.ActiveCfg = Debug|ARM
		{6AECD82B-E1FC-4B01-BE00-4E6443DF5201}.Debug|ARM.Build.0 = Debug|ARM
		{6AECD82B-E1FC-4B01-BE00-4E6443DF5201}.Debug|ARM.Deploy.0 = Debug|ARM
		{6AECD82B-E1FC-4B01-BE00-4E6443DF5201}.Debug|x64.ActiveCfg = Debug|x64
		{6AECD82B-E1FC-4B01-BE00-4E6443DF5201}.Debug|x64.Build.0 = Debug|x64
		{6AECD82B-E1FC-4B01-BE00-4E6443DF5201}.Debug|x64.Deploy.0 = Debug|x64
		{6AECD82B-E1FC-4B01-BE00-4E6443DF5201}.Debug|x86.ActiveCfg = Debug|x86
		{6AECD82B-E1FC-4B01-BE00-4E6443DF5201}.Debug|x86.Build.0 = Debug|x86
		{6AECD82B-E1FC-4B01-BE00-4E6443DF5201}.Debug|x86.Deploy.0 = Debug|x86
		{6AECD82B-E1FC-4B01-BE00-4E6443DF5201}.Release|Any CPU.ActiveCfg = Release|Any CPU
		{6AECD82B-E1FC-4B01-BE00-4E6443DF5201}.Release|Any CPU.Build.0 = Release|Any CPU
		{6AECD82B-E1FC-4B01-BE00-4E6443DF5201}.Release|Any CPU.Deploy.0 = Release|Any CPU
		{6AECD82B-E1FC-4B01-BE00-4E6443DF5201}.Release|ARM.ActiveCfg = Release|ARM
		{6AECD82B-E1FC-4B01-BE00-4E6443DF5201}.Release|ARM.Build.0 = Release|ARM
		{6AECD82B-E1FC-4B01-BE00-4E6443DF5201}.Release|ARM.Deploy.0 = Release|ARM
		{6AECD82B-E1FC-4B01-BE00-4E6443DF5201}.Release|x64.ActiveCfg = Release|x64
		{6AECD82B-E1FC-4B01-BE00-4E6443DF5201}.Release|x64.Build.0 = Release|x64
		{6AECD82B-E1FC-4B01-BE00-4E6443DF5201}.Release|x64.Deploy.0 = Release|x64
		{6AECD82B-E1FC-4B01-BE00-4E6443DF5201}.Release|x86.ActiveCfg = Release|x86
		{6AECD82B-E1FC-4B01-BE00-4E6443DF5201}.Release|x86.Build.0 = Release|x86
		{6AECD82B-E1FC-4B01-BE00-4E6443DF5201}.Release|x86.Deploy.0 = Release|x86
		{A9DA906C-979F-4B4C-91D8-8D1C2F82E9F3}.Debug|Any CPU.ActiveCfg = Debug|Any CPU
		{A9DA906C-979F-4B4C-91D8-8D1C2F82E9F3}.Debug|Any CPU.Build.0 = Debug|Any CPU
		{A9DA906C-979F-4B4C-91D8-8D1C2F82E9F3}.Debug|Any CPU.Deploy.0 = Debug|Any CPU
		{A9DA906C-979F-4B4C-91D8-8D1C2F82E9F3}.Debug|ARM.ActiveCfg = Debug|ARM
		{A9DA906C-979F-4B4C-91D8-8D1C2F82E9F3}.Debug|ARM.Build.0 = Debug|ARM
		{A9DA906C-979F-4B4C-91D8-8D1C2F82E9F3}.Debug|ARM.Deploy.0 = Debug|ARM
		{A9DA906C-979F-4B4C-91D8-8D1C2F82E9F3}.Debug|x64.ActiveCfg = Debug|x64
		{A9DA906C-979F-4B4C-91D8-8D1C2F82E9F3}.Debug|x64.Build.0 = Debug|x64
		{A9DA906C-979F-4B4C-91D8-8D1C2F82E9F3}.Debug|x64.Deploy.0 = Debug|x64
		{A9DA906C-979F-4B4C-91D8-8D1C2F82E9F3}.Debug|x86.ActiveCfg = Debug|x86
		{A9DA906C-979F-4B4C-91D8-8D1C2F82E9F3}.Debug|x86.Build.0 = Debug|x86
		{A9DA906C-979F-4B4C-91D8-8D1C2F82E9F3}.Debug|x86.Deploy.0 = Debug|x86
		{A9DA906C-979F-4B4C-91D8-8D1C2F82E9F3}.Release|Any CPU.ActiveCfg = Release|Any CPU
		{A9DA906C-979F-4B4C-91D8-8D1C2F82E9F3}.Release|Any CPU.Build.0 = Release|Any CPU
		{A9DA906C-979F-4B4C-91D8-8D1C2F82E9F3}.Release|Any CPU.Deploy.0 = Release|Any CPU
		{A9DA906C-979F-4B4C-91D8-8D1C2F82E9F3}.Release|ARM.ActiveCfg = Release|ARM
		{A9DA906C-979F-4B4C-91D8-8D1C2F82E9F3}.Release|ARM.Build.0 = Release|ARM
		{A9DA906C-979F-4B4C-91D8-8D1C2F82E9F3}.Release|ARM.Deploy.0 = Release|ARM
		{A9DA906C-979F-4B4C-91D8-8D1C2F82E9F3}.Release|x64.ActiveCfg = Release|x64
		{A9DA906C-979F-4B4C-91D8-8D1C2F82E9F3}.Release|x64.Build.0 = Release|x64
		{A9DA906C-979F-4B4C-91D8-8D1C2F82E9F3}.Release|x64.Deploy.0 = Release|x64
		{A9DA906C-979F-4B4C-91D8-8D1C2F82E9F3}.Release|x86.ActiveCfg = Release|x86
		{A9DA906C-979F-4B4C-91D8-8D1C2F82E9F3}.Release|x86.Build.0 = Release|x86
		{A9DA906C-979F-4B4C-91D8-8D1C2F82E9F3}.Release|x86.Deploy.0 = Release|x86
		{E6F73BA8-EA09-42D8-B2BE-9D870138C8C6}.Debug|Any CPU.ActiveCfg = Debug|Any CPU
		{E6F73BA8-EA09-42D8-B2BE-9D870138C8C6}.Debug|Any CPU.Build.0 = Debug|Any CPU
		{E6F73BA8-EA09-42D8-B2BE-9D870138C8C6}.Debug|Any CPU.Deploy.0 = Debug|Any CPU
		{E6F73BA8-EA09-42D8-B2BE-9D870138C8C6}.Debug|ARM.ActiveCfg = Debug|ARM
		{E6F73BA8-EA09-42D8-B2BE-9D870138C8C6}.Debug|ARM.Build.0 = Debug|ARM
		{E6F73BA8-EA09-42D8-B2BE-9D870138C8C6}.Debug|ARM.Deploy.0 = Debug|ARM
		{E6F73BA8-EA09-42D8-B2BE-9D870138C8C6}.Debug|x64.ActiveCfg = Debug|x64
		{E6F73BA8-EA09-42D8-B2BE-9D870138C8C6}.Debug|x64.Build.0 = Debug|x64
		{E6F73BA8-EA09-42D8-B2BE-9D870138C8C6}.Debug|x64.Deploy.0 = Debug|x64
		{E6F73BA8-EA09-42D8-B2BE-9D870138C8C6}.Debug|x86.ActiveCfg = Debug|x86
		{E6F73BA8-EA09-42D8-B2BE-9D870138C8C6}.Debug|x86.Build.0 = Debug|x86
		{E6F73BA8-EA09-42D8-B2BE-9D870138C8C6}.Debug|x86.Deploy.0 = Debug|x86
		{E6F73BA8-EA09-42D8-B2BE-9D870138C8C6}.Release|Any CPU.ActiveCfg = Release|Any CPU
		{E6F73BA8-EA09-42D8-B2BE-9D870138C8C6}.Release|Any CPU.Build.0 = Release|Any CPU
		{E6F73BA8-EA09-42D8-B2BE-9D870138C8C6}.Release|Any CPU.Deploy.0 = Release|Any CPU
		{E6F73BA8-EA09-42D8-B2BE-9D870138C8C6}.Release|ARM.ActiveCfg = Release|ARM
		{E6F73BA8-EA09-42D8-B2BE-9D870138C8C6}.Release|ARM.Build.0 = Release|ARM
		{E6F73BA8-EA09-42D8-B2BE-9D870138C8C6}.Release|ARM.Deploy.0 = Release|ARM
		{E6F73BA8-EA09-42D8-B2BE-9D870138C8C6}.Release|x64.ActiveCfg = Release|x64
		{E6F73BA8-EA09-42D8-B2BE-9D870138C8C6}.Release|x64.Build.0 = Release|x64
		{E6F73BA8-EA09-42D8-B2BE-9D870138C8C6}.Release|x64.Deploy.0 = Release|x64
		{E6F73BA8-EA09-42D8-B2BE-9D870138C8C6}.Release|x86.ActiveCfg = Release|x86
		{E6F73BA8-EA09-42D8-B2BE-9D870138C8C6}.Release|x86.Build.0 = Release|x86
		{E6F73BA8-EA09-42D8-B2BE-9D870138C8C6}.Release|x86.Deploy.0 = Release|x86
	EndGlobalSection
	GlobalSection(SolutionProperties) = preSolution
		HideSolutionNode = FALSE
	EndGlobalSection
EndGlobal
