
Microsoft Visual Studio Solution File, Format Version 12.00
# Visual Studio 2012
Project("{262852C6-CD72-467D-83FE-5EEB1973A190}") = "GettingStarted", "GettingStarted\GettingStarted.jsproj", "{CC3BA94A-F2BD-4E52-A7FA-13C34BD0D673}"
EndProject
Project("{262852C6-CD72-467D-83FE-5EEB1973A190}") = "FormattingNumbers", "FormattingNumbers\FormattingNumbers.jsproj", "{6BA1FEA6-47D0-41BC-B335-3F85C6234349}"
EndProject
Global
	GlobalSection(SolutionConfigurationPlatforms) = preSolution
		Debug|Any CPU = Debug|Any CPU
		Debug|ARM = Debug|ARM
		Debug|x64 = Debug|x64
		Debug|x86 = Debug|x86
		Release|Any CPU = Release|Any CPU
		Release|ARM = Release|ARM
		Release|x64 = Release|x64
		Release|x86 = Release|x86
	EndGlobalSection
	GlobalSection(ProjectConfigurationPlatforms) = postSolution
		{CC3BA94A-F2BD-4E52-A7FA-13C34BD0D673}.Debug|Any CPU.ActiveCfg = Debug|Any CPU
		{CC3BA94A-F2BD-4E52-A7FA-13C34BD0D673}.Debug|Any CPU.Build.0 = Debug|Any CPU
		{CC3BA94A-F2BD-4E52-A7FA-13C34BD0D673}.Debug|Any CPU.Deploy.0 = Debug|Any CPU
		{CC3BA94A-F2BD-4E52-A7FA-13C34BD0D673}.Debug|ARM.ActiveCfg = Debug|ARM
		{CC3BA94A-F2BD-4E52-A7FA-13C34BD0D673}.Debug|ARM.Build.0 = Debug|ARM
		{CC3BA94A-F2BD-4E52-A7FA-13C34BD0D673}.Debug|ARM.Deploy.0 = Debug|ARM
		{CC3BA94A-F2BD-4E52-A7FA-13C34BD0D673}.Debug|x64.ActiveCfg = Debug|x64
		{CC3BA94A-F2BD-4E52-A7FA-13C34BD0D673}.Debug|x64.Build.0 = Debug|x64
		{CC3BA94A-F2BD-4E52-A7FA-13C34BD0D673}.Debug|x64.Deploy.0 = Debug|x64
		{CC3BA94A-F2BD-4E52-A7FA-13C34BD0D673}.Debug|x86.ActiveCfg = Debug|x86
		{CC3BA94A-F2BD-4E52-A7FA-13C34BD0D673}.Debug|x86.Build.0 = Debug|x86
		{CC3BA94A-F2BD-4E52-A7FA-13C34BD0D673}.Debug|x86.Deploy.0 = Debug|x86
		{CC3BA94A-F2BD-4E52-A7FA-13C34BD0D673}.Release|Any CPU.ActiveCfg = Release|Any CPU
		{CC3BA94A-F2BD-4E52-A7FA-13C34BD0D673}.Release|Any CPU.Build.0 = Release|Any CPU
		{CC3BA94A-F2BD-4E52-A7FA-13C34BD0D673}.Release|Any CPU.Deploy.0 = Release|Any CPU
		{CC3BA94A-F2BD-4E52-A7FA-13C34BD0D673}.Release|ARM.ActiveCfg = Release|ARM
		{CC3BA94A-F2BD-4E52-A7FA-13C34BD0D673}.Release|ARM.Build.0 = Release|ARM
		{CC3BA94A-F2BD-4E52-A7FA-13C34BD0D673}.Release|ARM.Deploy.0 = Release|ARM
		{CC3BA94A-F2BD-4E52-A7FA-13C34BD0D673}.Release|x64.ActiveCfg = Release|x64
		{CC3BA94A-F2BD-4E52-A7FA-13C34BD0D673}.Release|x64.Build.0 = Release|x64
		{CC3BA94A-F2BD-4E52-A7FA-13C34BD0D673}.Release|x64.Deploy.0 = Release|x64
		{CC3BA94A-F2BD-4E52-A7FA-13C34BD0D673}.Release|x86.ActiveCfg = Release|x86
		{CC3BA94A-F2BD-4E52-A7FA-13C34BD0D673}.Release|x86.Build.0 = Release|x86
		{CC3BA94A-F2BD-4E52-A7FA-13C34BD0D673}.Release|x86.Deploy.0 = Release|x86
		{6BA1FEA6-47D0-41BC-B335-3F85C6234349}.Debug|Any CPU.ActiveCfg = Debug|Any CPU
		{6BA1FEA6-47D0-41BC-B335-3F85C6234349}.Debug|Any CPU.Build.0 = Debug|Any CPU
		{6BA1FEA6-47D0-41BC-B335-3F85C6234349}.Debug|Any CPU.Deploy.0 = Debug|Any CPU
		{6BA1FEA6-47D0-41BC-B335-3F85C6234349}.Debug|ARM.ActiveCfg = Debug|ARM
		{6BA1FEA6-47D0-41BC-B335-3F85C6234349}.Debug|ARM.Build.0 = Debug|ARM
		{6BA1FEA6-47D0-41BC-B335-3F85C6234349}.Debug|ARM.Deploy.0 = Debug|ARM
		{6BA1FEA6-47D0-41BC-B335-3F85C6234349}.Debug|x64.ActiveCfg = Debug|x64
		{6BA1FEA6-47D0-41BC-B335-3F85C6234349}.Debug|x64.Build.0 = Debug|x64
		{6BA1FEA6-47D0-41BC-B335-3F85C6234349}.Debug|x64.Deploy.0 = Debug|x64
		{6BA1FEA6-47D0-41BC-B335-3F85C6234349}.Debug|x86.ActiveCfg = Debug|x86
		{6BA1FEA6-47D0-41BC-B335-3F85C6234349}.Debug|x86.Build.0 = Debug|x86
		{6BA1FEA6-47D0-41BC-B335-3F85C6234349}.Debug|x86.Deploy.0 = Debug|x86
		{6BA1FEA6-47D0-41BC-B335-3F85C6234349}.Release|Any CPU.ActiveCfg = Release|Any CPU
		{6BA1FEA6-47D0-41BC-B335-3F85C6234349}.Release|Any CPU.Build.0 = Release|Any CPU
		{6BA1FEA6-47D0-41BC-B335-3F85C6234349}.Release|Any CPU.Deploy.0 = Release|Any CPU
		{6BA1FEA6-47D0-41BC-B335-3F85C6234349}.Release|ARM.ActiveCfg = Release|ARM
		{6BA1FEA6-47D0-41BC-B335-3F85C6234349}.Release|ARM.Build.0 = Release|ARM
		{6BA1FEA6-47D0-41BC-B335-3F85C6234349}.Release|ARM.Deploy.0 = Release|ARM
		{6BA1FEA6-47D0-41BC-B335-3F85C6234349}.Release|x64.ActiveCfg = Release|x64
		{6BA1FEA6-47D0-41BC-B335-3F85C6234349}.Release|x64.Build.0 = Release|x64
		{6BA1FEA6-47D0-41BC-B335-3F85C6234349}.Release|x64.Deploy.0 = Release|x64
		{6BA1FEA6-47D0-41BC-B335-3F85C6234349}.Release|x86.ActiveCfg = Release|x86
		{6BA1FEA6-47D0-41BC-B335-3F85C6234349}.Release|x86.Build.0 = Release|x86
		{6BA1FEA6-47D0-41BC-B335-3F85C6234349}.Release|x86.Deploy.0 = Release|x86
	EndGlobalSection
	GlobalSection(SolutionProperties) = preSolution
		HideSolutionNode = FALSE
	EndGlobalSection
EndGlobal
