
Microsoft Visual Studio Solution File, Format Version 12.00
# Visual Studio 2012
Project("{262852C6-CD72-467D-83FE-5EEB1973A190}") = "GettingStarted", "GettingStarted\GettingStarted.jsproj", "{C1FC7032-8A76-4CC6-8E6E-EB91A6570361}"
EndProject
Project("{262852C6-CD72-467D-83FE-5EEB1973A190}") = "Formatting", "Formatting\Formatting.jsproj", "{789AF3D8-5356-4586-9AC6-4127DAFBCCDE}"
EndProject
Project("{262852C6-CD72-467D-83FE-5EEB1973A190}") = "UsingTemplatesForMessages", "UsingTemplatesForMessages\UsingTemplatesForMessages.jsproj", "{C677C90C-3F3D-4E83-9F35-7A272C01DEFB}"
EndProject
Project("{262852C6-CD72-467D-83FE-5EEB1973A190}") = "CustomizingSelectorItems", "CustomizingSelectorItems\CustomizingSelectorItems.jsproj", "{82469FFA-29F1-473A-B24A-4D38DBA64B5B}"
EndProject
Project("{262852C6-CD72-467D-83FE-5EEB1973A190}") = "RenderingModes", "RenderingModes\RenderingModes.jsproj", "{9A01751F-01E5-4D49-A14E-0D564F00C1D0}"
EndProject
Global
	GlobalSection(SolutionConfigurationPlatforms) = preSolution
		Debug|Any CPU = Debug|Any CPU
		Debug|ARM = Debug|ARM
		Debug|x64 = Debug|x64
		Debug|x86 = Debug|x86
		Release|Any CPU = Release|Any CPU
		Release|ARM = Release|ARM
		Release|x64 = Release|x64
		Release|x86 = Release|x86
	EndGlobalSection
	GlobalSection(ProjectConfigurationPlatforms) = postSolution
		{C1FC7032-8A76-4CC6-8E6E-EB91A6570361}.Debug|Any CPU.ActiveCfg = Debug|Any CPU
		{C1FC7032-8A76-4CC6-8E6E-EB91A6570361}.Debug|Any CPU.Build.0 = Debug|Any CPU
		{C1FC7032-8A76-4CC6-8E6E-EB91A6570361}.Debug|Any CPU.Deploy.0 = Debug|Any CPU
		{C1FC7032-8A76-4CC6-8E6E-EB91A6570361}.Debug|ARM.ActiveCfg = Debug|ARM
		{C1FC7032-8A76-4CC6-8E6E-EB91A6570361}.Debug|ARM.Build.0 = Debug|ARM
		{C1FC7032-8A76-4CC6-8E6E-EB91A6570361}.Debug|ARM.Deploy.0 = Debug|ARM
		{C1FC7032-8A76-4CC6-8E6E-EB91A6570361}.Debug|x64.ActiveCfg = Debug|x64
		{C1FC7032-8A76-4CC6-8E6E-EB91A6570361}.Debug|x64.Build.0 = Debug|x64
		{C1FC7032-8A76-4CC6-8E6E-EB91A6570361}.Debug|x64.Deploy.0 = Debug|x64
		{C1FC7032-8A76-4CC6-8E6E-EB91A6570361}.Debug|x86.ActiveCfg = Debug|x86
		{C1FC7032-8A76-4CC6-8E6E-EB91A6570361}.Debug|x86.Build.0 = Debug|x86
		{C1FC7032-8A76-4CC6-8E6E-EB91A6570361}.Debug|x86.Deploy.0 = Debug|x86
		{C1FC7032-8A76-4CC6-8E6E-EB91A6570361}.Release|Any CPU.ActiveCfg = Release|Any CPU
		{C1FC7032-8A76-4CC6-8E6E-EB91A6570361}.Release|Any CPU.Build.0 = Release|Any CPU
		{C1FC7032-8A76-4CC6-8E6E-EB91A6570361}.Release|Any CPU.Deploy.0 = Release|Any CPU
		{C1FC7032-8A76-4CC6-8E6E-EB91A6570361}.Release|ARM.ActiveCfg = Release|ARM
		{C1FC7032-8A76-4CC6-8E6E-EB91A6570361}.Release|ARM.Build.0 = Release|ARM
		{C1FC7032-8A76-4CC6-8E6E-EB91A6570361}.Release|ARM.Deploy.0 = Release|ARM
		{C1FC7032-8A76-4CC6-8E6E-EB91A6570361}.Release|x64.ActiveCfg = Release|x64
		{C1FC7032-8A76-4CC6-8E6E-EB91A6570361}.Release|x64.Build.0 = Release|x64
		{C1FC7032-8A76-4CC6-8E6E-EB91A6570361}.Release|x64.Deploy.0 = Release|x64
		{C1FC7032-8A76-4CC6-8E6E-EB91A6570361}.Release|x86.ActiveCfg = Release|x86
		{C1FC7032-8A76-4CC6-8E6E-EB91A6570361}.Release|x86.Build.0 = Release|x86
		{C1FC7032-8A76-4CC6-8E6E-EB91A6570361}.Release|x86.Deploy.0 = Release|x86
		{789AF3D8-5356-4586-9AC6-4127DAFBCCDE}.Debug|Any CPU.ActiveCfg = Debug|Any CPU
		{789AF3D8-5356-4586-9AC6-4127DAFBCCDE}.Debug|Any CPU.Build.0 = Debug|Any CPU
		{789AF3D8-5356-4586-9AC6-4127DAFBCCDE}.Debug|Any CPU.Deploy.0 = Debug|Any CPU
		{789AF3D8-5356-4586-9AC6-4127DAFBCCDE}.Debug|ARM.ActiveCfg = Debug|ARM
		{789AF3D8-5356-4586-9AC6-4127DAFBCCDE}.Debug|ARM.Build.0 = Debug|ARM
		{789AF3D8-5356-4586-9AC6-4127DAFBCCDE}.Debug|ARM.Deploy.0 = Debug|ARM
		{789AF3D8-5356-4586-9AC6-4127DAFBCCDE}.Debug|x64.ActiveCfg = Debug|x64
		{789AF3D8-5356-4586-9AC6-4127DAFBCCDE}.Debug|x64.Build.0 = Debug|x64
		{789AF3D8-5356-4586-9AC6-4127DAFBCCDE}.Debug|x64.Deploy.0 = Debug|x64
		{789AF3D8-5356-4586-9AC6-4127DAFBCCDE}.Debug|x86.ActiveCfg = Debug|x86
		{789AF3D8-5356-4586-9AC6-4127DAFBCCDE}.Debug|x86.Build.0 = Debug|x86
		{789AF3D8-5356-4586-9AC6-4127DAFBCCDE}.Debug|x86.Deploy.0 = Debug|x86
		{789AF3D8-5356-4586-9AC6-4127DAFBCCDE}.Release|Any CPU.ActiveCfg = Release|Any CPU
		{789AF3D8-5356-4586-9AC6-4127DAFBCCDE}.Release|Any CPU.Build.0 = Release|Any CPU
		{789AF3D8-5356-4586-9AC6-4127DAFBCCDE}.Release|Any CPU.Deploy.0 = Release|Any CPU
		{789AF3D8-5356-4586-9AC6-4127DAFBCCDE}.Release|ARM.ActiveCfg = Release|ARM
		{789AF3D8-5356-4586-9AC6-4127DAFBCCDE}.Release|ARM.Build.0 = Release|ARM
		{789AF3D8-5356-4586-9AC6-4127DAFBCCDE}.Release|ARM.Deploy.0 = Release|ARM
		{789AF3D8-5356-4586-9AC6-4127DAFBCCDE}.Release|x64.ActiveCfg = Release|x64
		{789AF3D8-5356-4586-9AC6-4127DAFBCCDE}.Release|x64.Build.0 = Release|x64
		{789AF3D8-5356-4586-9AC6-4127DAFBCCDE}.Release|x64.Deploy.0 = Release|x64
		{789AF3D8-5356-4586-9AC6-4127DAFBCCDE}.Release|x86.ActiveCfg = Release|x86
		{789AF3D8-5356-4586-9AC6-4127DAFBCCDE}.Release|x86.Build.0 = Release|x86
		{789AF3D8-5356-4586-9AC6-4127DAFBCCDE}.Release|x86.Deploy.0 = Release|x86
		{C677C90C-3F3D-4E83-9F35-7A272C01DEFB}.Debug|Any CPU.ActiveCfg = Debug|Any CPU
		{C677C90C-3F3D-4E83-9F35-7A272C01DEFB}.Debug|Any CPU.Build.0 = Debug|Any CPU
		{C677C90C-3F3D-4E83-9F35-7A272C01DEFB}.Debug|Any CPU.Deploy.0 = Debug|Any CPU
		{C677C90C-3F3D-4E83-9F35-7A272C01DEFB}.Debug|ARM.ActiveCfg = Debug|ARM
		{C677C90C-3F3D-4E83-9F35-7A272C01DEFB}.Debug|ARM.Build.0 = Debug|ARM
		{C677C90C-3F3D-4E83-9F35-7A272C01DEFB}.Debug|ARM.Deploy.0 = Debug|ARM
		{C677C90C-3F3D-4E83-9F35-7A272C01DEFB}.Debug|x64.ActiveCfg = Debug|x64
		{C677C90C-3F3D-4E83-9F35-7A272C01DEFB}.Debug|x64.Build.0 = Debug|x64
		{C677C90C-3F3D-4E83-9F35-7A272C01DEFB}.Debug|x64.Deploy.0 = Debug|x64
		{C677C90C-3F3D-4E83-9F35-7A272C01DEFB}.Debug|x86.ActiveCfg = Debug|x86
		{C677C90C-3F3D-4E83-9F35-7A272C01DEFB}.Debug|x86.Build.0 = Debug|x86
		{C677C90C-3F3D-4E83-9F35-7A272C01DEFB}.Debug|x86.Deploy.0 = Debug|x86
		{C677C90C-3F3D-4E83-9F35-7A272C01DEFB}.Release|Any CPU.ActiveCfg = Release|Any CPU
		{C677C90C-3F3D-4E83-9F35-7A272C01DEFB}.Release|Any CPU.Build.0 = Release|Any CPU
		{C677C90C-3F3D-4E83-9F35-7A272C01DEFB}.Release|Any CPU.Deploy.0 = Release|Any CPU
		{C677C90C-3F3D-4E83-9F35-7A272C01DEFB}.Release|ARM.ActiveCfg = Release|ARM
		{C677C90C-3F3D-4E83-9F35-7A272C01DEFB}.Release|ARM.Build.0 = Release|ARM
		{C677C90C-3F3D-4E83-9F35-7A272C01DEFB}.Release|ARM.Deploy.0 = Release|ARM
		{C677C90C-3F3D-4E83-9F35-7A272C01DEFB}.Release|x64.ActiveCfg = Release|x64
		{C677C90C-3F3D-4E83-9F35-7A272C01DEFB}.Release|x64.Build.0 = Release|x64
		{C677C90C-3F3D-4E83-9F35-7A272C01DEFB}.Release|x64.Deploy.0 = Release|x64
		{C677C90C-3F3D-4E83-9F35-7A272C01DEFB}.Release|x86.ActiveCfg = Release|x86
		{C677C90C-3F3D-4E83-9F35-7A272C01DEFB}.Release|x86.Build.0 = Release|x86
		{C677C90C-3F3D-4E83-9F35-7A272C01DEFB}.Release|x86.Deploy.0 = Release|x86
		{82469FFA-29F1-473A-B24A-4D38DBA64B5B}.Debug|Any CPU.ActiveCfg = Debug|Any CPU
		{82469FFA-29F1-473A-B24A-4D38DBA64B5B}.Debug|Any CPU.Build.0 = Debug|Any CPU
		{82469FFA-29F1-473A-B24A-4D38DBA64B5B}.Debug|Any CPU.Deploy.0 = Debug|Any CPU
		{82469FFA-29F1-473A-B24A-4D38DBA64B5B}.Debug|ARM.ActiveCfg = Debug|ARM
		{82469FFA-29F1-473A-B24A-4D38DBA64B5B}.Debug|ARM.Build.0 = Debug|ARM
		{82469FFA-29F1-473A-B24A-4D38DBA64B5B}.Debug|ARM.Deploy.0 = Debug|ARM
		{82469FFA-29F1-473A-B24A-4D38DBA64B5B}.Debug|x64.ActiveCfg = Debug|x64
		{82469FFA-29F1-473A-B24A-4D38DBA64B5B}.Debug|x64.Build.0 = Debug|x64
		{82469FFA-29F1-473A-B24A-4D38DBA64B5B}.Debug|x64.Deploy.0 = Debug|x64
		{82469FFA-29F1-473A-B24A-4D38DBA64B5B}.Debug|x86.ActiveCfg = Debug|x86
		{82469FFA-29F1-473A-B24A-4D38DBA64B5B}.Debug|x86.Build.0 = Debug|x86
		{82469FFA-29F1-473A-B24A-4D38DBA64B5B}.Debug|x86.Deploy.0 = Debug|x86
		{82469FFA-29F1-473A-B24A-4D38DBA64B5B}.Release|Any CPU.ActiveCfg = Release|Any CPU
		{82469FFA-29F1-473A-B24A-4D38DBA64B5B}.Release|Any CPU.Build.0 = Release|Any CPU
		{82469FFA-29F1-473A-B24A-4D38DBA64B5B}.Release|Any CPU.Deploy.0 = Release|Any CPU
		{82469FFA-29F1-473A-B24A-4D38DBA64B5B}.Release|ARM.ActiveCfg = Release|ARM
		{82469FFA-29F1-473A-B24A-4D38DBA64B5B}.Release|ARM.Build.0 = Release|ARM
		{82469FFA-29F1-473A-B24A-4D38DBA64B5B}.Release|ARM.Deploy.0 = Release|ARM
		{82469FFA-29F1-473A-B24A-4D38DBA64B5B}.Release|x64.ActiveCfg = Release|x64
		{82469FFA-29F1-473A-B24A-4D38DBA64B5B}.Release|x64.Build.0 = Release|x64
		{82469FFA-29F1-473A-B24A-4D38DBA64B5B}.Release|x64.Deploy.0 = Release|x64
		{82469FFA-29F1-473A-B24A-4D38DBA64B5B}.Release|x86.ActiveCfg = Release|x86
		{82469FFA-29F1-473A-B24A-4D38DBA64B5B}.Release|x86.Build.0 = Release|x86
		{82469FFA-29F1-473A-B24A-4D38DBA64B5B}.Release|x86.Deploy.0 = Release|x86
		{9A01751F-01E5-4D49-A14E-0D564F00C1D0}.Debug|Any CPU.ActiveCfg = Debug|Any CPU
		{9A01751F-01E5-4D49-A14E-0D564F00C1D0}.Debug|Any CPU.Build.0 = Debug|Any CPU
		{9A01751F-01E5-4D49-A14E-0D564F00C1D0}.Debug|Any CPU.Deploy.0 = Debug|Any CPU
		{9A01751F-01E5-4D49-A14E-0D564F00C1D0}.Debug|ARM.ActiveCfg = Debug|ARM
		{9A01751F-01E5-4D49-A14E-0D564F00C1D0}.Debug|ARM.Build.0 = Debug|ARM
		{9A01751F-01E5-4D49-A14E-0D564F00C1D0}.Debug|ARM.Deploy.0 = Debug|ARM
		{9A01751F-01E5-4D49-A14E-0D564F00C1D0}.Debug|x64.ActiveCfg = Debug|x64
		{9A01751F-01E5-4D49-A14E-0D564F00C1D0}.Debug|x64.Build.0 = Debug|x64
		{9A01751F-01E5-4D49-A14E-0D564F00C1D0}.Debug|x64.Deploy.0 = Debug|x64
		{9A01751F-01E5-4D49-A14E-0D564F00C1D0}.Debug|x86.ActiveCfg = Debug|x86
		{9A01751F-01E5-4D49-A14E-0D564F00C1D0}.Debug|x86.Build.0 = Debug|x86
		{9A01751F-01E5-4D49-A14E-0D564F00C1D0}.Debug|x86.Deploy.0 = Debug|x86
		{9A01751F-01E5-4D49-A14E-0D564F00C1D0}.Release|Any CPU.ActiveCfg = Release|Any CPU
		{9A01751F-01E5-4D49-A14E-0D564F00C1D0}.Release|Any CPU.Build.0 = Release|Any CPU
		{9A01751F-01E5-4D49-A14E-0D564F00C1D0}.Release|Any CPU.Deploy.0 = Release|Any CPU
		{9A01751F-01E5-4D49-A14E-0D564F00C1D0}.Release|ARM.ActiveCfg = Release|ARM
		{9A01751F-01E5-4D49-A14E-0D564F00C1D0}.Release|ARM.Build.0 = Release|ARM
		{9A01751F-01E5-4D49-A14E-0D564F00C1D0}.Release|ARM.Deploy.0 = Release|ARM
		{9A01751F-01E5-4D49-A14E-0D564F00C1D0}.Release|x64.ActiveCfg = Release|x64
		{9A01751F-01E5-4D49-A14E-0D564F00C1D0}.Release|x64.Build.0 = Release|x64
		{9A01751F-01E5-4D49-A14E-0D564F00C1D0}.Release|x64.Deploy.0 = Release|x64
		{9A01751F-01E5-4D49-A14E-0D564F00C1D0}.Release|x86.ActiveCfg = Release|x86
		{9A01751F-01E5-4D49-A14E-0D564F00C1D0}.Release|x86.Build.0 = Release|x86
		{9A01751F-01E5-4D49-A14E-0D564F00C1D0}.Release|x86.Deploy.0 = Release|x86
	EndGlobalSection
	GlobalSection(SolutionProperties) = preSolution
		HideSolutionNode = FALSE
	EndGlobalSection
EndGlobal
